// !$*UTF8*$!
{
	archiveVersion = 1;
	classes = {
	};
	objectVersion = 48;
	objects = {

/* Begin PBXBuildFile section */
		B51909651DEF0C6700469B7C /* UIKit.framework in Frameworks */ = {isa = PBXBuildFile; fileRef = B51909641DEF0C6700469B7C /* UIKit.framework */; };
		B51909671DEF0C7300469B7C /* CoreGraphics.framework in Frameworks */ = {isa = PBXBuildFile; fileRef = B51909661DEF0C7300469B7C /* CoreGraphics.framework */; };
		B51909691DEF0C7E00469B7C /* CoreText.framework in Frameworks */ = {isa = PBXBuildFile; fileRef = B51909681DEF0C7E00469B7C /* CoreText.framework */; };
		B53370F91DB4212300275631 /* OpenGLES.framework in Frameworks */ = {isa = PBXBuildFile; fileRef = B53370F81DB4212300275631 /* OpenGLES.framework */; };
		B54BD0D02055A146009B62E0 /* GoogleTests.mm in Sources */ = {isa = PBXBuildFile; fileRef = B57917B9205597CD00A2340F /* GoogleTests.mm */; };
		B579175D20558F7100A2340F /* FileBuffer.cpp in Sources */ = {isa = PBXBuildFile; fileRef = B57916C720558F7100A2340F /* FileBuffer.cpp */; };
		B579175F20558F7100A2340F /* File.cpp in Sources */ = {isa = PBXBuildFile; fileRef = B57916CB20558F7100A2340F /* File.cpp */; };
		B579176120558F7100A2340F /* CarScene.cpp in Sources */ = {isa = PBXBuildFile; fileRef = B57916D120558F7100A2340F /* CarScene.cpp */; };
		B579176220558F7100A2340F /* Core.cpp in Sources */ = {isa = PBXBuildFile; fileRef = B57916D220558F7100A2340F /* Core.cpp */; };
		B579176320558F7100A2340F /* Bug.cpp in Sources */ = {isa = PBXBuildFile; fileRef = B57916D520558F7100A2340F /* Bug.cpp */; };
		B579176420558F7100A2340F /* Car.cpp in Sources */ = {isa = PBXBuildFile; fileRef = B57916D720558F7100A2340F /* Car.cpp */; };
		B579176520558F7100A2340F /* TestScene.cpp in Sources */ = {isa = PBXBuildFile; fileRef = B57916D920558F7100A2340F /* TestScene.cpp */; };
		B579176620558F7100A2340F /* MainViewController.swift in Sources */ = {isa = PBXBuildFile; fileRef = B57916DC20558F7100A2340F /* MainViewController.swift */; };
		B579176720558F7100A2340F /* SystemUtils.mm in Sources */ = {isa = PBXBuildFile; fileRef = B57916DD20558F7100A2340F /* SystemUtils.mm */; };
		B579176820558F7100A2340F /* CoreAdapter.mm in Sources */ = {isa = PBXBuildFile; fileRef = B57916DE20558F7100A2340F /* CoreAdapter.mm */; };
		B579176920558F7100A2340F /* Main.storyboard in Resources */ = {isa = PBXBuildFile; fileRef = B57916DF20558F7100A2340F /* Main.storyboard */; };
		B579176A20558F7100A2340F /* AppDelegate.swift in Sources */ = {isa = PBXBuildFile; fileRef = B57916E120558F7100A2340F /* AppDelegate.swift */; };
		B579176B20558F7100A2340F /* shaderShaded.fsh in Resources */ = {isa = PBXBuildFile; fileRef = B57916E520558F7100A2340F /* shaderShaded.fsh */; };
		B579176C20558F7100A2340F /* shaderBloom.vsh in Resources */ = {isa = PBXBuildFile; fileRef = B57916E620558F7100A2340F /* shaderBloom.vsh */; };
		B579176D20558F7100A2340F /* defaultPerFragment.fsh in Resources */ = {isa = PBXBuildFile; fileRef = B57916E720558F7100A2340F /* defaultPerFragment.fsh */; };
		B579176E20558F7100A2340F /* shaderShadedComplex.vsh in Resources */ = {isa = PBXBuildFile; fileRef = B57916E820558F7100A2340F /* shaderShadedComplex.vsh */; };
		B579176F20558F7100A2340F /* shaderSkybox.vsh in Resources */ = {isa = PBXBuildFile; fileRef = B57916E920558F7100A2340F /* shaderSkybox.vsh */; };
		B579177020558F7100A2340F /* textured.fsh in Resources */ = {isa = PBXBuildFile; fileRef = B57916EA20558F7100A2340F /* textured.fsh */; };
		B579177120558F7100A2340F /* default.fsh in Resources */ = {isa = PBXBuildFile; fileRef = B57916EB20558F7100A2340F /* default.fsh */; };
		B579177220558F7100A2340F /* shader2D.vsh in Resources */ = {isa = PBXBuildFile; fileRef = B57916EC20558F7100A2340F /* shader2D.vsh */; };
		B579177320558F7100A2340F /* shaderShadow.fsh in Resources */ = {isa = PBXBuildFile; fileRef = B57916ED20558F7100A2340F /* shaderShadow.fsh */; };
		B579177420558F7100A2340F /* shaderShaded.vsh in Resources */ = {isa = PBXBuildFile; fileRef = B57916EE20558F7100A2340F /* shaderShaded.vsh */; };
		B579177520558F7100A2340F /* shaderBloom.fsh in Resources */ = {isa = PBXBuildFile; fileRef = B57916EF20558F7100A2340F /* shaderBloom.fsh */; };
		B579177620558F7100A2340F /* defaultPerFragment.vsh in Resources */ = {isa = PBXBuildFile; fileRef = B57916F020558F7100A2340F /* defaultPerFragment.vsh */; };
		B579177720558F7100A2340F /* shaderShadedComplex.fsh in Resources */ = {isa = PBXBuildFile; fileRef = B57916F120558F7100A2340F /* shaderShadedComplex.fsh */; };
		B579177820558F7100A2340F /* textured.vsh in Resources */ = {isa = PBXBuildFile; fileRef = B57916F220558F7100A2340F /* textured.vsh */; };
		B579177920558F7100A2340F /* shader2D.fsh in Resources */ = {isa = PBXBuildFile; fileRef = B57916F320558F7100A2340F /* shader2D.fsh */; };
		B579177A20558F7100A2340F /* default.vsh in Resources */ = {isa = PBXBuildFile; fileRef = B57916F420558F7100A2340F /* default.vsh */; };
		B579177B20558F7100A2340F /* shaderShadow.vsh in Resources */ = {isa = PBXBuildFile; fileRef = B57916F520558F7100A2340F /* shaderShadow.vsh */; };
		B579177C20558F7100A2340F /* shaderSkybox.fsh in Resources */ = {isa = PBXBuildFile; fileRef = B57916F620558F7100A2340F /* shaderSkybox.fsh */; };
		B579177D20558F7100A2340F /* ShadowRenderPass.cpp in Sources */ = {isa = PBXBuildFile; fileRef = B57916FA20558F7100A2340F /* ShadowRenderPass.cpp */; };
		B579177E20558F7100A2340F /* Camera.cpp in Sources */ = {isa = PBXBuildFile; fileRef = B57916FE20558F7100A2340F /* Camera.cpp */; };
		B579177F20558F7100A2340F /* Light.cpp in Sources */ = {isa = PBXBuildFile; fileRef = B579170020558F7100A2340F /* Light.cpp */; };
		B579178020558F7100A2340F /* SkyboxRenderPass.cpp in Sources */ = {isa = PBXBuildFile; fileRef = B579170120558F7100A2340F /* SkyboxRenderPass.cpp */; };
		B579178120558F7100A2340F /* Drawable.cpp in Sources */ = {isa = PBXBuildFile; fileRef = B579170220558F7100A2340F /* Drawable.cpp */; };
		B579178220558F7100A2340F /* Instance3D.cpp in Sources */ = {isa = PBXBuildFile; fileRef = B579170320558F7100A2340F /* Instance3D.cpp */; };
		B579178320558F7100A2340F /* Model.cpp in Sources */ = {isa = PBXBuildFile; fileRef = B579170620558F7100A2340F /* Model.cpp */; };
		B579178420558F7100A2340F /* ShadedRenderPass.cpp in Sources */ = {isa = PBXBuildFile; fileRef = B579170720558F7100A2340F /* ShadedRenderPass.cpp */; };
		B579178520558F7100A2340F /* Image.cpp in Sources */ = {isa = PBXBuildFile; fileRef = B579170A20558F7100A2340F /* Image.cpp */; };
		B579178620558F7100A2340F /* Scene.cpp in Sources */ = {isa = PBXBuildFile; fileRef = B579170B20558F7100A2340F /* Scene.cpp */; };
		B579178720558F7100A2340F /* RenderPass.cpp in Sources */ = {isa = PBXBuildFile; fileRef = B579170D20558F7100A2340F /* RenderPass.cpp */; };
		B579178820558F7100A2340F /* Texture.cpp in Sources */ = {isa = PBXBuildFile; fileRef = B579170E20558F7100A2340F /* Texture.cpp */; };
		B579178920558F7100A2340F /* Color.cpp in Sources */ = {isa = PBXBuildFile; fileRef = B579171020558F7100A2340F /* Color.cpp */; };
		B579178A20558F7100A2340F /* ShaderProgram.cpp in Sources */ = {isa = PBXBuildFile; fileRef = B579171120558F7100A2340F /* ShaderProgram.cpp */; };
		B579178B20558F7100A2340F /* Instance.cpp in Sources */ = {isa = PBXBuildFile; fileRef = B579171420558F7100A2340F /* Instance.cpp */; };
		B579178C20558F7100A2340F /* Button.cpp in Sources */ = {isa = PBXBuildFile; fileRef = B579171820558F7100A2340F /* Button.cpp */; };
		B579178D20558F7100A2340F /* Sprite.cpp in Sources */ = {isa = PBXBuildFile; fileRef = B579171920558F7100A2340F /* Sprite.cpp */; };
		B579178E20558F7100A2340F /* Drawable2D.cpp in Sources */ = {isa = PBXBuildFile; fileRef = B579171A20558F7100A2340F /* Drawable2D.cpp */; };
		B579178F20558F7100A2340F /* RenderPass2D.cpp in Sources */ = {isa = PBXBuildFile; fileRef = B579171E20558F7100A2340F /* RenderPass2D.cpp */; };
		B579179020558F7100A2340F /* Instance2D.cpp in Sources */ = {isa = PBXBuildFile; fileRef = B579171F20558F7100A2340F /* Instance2D.cpp */; };
		B57917AC20558F7200A2340F /* Assets.xcassets in Resources */ = {isa = PBXBuildFile; fileRef = B579174320558F7100A2340F /* Assets.xcassets */; };
		B57917AD20558F7200A2340F /* Launch Screen.storyboard in Resources */ = {isa = PBXBuildFile; fileRef = B579174420558F7100A2340F /* Launch Screen.storyboard */; };
		B57917B02055945500A2340F /* Shaders in Resources */ = {isa = PBXBuildFile; fileRef = B57917AF2055945500A2340F /* Shaders */; };
		B57917B2205594AF00A2340F /* Game in Resources */ = {isa = PBXBuildFile; fileRef = B57917B1205594AF00A2340F /* Game */; };
		B57917B4205594B500A2340F /* Fonts in Resources */ = {isa = PBXBuildFile; fileRef = B57917B3205594B500A2340F /* Fonts */; };
		B57917B5205594F700A2340F /* Info.plist in Resources */ = {isa = PBXBuildFile; fileRef = B57916B220558F7100A2340F /* Info.plist */; };
		B57917B62055952900A2340F /* InstanceTests.cpp in Sources */ = {isa = PBXBuildFile; fileRef = B57916AB20558F7100A2340F /* InstanceTests.cpp */; };
		B579194D2055994400A2340F /* Drawable.cpp in Sources */ = {isa = PBXBuildFile; fileRef = B579170220558F7100A2340F /* Drawable.cpp */; };
		B579194E205599B900A2340F /* Instance3D.cpp in Sources */ = {isa = PBXBuildFile; fileRef = B579170320558F7100A2340F /* Instance3D.cpp */; };
		B579194F205599CA00A2340F /* Texture.cpp in Sources */ = {isa = PBXBuildFile; fileRef = B579170E20558F7100A2340F /* Texture.cpp */; };
		B5791950205599CF00A2340F /* Color.cpp in Sources */ = {isa = PBXBuildFile; fileRef = B579171020558F7100A2340F /* Color.cpp */; };
		B5791951205599D700A2340F /* ShaderProgram.cpp in Sources */ = {isa = PBXBuildFile; fileRef = B579171120558F7100A2340F /* ShaderProgram.cpp */; };
		B5791952205599D700A2340F /* Image.cpp in Sources */ = {isa = PBXBuildFile; fileRef = B579170A20558F7100A2340F /* Image.cpp */; };
		B5791953205599D700A2340F /* Instance.cpp in Sources */ = {isa = PBXBuildFile; fileRef = B579171420558F7100A2340F /* Instance.cpp */; };
		B5791954205599D700A2340F /* RenderPass.cpp in Sources */ = {isa = PBXBuildFile; fileRef = B579170D20558F7100A2340F /* RenderPass.cpp */; };
		B5791955205599D700A2340F /* Scene.cpp in Sources */ = {isa = PBXBuildFile; fileRef = B579170B20558F7100A2340F /* Scene.cpp */; };
		B5791956205599DE00A2340F /* Instance2D.cpp in Sources */ = {isa = PBXBuildFile; fileRef = B579171F20558F7100A2340F /* Instance2D.cpp */; };
		B5791957205599DE00A2340F /* Drawable2D.cpp in Sources */ = {isa = PBXBuildFile; fileRef = B579171A20558F7100A2340F /* Drawable2D.cpp */; };
		B5791958205599DE00A2340F /* RenderPass2D.cpp in Sources */ = {isa = PBXBuildFile; fileRef = B579171E20558F7100A2340F /* RenderPass2D.cpp */; };
		B5791959205599DE00A2340F /* Sprite.cpp in Sources */ = {isa = PBXBuildFile; fileRef = B579171920558F7100A2340F /* Sprite.cpp */; };
		B579195A205599DE00A2340F /* Button.cpp in Sources */ = {isa = PBXBuildFile; fileRef = B579171820558F7100A2340F /* Button.cpp */; };
		B579195B205599E600A2340F /* Model.cpp in Sources */ = {isa = PBXBuildFile; fileRef = B579170620558F7100A2340F /* Model.cpp */; };
		B579195C205599E600A2340F /* Camera.cpp in Sources */ = {isa = PBXBuildFile; fileRef = B57916FE20558F7100A2340F /* Camera.cpp */; };
		B579195D205599E600A2340F /* Light.cpp in Sources */ = {isa = PBXBuildFile; fileRef = B579170020558F7100A2340F /* Light.cpp */; };
		B579195E205599E600A2340F /* ShadedRenderPass.cpp in Sources */ = {isa = PBXBuildFile; fileRef = B579170720558F7100A2340F /* ShadedRenderPass.cpp */; };
		B579195F205599E600A2340F /* ShadowRenderPass.cpp in Sources */ = {isa = PBXBuildFile; fileRef = B57916FA20558F7100A2340F /* ShadowRenderPass.cpp */; };
		B5791960205599E600A2340F /* SkyboxRenderPass.cpp in Sources */ = {isa = PBXBuildFile; fileRef = B579170120558F7100A2340F /* SkyboxRenderPass.cpp */; };
		B5791961205599F600A2340F /* File.cpp in Sources */ = {isa = PBXBuildFile; fileRef = B57916CB20558F7100A2340F /* File.cpp */; };
		B5791962205599F600A2340F /* FileBuffer.cpp in Sources */ = {isa = PBXBuildFile; fileRef = B57916C720558F7100A2340F /* FileBuffer.cpp */; };
		B5E1577920559C5B00004F22 /* gtest-all.cc in Sources */ = {isa = PBXBuildFile; fileRef = B5E1575820559B3B00004F22 /* gtest-all.cc */; };
		B5E1577A20559CBA00004F22 /* SystemUtils.mm in Sources */ = {isa = PBXBuildFile; fileRef = B57916DD20558F7100A2340F /* SystemUtils.mm */; };
		B5E1577B20559D0C00004F22 /* MatrixTests.cpp in Sources */ = {isa = PBXBuildFile; fileRef = B57916A720558F7100A2340F /* MatrixTests.cpp */; };
		B5E1577C20559D0C00004F22 /* ImageTests.cpp in Sources */ = {isa = PBXBuildFile; fileRef = B57916A820558F7100A2340F /* ImageTests.cpp */; };
		B5E1577D20559D0C00004F22 /* ModelTests.cpp in Sources */ = {isa = PBXBuildFile; fileRef = B57916A920558F7100A2340F /* ModelTests.cpp */; };
		B5E1577E20559D0C00004F22 /* SceneTests.cpp in Sources */ = {isa = PBXBuildFile; fileRef = B57916AA20558F7100A2340F /* SceneTests.cpp */; };
		B5E1577F20559D0C00004F22 /* Instance3DTests.cpp in Sources */ = {isa = PBXBuildFile; fileRef = B57916AC20558F7100A2340F /* Instance3DTests.cpp */; };
		B5E1578020559D0C00004F22 /* ColorTests.cpp in Sources */ = {isa = PBXBuildFile; fileRef = B57916AD20558F7100A2340F /* ColorTests.cpp */; };
		B5E1578120559D0C00004F22 /* ShaderProgramTests.cpp in Sources */ = {isa = PBXBuildFile; fileRef = B57916AE20558F7100A2340F /* ShaderProgramTests.cpp */; };
		B5E1578220559D0C00004F22 /* FileTests.cpp in Sources */ = {isa = PBXBuildFile; fileRef = B57916AF20558F7100A2340F /* FileTests.cpp */; };
		B5E1578320559D0C00004F22 /* VectorTests.cpp in Sources */ = {isa = PBXBuildFile; fileRef = B57916B020558F7100A2340F /* VectorTests.cpp */; };
/* End PBXBuildFile section */

/* Begin PBXContainerItemProxy section */
		B5880F9D1DB8D6CE0063AEDA /* PBXContainerItemProxy */ = {
			isa = PBXContainerItemProxy;
			containerPortal = B5B1AB341DACCC5100066910 /* Project object */;
			proxyType = 1;
			remoteGlobalIDString = B5B1AB3B1DACCC5100066910;
			remoteInfo = "Bug Sprint";
		};
/* End PBXContainerItemProxy section */

/* Begin PBXFileReference section */
		B51909641DEF0C6700469B7C /* UIKit.framework */ = {isa = PBXFileReference; lastKnownFileType = wrapper.framework; name = UIKit.framework; path = System/Library/Frameworks/UIKit.framework; sourceTree = SDKROOT; };
		B51909661DEF0C7300469B7C /* CoreGraphics.framework */ = {isa = PBXFileReference; lastKnownFileType = wrapper.framework; name = CoreGraphics.framework; path = System/Library/Frameworks/CoreGraphics.framework; sourceTree = SDKROOT; };
		B51909681DEF0C7E00469B7C /* CoreText.framework */ = {isa = PBXFileReference; lastKnownFileType = wrapper.framework; name = CoreText.framework; path = System/Library/Frameworks/CoreText.framework; sourceTree = SDKROOT; };
		B53370F81DB4212300275631 /* OpenGLES.framework */ = {isa = PBXFileReference; lastKnownFileType = wrapper.framework; name = OpenGLES.framework; path = System/Library/Frameworks/OpenGLES.framework; sourceTree = SDKROOT; };
		B544746A1DAED6F50046A19E /* GLKit.framework */ = {isa = PBXFileReference; lastKnownFileType = wrapper.framework; name = GLKit.framework; path = System/Library/Frameworks/GLKit.framework; sourceTree = SDKROOT; };
		B57916A720558F7100A2340F /* MatrixTests.cpp */ = {isa = PBXFileReference; fileEncoding = 4; lastKnownFileType = sourcecode.cpp.cpp; path = MatrixTests.cpp; sourceTree = "<group>"; };
		B57916A820558F7100A2340F /* ImageTests.cpp */ = {isa = PBXFileReference; fileEncoding = 4; lastKnownFileType = sourcecode.cpp.cpp; path = ImageTests.cpp; sourceTree = "<group>"; };
		B57916A920558F7100A2340F /* ModelTests.cpp */ = {isa = PBXFileReference; fileEncoding = 4; lastKnownFileType = sourcecode.cpp.cpp; path = ModelTests.cpp; sourceTree = "<group>"; };
		B57916AA20558F7100A2340F /* SceneTests.cpp */ = {isa = PBXFileReference; fileEncoding = 4; lastKnownFileType = sourcecode.cpp.cpp; path = SceneTests.cpp; sourceTree = "<group>"; };
		B57916AB20558F7100A2340F /* InstanceTests.cpp */ = {isa = PBXFileReference; fileEncoding = 4; lastKnownFileType = sourcecode.cpp.cpp; path = InstanceTests.cpp; sourceTree = "<group>"; };
		B57916AC20558F7100A2340F /* Instance3DTests.cpp */ = {isa = PBXFileReference; fileEncoding = 4; lastKnownFileType = sourcecode.cpp.cpp; path = Instance3DTests.cpp; sourceTree = "<group>"; };
		B57916AD20558F7100A2340F /* ColorTests.cpp */ = {isa = PBXFileReference; fileEncoding = 4; lastKnownFileType = sourcecode.cpp.cpp; path = ColorTests.cpp; sourceTree = "<group>"; };
		B57916AE20558F7100A2340F /* ShaderProgramTests.cpp */ = {isa = PBXFileReference; fileEncoding = 4; lastKnownFileType = sourcecode.cpp.cpp; path = ShaderProgramTests.cpp; sourceTree = "<group>"; };
		B57916AF20558F7100A2340F /* FileTests.cpp */ = {isa = PBXFileReference; fileEncoding = 4; lastKnownFileType = sourcecode.cpp.cpp; path = FileTests.cpp; sourceTree = "<group>"; };
		B57916B020558F7100A2340F /* VectorTests.cpp */ = {isa = PBXFileReference; fileEncoding = 4; lastKnownFileType = sourcecode.cpp.cpp; path = VectorTests.cpp; sourceTree = "<group>"; };
		B57916B220558F7100A2340F /* Info.plist */ = {isa = PBXFileReference; fileEncoding = 4; lastKnownFileType = text.plist.xml; path = Info.plist; sourceTree = "<group>"; };
		B57916B420558F7100A2340F /* fragment.fsh */ = {isa = PBXFileReference; fileEncoding = 4; lastKnownFileType = sourcecode.glsl; path = fragment.fsh; sourceTree = "<group>"; };
		B57916B520558F7100A2340F /* vertex.vsh */ = {isa = PBXFileReference; fileEncoding = 4; lastKnownFileType = sourcecode.glsl; path = vertex.vsh; sourceTree = "<group>"; };
		B57916B620558F7100A2340F /* broken_vertex.vsh */ = {isa = PBXFileReference; fileEncoding = 4; lastKnownFileType = sourcecode.glsl; path = broken_vertex.vsh; sourceTree = "<group>"; };
		B57916B720558F7100A2340F /* box.obj */ = {isa = PBXFileReference; fileEncoding = 4; lastKnownFileType = text; path = box.obj; sourceTree = "<group>"; };
		B57916B820558F7100A2340F /* goose.jpg */ = {isa = PBXFileReference; lastKnownFileType = image.jpeg; path = goose.jpg; sourceTree = "<group>"; };
		B57916B920558F7100A2340F /* test.txt */ = {isa = PBXFileReference; fileEncoding = 4; lastKnownFileType = text; path = test.txt; sourceTree = "<group>"; };
		B57916BA20558F7100A2340F /* mario.png */ = {isa = PBXFileReference; lastKnownFileType = image.png; path = mario.png; sourceTree = "<group>"; };
		B57916BB20558F7100A2340F /* broken_fragment.fsh */ = {isa = PBXFileReference; fileEncoding = 4; lastKnownFileType = sourcecode.glsl; path = broken_fragment.fsh; sourceTree = "<group>"; };
		B57916C520558F7100A2340F /* Types.h */ = {isa = PBXFileReference; fileEncoding = 4; lastKnownFileType = sourcecode.c.h; path = Types.h; sourceTree = "<group>"; };
		B57916C620558F7100A2340F /* FileBuffer.h */ = {isa = PBXFileReference; fileEncoding = 4; lastKnownFileType = sourcecode.c.h; path = FileBuffer.h; sourceTree = "<group>"; };
		B57916C720558F7100A2340F /* FileBuffer.cpp */ = {isa = PBXFileReference; fileEncoding = 4; lastKnownFileType = sourcecode.cpp.cpp; path = FileBuffer.cpp; sourceTree = "<group>"; };
		B57916C820558F7100A2340F /* File.h */ = {isa = PBXFileReference; fileEncoding = 4; lastKnownFileType = sourcecode.c.h; path = File.h; sourceTree = "<group>"; };
		B57916C920558F7100A2340F /* Matrix.h */ = {isa = PBXFileReference; fileEncoding = 4; lastKnownFileType = sourcecode.c.h; path = Matrix.h; sourceTree = "<group>"; };
		B57916CA20558F7100A2340F /* Vector.cpp */ = {isa = PBXFileReference; fileEncoding = 4; lastKnownFileType = sourcecode.cpp.cpp; path = Vector.cpp; sourceTree = "<group>"; };
		B57916CB20558F7100A2340F /* File.cpp */ = {isa = PBXFileReference; fileEncoding = 4; lastKnownFileType = sourcecode.cpp.cpp; path = File.cpp; sourceTree = "<group>"; };
		B57916CC20558F7100A2340F /* Matrix.cpp */ = {isa = PBXFileReference; fileEncoding = 4; lastKnownFileType = sourcecode.cpp.cpp; path = Matrix.cpp; sourceTree = "<group>"; };
		B57916CD20558F7100A2340F /* Vector.h */ = {isa = PBXFileReference; fileEncoding = 4; lastKnownFileType = sourcecode.c.h; path = Vector.h; sourceTree = "<group>"; };
		B57916CF20558F7100A2340F /* Core.h */ = {isa = PBXFileReference; fileEncoding = 4; lastKnownFileType = sourcecode.c.h; path = Core.h; sourceTree = "<group>"; };
		B57916D020558F7100A2340F /* CarScene.h */ = {isa = PBXFileReference; fileEncoding = 4; lastKnownFileType = sourcecode.c.h; path = CarScene.h; sourceTree = "<group>"; };
		B57916D120558F7100A2340F /* CarScene.cpp */ = {isa = PBXFileReference; fileEncoding = 4; lastKnownFileType = sourcecode.cpp.cpp; path = CarScene.cpp; sourceTree = "<group>"; };
		B57916D220558F7100A2340F /* Core.cpp */ = {isa = PBXFileReference; fileEncoding = 4; lastKnownFileType = sourcecode.cpp.cpp; path = Core.cpp; sourceTree = "<group>"; };
		B57916D320558F7100A2340F /* TestScene.h */ = {isa = PBXFileReference; fileEncoding = 4; lastKnownFileType = sourcecode.c.h; path = TestScene.h; sourceTree = "<group>"; };
		B57916D520558F7100A2340F /* Bug.cpp */ = {isa = PBXFileReference; fileEncoding = 4; lastKnownFileType = sourcecode.cpp.cpp; path = Bug.cpp; sourceTree = "<group>"; };
		B57916D620558F7100A2340F /* Car.h */ = {isa = PBXFileReference; fileEncoding = 4; lastKnownFileType = sourcecode.c.h; path = Car.h; sourceTree = "<group>"; };
		B57916D720558F7100A2340F /* Car.cpp */ = {isa = PBXFileReference; fileEncoding = 4; lastKnownFileType = sourcecode.cpp.cpp; path = Car.cpp; sourceTree = "<group>"; };
		B57916D820558F7100A2340F /* Bug.h */ = {isa = PBXFileReference; fileEncoding = 4; lastKnownFileType = sourcecode.c.h; path = Bug.h; sourceTree = "<group>"; };
		B57916D920558F7100A2340F /* TestScene.cpp */ = {isa = PBXFileReference; fileEncoding = 4; lastKnownFileType = sourcecode.cpp.cpp; path = TestScene.cpp; sourceTree = "<group>"; };
		B57916DB20558F7100A2340F /* OpenGLES.h */ = {isa = PBXFileReference; fileEncoding = 4; lastKnownFileType = sourcecode.c.h; path = OpenGLES.h; sourceTree = "<group>"; };
		B57916DC20558F7100A2340F /* MainViewController.swift */ = {isa = PBXFileReference; fileEncoding = 4; lastKnownFileType = sourcecode.swift; path = MainViewController.swift; sourceTree = "<group>"; };
		B57916DD20558F7100A2340F /* SystemUtils.mm */ = {isa = PBXFileReference; fileEncoding = 4; lastKnownFileType = sourcecode.cpp.objcpp; path = SystemUtils.mm; sourceTree = "<group>"; };
		B57916DE20558F7100A2340F /* CoreAdapter.mm */ = {isa = PBXFileReference; fileEncoding = 4; lastKnownFileType = sourcecode.cpp.objcpp; path = CoreAdapter.mm; sourceTree = "<group>"; };
		B57916DF20558F7100A2340F /* Main.storyboard */ = {isa = PBXFileReference; fileEncoding = 4; lastKnownFileType = file.storyboard; path = Main.storyboard; sourceTree = "<group>"; };
		B57916E020558F7100A2340F /* SystemUtils.h */ = {isa = PBXFileReference; fileEncoding = 4; lastKnownFileType = sourcecode.c.h; path = SystemUtils.h; sourceTree = "<group>"; };
		B57916E120558F7100A2340F /* AppDelegate.swift */ = {isa = PBXFileReference; fileEncoding = 4; lastKnownFileType = sourcecode.swift; path = AppDelegate.swift; sourceTree = "<group>"; };
		B57916E220558F7100A2340F /* CoreAdapter.h */ = {isa = PBXFileReference; fileEncoding = 4; lastKnownFileType = sourcecode.c.h; path = CoreAdapter.h; sourceTree = "<group>"; };
		B57916E320558F7100A2340F /* Bridging-Header.h */ = {isa = PBXFileReference; fileEncoding = 4; lastKnownFileType = sourcecode.c.h; path = "Bridging-Header.h"; sourceTree = "<group>"; };
		B57916E520558F7100A2340F /* shaderShaded.fsh */ = {isa = PBXFileReference; fileEncoding = 4; lastKnownFileType = sourcecode.glsl; path = shaderShaded.fsh; sourceTree = "<group>"; };
		B57916E620558F7100A2340F /* shaderBloom.vsh */ = {isa = PBXFileReference; fileEncoding = 4; lastKnownFileType = sourcecode.glsl; path = shaderBloom.vsh; sourceTree = "<group>"; };
		B57916E720558F7100A2340F /* defaultPerFragment.fsh */ = {isa = PBXFileReference; fileEncoding = 4; lastKnownFileType = sourcecode.glsl; path = defaultPerFragment.fsh; sourceTree = "<group>"; };
		B57916E820558F7100A2340F /* shaderShadedComplex.vsh */ = {isa = PBXFileReference; fileEncoding = 4; lastKnownFileType = sourcecode.glsl; path = shaderShadedComplex.vsh; sourceTree = "<group>"; };
		B57916E920558F7100A2340F /* shaderSkybox.vsh */ = {isa = PBXFileReference; fileEncoding = 4; lastKnownFileType = sourcecode.glsl; path = shaderSkybox.vsh; sourceTree = "<group>"; };
		B57916EA20558F7100A2340F /* textured.fsh */ = {isa = PBXFileReference; fileEncoding = 4; lastKnownFileType = sourcecode.glsl; path = textured.fsh; sourceTree = "<group>"; };
		B57916EB20558F7100A2340F /* default.fsh */ = {isa = PBXFileReference; fileEncoding = 4; lastKnownFileType = sourcecode.glsl; path = default.fsh; sourceTree = "<group>"; };
		B57916EC20558F7100A2340F /* shader2D.vsh */ = {isa = PBXFileReference; fileEncoding = 4; lastKnownFileType = sourcecode.glsl; path = shader2D.vsh; sourceTree = "<group>"; };
		B57916ED20558F7100A2340F /* shaderShadow.fsh */ = {isa = PBXFileReference; fileEncoding = 4; lastKnownFileType = sourcecode.glsl; path = shaderShadow.fsh; sourceTree = "<group>"; };
		B57916EE20558F7100A2340F /* shaderShaded.vsh */ = {isa = PBXFileReference; fileEncoding = 4; lastKnownFileType = sourcecode.glsl; path = shaderShaded.vsh; sourceTree = "<group>"; };
		B57916EF20558F7100A2340F /* shaderBloom.fsh */ = {isa = PBXFileReference; fileEncoding = 4; lastKnownFileType = sourcecode.glsl; path = shaderBloom.fsh; sourceTree = "<group>"; };
		B57916F020558F7100A2340F /* defaultPerFragment.vsh */ = {isa = PBXFileReference; fileEncoding = 4; lastKnownFileType = sourcecode.glsl; path = defaultPerFragment.vsh; sourceTree = "<group>"; };
		B57916F120558F7100A2340F /* shaderShadedComplex.fsh */ = {isa = PBXFileReference; fileEncoding = 4; lastKnownFileType = sourcecode.glsl; path = shaderShadedComplex.fsh; sourceTree = "<group>"; };
		B57916F220558F7100A2340F /* textured.vsh */ = {isa = PBXFileReference; fileEncoding = 4; lastKnownFileType = sourcecode.glsl; path = textured.vsh; sourceTree = "<group>"; };
		B57916F320558F7100A2340F /* shader2D.fsh */ = {isa = PBXFileReference; fileEncoding = 4; lastKnownFileType = sourcecode.glsl; path = shader2D.fsh; sourceTree = "<group>"; };
		B57916F420558F7100A2340F /* default.vsh */ = {isa = PBXFileReference; fileEncoding = 4; lastKnownFileType = sourcecode.glsl; path = default.vsh; sourceTree = "<group>"; };
		B57916F520558F7100A2340F /* shaderShadow.vsh */ = {isa = PBXFileReference; fileEncoding = 4; lastKnownFileType = sourcecode.glsl; path = shaderShadow.vsh; sourceTree = "<group>"; };
		B57916F620558F7100A2340F /* shaderSkybox.fsh */ = {isa = PBXFileReference; fileEncoding = 4; lastKnownFileType = sourcecode.glsl; path = shaderSkybox.fsh; sourceTree = "<group>"; };
		B57916F820558F7100A2340F /* RenderPass.h */ = {isa = PBXFileReference; fileEncoding = 4; lastKnownFileType = sourcecode.c.h; path = RenderPass.h; sourceTree = "<group>"; };
		B57916FA20558F7100A2340F /* ShadowRenderPass.cpp */ = {isa = PBXFileReference; fileEncoding = 4; lastKnownFileType = sourcecode.cpp.cpp; path = ShadowRenderPass.cpp; sourceTree = "<group>"; };
		B57916FB20558F7100A2340F /* Drawable.h */ = {isa = PBXFileReference; fileEncoding = 4; lastKnownFileType = sourcecode.c.h; path = Drawable.h; sourceTree = "<group>"; };
		B57916FC20558F7100A2340F /* Light.h */ = {isa = PBXFileReference; fileEncoding = 4; lastKnownFileType = sourcecode.c.h; path = Light.h; sourceTree = "<group>"; };
		B57916FD20558F7100A2340F /* SkyboxRenderPass.h */ = {isa = PBXFileReference; fileEncoding = 4; lastKnownFileType = sourcecode.c.h; path = SkyboxRenderPass.h; sourceTree = "<group>"; };
		B57916FE20558F7100A2340F /* Camera.cpp */ = {isa = PBXFileReference; fileEncoding = 4; lastKnownFileType = sourcecode.cpp.cpp; path = Camera.cpp; sourceTree = "<group>"; };
		B57916FF20558F7100A2340F /* Camera.h */ = {isa = PBXFileReference; fileEncoding = 4; lastKnownFileType = sourcecode.c.h; path = Camera.h; sourceTree = "<group>"; };
		B579170020558F7100A2340F /* Light.cpp */ = {isa = PBXFileReference; fileEncoding = 4; lastKnownFileType = sourcecode.cpp.cpp; path = Light.cpp; sourceTree = "<group>"; };
		B579170120558F7100A2340F /* SkyboxRenderPass.cpp */ = {isa = PBXFileReference; fileEncoding = 4; lastKnownFileType = sourcecode.cpp.cpp; path = SkyboxRenderPass.cpp; sourceTree = "<group>"; };
		B579170220558F7100A2340F /* Drawable.cpp */ = {isa = PBXFileReference; fileEncoding = 4; lastKnownFileType = sourcecode.cpp.cpp; path = Drawable.cpp; sourceTree = "<group>"; };
		B579170320558F7100A2340F /* Instance3D.cpp */ = {isa = PBXFileReference; fileEncoding = 4; lastKnownFileType = sourcecode.cpp.cpp; path = Instance3D.cpp; sourceTree = "<group>"; };
		B579170420558F7100A2340F /* Instance3D.h */ = {isa = PBXFileReference; fileEncoding = 4; lastKnownFileType = sourcecode.c.h; path = Instance3D.h; sourceTree = "<group>"; };
		B579170520558F7100A2340F /* Model.h */ = {isa = PBXFileReference; fileEncoding = 4; lastKnownFileType = sourcecode.c.h; path = Model.h; sourceTree = "<group>"; };
		B579170620558F7100A2340F /* Model.cpp */ = {isa = PBXFileReference; fileEncoding = 4; lastKnownFileType = sourcecode.cpp.cpp; path = Model.cpp; sourceTree = "<group>"; };
		B579170720558F7100A2340F /* ShadedRenderPass.cpp */ = {isa = PBXFileReference; fileEncoding = 4; lastKnownFileType = sourcecode.cpp.cpp; path = ShadedRenderPass.cpp; sourceTree = "<group>"; };
		B579170820558F7100A2340F /* ShadowRenderPass.h */ = {isa = PBXFileReference; fileEncoding = 4; lastKnownFileType = sourcecode.c.h; path = ShadowRenderPass.h; sourceTree = "<group>"; };
		B579170920558F7100A2340F /* ShadedRenderPass.h */ = {isa = PBXFileReference; fileEncoding = 4; lastKnownFileType = sourcecode.c.h; path = ShadedRenderPass.h; sourceTree = "<group>"; };
		B579170A20558F7100A2340F /* Image.cpp */ = {isa = PBXFileReference; fileEncoding = 4; lastKnownFileType = sourcecode.cpp.cpp; path = Image.cpp; sourceTree = "<group>"; };
		B579170B20558F7100A2340F /* Scene.cpp */ = {isa = PBXFileReference; fileEncoding = 4; lastKnownFileType = sourcecode.cpp.cpp; path = Scene.cpp; sourceTree = "<group>"; };
		B579170C20558F7100A2340F /* ShaderProgram.h */ = {isa = PBXFileReference; fileEncoding = 4; lastKnownFileType = sourcecode.c.h; path = ShaderProgram.h; sourceTree = "<group>"; };
		B579170D20558F7100A2340F /* RenderPass.cpp */ = {isa = PBXFileReference; fileEncoding = 4; lastKnownFileType = sourcecode.cpp.cpp; path = RenderPass.cpp; sourceTree = "<group>"; };
		B579170E20558F7100A2340F /* Texture.cpp */ = {isa = PBXFileReference; fileEncoding = 4; lastKnownFileType = sourcecode.cpp.cpp; path = Texture.cpp; sourceTree = "<group>"; };
		B579170F20558F7100A2340F /* Color.h */ = {isa = PBXFileReference; fileEncoding = 4; lastKnownFileType = sourcecode.c.h; path = Color.h; sourceTree = "<group>"; };
		B579171020558F7100A2340F /* Color.cpp */ = {isa = PBXFileReference; fileEncoding = 4; lastKnownFileType = sourcecode.cpp.cpp; path = Color.cpp; sourceTree = "<group>"; };
		B579171120558F7100A2340F /* ShaderProgram.cpp */ = {isa = PBXFileReference; fileEncoding = 4; lastKnownFileType = sourcecode.cpp.cpp; path = ShaderProgram.cpp; sourceTree = "<group>"; };
		B579171220558F7100A2340F /* Texture.h */ = {isa = PBXFileReference; fileEncoding = 4; lastKnownFileType = sourcecode.c.h; path = Texture.h; sourceTree = "<group>"; };
		B579171320558F7100A2340F /* Instance.h */ = {isa = PBXFileReference; fileEncoding = 4; lastKnownFileType = sourcecode.c.h; path = Instance.h; sourceTree = "<group>"; };
		B579171420558F7100A2340F /* Instance.cpp */ = {isa = PBXFileReference; fileEncoding = 4; lastKnownFileType = sourcecode.cpp.cpp; path = Instance.cpp; sourceTree = "<group>"; };
		B579171620558F7100A2340F /* RenderPass2D.h */ = {isa = PBXFileReference; fileEncoding = 4; lastKnownFileType = sourcecode.c.h; path = RenderPass2D.h; sourceTree = "<group>"; };
		B579171720558F7100A2340F /* Drawable2D.h */ = {isa = PBXFileReference; fileEncoding = 4; lastKnownFileType = sourcecode.c.h; path = Drawable2D.h; sourceTree = "<group>"; };
		B579171820558F7100A2340F /* Button.cpp */ = {isa = PBXFileReference; fileEncoding = 4; lastKnownFileType = sourcecode.cpp.cpp; path = Button.cpp; sourceTree = "<group>"; };
		B579171920558F7100A2340F /* Sprite.cpp */ = {isa = PBXFileReference; fileEncoding = 4; lastKnownFileType = sourcecode.cpp.cpp; path = Sprite.cpp; sourceTree = "<group>"; };
		B579171A20558F7100A2340F /* Drawable2D.cpp */ = {isa = PBXFileReference; fileEncoding = 4; lastKnownFileType = sourcecode.cpp.cpp; path = Drawable2D.cpp; sourceTree = "<group>"; };
		B579171B20558F7100A2340F /* Sprite.h */ = {isa = PBXFileReference; fileEncoding = 4; lastKnownFileType = sourcecode.c.h; path = Sprite.h; sourceTree = "<group>"; };
		B579171C20558F7100A2340F /* Instance2D.h */ = {isa = PBXFileReference; fileEncoding = 4; lastKnownFileType = sourcecode.c.h; path = Instance2D.h; sourceTree = "<group>"; };
		B579171D20558F7100A2340F /* Button.h */ = {isa = PBXFileReference; fileEncoding = 4; lastKnownFileType = sourcecode.c.h; path = Button.h; sourceTree = "<group>"; };
		B579171E20558F7100A2340F /* RenderPass2D.cpp */ = {isa = PBXFileReference; fileEncoding = 4; lastKnownFileType = sourcecode.cpp.cpp; path = RenderPass2D.cpp; sourceTree = "<group>"; };
		B579171F20558F7100A2340F /* Instance2D.cpp */ = {isa = PBXFileReference; fileEncoding = 4; lastKnownFileType = sourcecode.cpp.cpp; path = Instance2D.cpp; sourceTree = "<group>"; };
		B579172020558F7100A2340F /* Image.h */ = {isa = PBXFileReference; fileEncoding = 4; lastKnownFileType = sourcecode.c.h; path = Image.h; sourceTree = "<group>"; };
		B579172120558F7100A2340F /* Scene.h */ = {isa = PBXFileReference; fileEncoding = 4; lastKnownFileType = sourcecode.c.h; path = Scene.h; sourceTree = "<group>"; };
		B579172320558F7100A2340F /* Info.plist */ = {isa = PBXFileReference; fileEncoding = 4; lastKnownFileType = text.plist.xml; path = Info.plist; sourceTree = "<group>"; };
		B579174320558F7100A2340F /* Assets.xcassets */ = {isa = PBXFileReference; lastKnownFileType = folder.assetcatalog; path = Assets.xcassets; sourceTree = "<group>"; };
		B579174420558F7100A2340F /* Launch Screen.storyboard */ = {isa = PBXFileReference; fileEncoding = 4; lastKnownFileType = file.storyboard; path = "Launch Screen.storyboard"; sourceTree = "<group>"; };
		B57917AF2055945500A2340F /* Shaders */ = {isa = PBXFileReference; lastKnownFileType = folder; path = Shaders; sourceTree = "<group>"; };
		B57917B1205594AF00A2340F /* Game */ = {isa = PBXFileReference; lastKnownFileType = folder; path = Game; sourceTree = "<group>"; };
		B57917B3205594B500A2340F /* Fonts */ = {isa = PBXFileReference; lastKnownFileType = folder; path = Fonts; sourceTree = "<group>"; };
		B57917B9205597CD00A2340F /* GoogleTests.mm */ = {isa = PBXFileReference; lastKnownFileType = sourcecode.cpp.objcpp; path = GoogleTests.mm; sourceTree = "<group>"; };
		B5B1AB3C1DACCC5100066910 /* Bug Sprint.app */ = {isa = PBXFileReference; explicitFileType = wrapper.application; includeInIndex = 0; path = "Bug Sprint.app"; sourceTree = BUILT_PRODUCTS_DIR; };
		B5C7D20C1DAD746D009E66A9 /* Unit Tests.xctest */ = {isa = PBXFileReference; explicitFileType = wrapper.cfbundle; includeInIndex = 0; path = "Unit Tests.xctest"; sourceTree = BUILT_PRODUCTS_DIR; };
		B5E156ED20559B3B00004F22 /* gtest-death-test.h */ = {isa = PBXFileReference; lastKnownFileType = sourcecode.c.h; path = "gtest-death-test.h"; sourceTree = "<group>"; };
		B5E156EE20559B3B00004F22 /* gtest-spi.h */ = {isa = PBXFileReference; lastKnownFileType = sourcecode.c.h; path = "gtest-spi.h"; sourceTree = "<group>"; };
		B5E156F020559B3B00004F22 /* gtest-linked_ptr.h */ = {isa = PBXFileReference; lastKnownFileType = sourcecode.c.h; path = "gtest-linked_ptr.h"; sourceTree = "<group>"; };
		B5E156F120559B3B00004F22 /* gtest-string.h */ = {isa = PBXFileReference; lastKnownFileType = sourcecode.c.h; path = "gtest-string.h"; sourceTree = "<group>"; };
		B5E156F220559B3B00004F22 /* gtest-tuple.h.pump */ = {isa = PBXFileReference; lastKnownFileType = text; path = "gtest-tuple.h.pump"; sourceTree = "<group>"; };
		B5E156F320559B3B00004F22 /* gtest-death-test-internal.h */ = {isa = PBXFileReference; lastKnownFileType = sourcecode.c.h; path = "gtest-death-test-internal.h"; sourceTree = "<group>"; };
		B5E156F420559B3B00004F22 /* gtest-type-util.h.pump */ = {isa = PBXFileReference; lastKnownFileType = text; path = "gtest-type-util.h.pump"; sourceTree = "<group>"; };
		B5E156F520559B3B00004F22 /* gtest-port.h */ = {isa = PBXFileReference; lastKnownFileType = sourcecode.c.h; path = "gtest-port.h"; sourceTree = "<group>"; };
		B5E156F620559B3B00004F22 /* gtest-port-arch.h */ = {isa = PBXFileReference; lastKnownFileType = sourcecode.c.h; path = "gtest-port-arch.h"; sourceTree = "<group>"; };
		B5E156F720559B3B00004F22 /* gtest-internal.h */ = {isa = PBXFileReference; lastKnownFileType = sourcecode.c.h; path = "gtest-internal.h"; sourceTree = "<group>"; };
		B5E156F820559B3B00004F22 /* gtest-param-util-generated.h */ = {isa = PBXFileReference; lastKnownFileType = sourcecode.c.h; path = "gtest-param-util-generated.h"; sourceTree = "<group>"; };
		B5E156F920559B3B00004F22 /* gtest-param-util.h */ = {isa = PBXFileReference; lastKnownFileType = sourcecode.c.h; path = "gtest-param-util.h"; sourceTree = "<group>"; };
		B5E156FA20559B3B00004F22 /* gtest-type-util.h */ = {isa = PBXFileReference; lastKnownFileType = sourcecode.c.h; path = "gtest-type-util.h"; sourceTree = "<group>"; };
		B5E156FB20559B3B00004F22 /* gtest-filepath.h */ = {isa = PBXFileReference; lastKnownFileType = sourcecode.c.h; path = "gtest-filepath.h"; sourceTree = "<group>"; };
		B5E156FD20559B3B00004F22 /* gtest-port.h */ = {isa = PBXFileReference; lastKnownFileType = sourcecode.c.h; path = "gtest-port.h"; sourceTree = "<group>"; };
		B5E156FE20559B3B00004F22 /* gtest.h */ = {isa = PBXFileReference; lastKnownFileType = sourcecode.c.h; path = gtest.h; sourceTree = "<group>"; };
		B5E156FF20559B3B00004F22 /* gtest-printers.h */ = {isa = PBXFileReference; lastKnownFileType = sourcecode.c.h; path = "gtest-printers.h"; sourceTree = "<group>"; };
		B5E1570020559B3B00004F22 /* gtest-tuple.h */ = {isa = PBXFileReference; lastKnownFileType = sourcecode.c.h; path = "gtest-tuple.h"; sourceTree = "<group>"; };
		B5E1570120559B3B00004F22 /* gtest-param-util-generated.h.pump */ = {isa = PBXFileReference; lastKnownFileType = text; path = "gtest-param-util-generated.h.pump"; sourceTree = "<group>"; };
		B5E1570220559B3B00004F22 /* gtest-message.h */ = {isa = PBXFileReference; lastKnownFileType = sourcecode.c.h; path = "gtest-message.h"; sourceTree = "<group>"; };
		B5E1570320559B3B00004F22 /* gtest-param-test.h */ = {isa = PBXFileReference; lastKnownFileType = sourcecode.c.h; path = "gtest-param-test.h"; sourceTree = "<group>"; };
		B5E1570420559B3B00004F22 /* gtest-typed-test.h */ = {isa = PBXFileReference; lastKnownFileType = sourcecode.c.h; path = "gtest-typed-test.h"; sourceTree = "<group>"; };
		B5E1570520559B3B00004F22 /* gtest_pred_impl.h */ = {isa = PBXFileReference; lastKnownFileType = sourcecode.c.h; path = gtest_pred_impl.h; sourceTree = "<group>"; };
		B5E1570620559B3B00004F22 /* gtest_prod.h */ = {isa = PBXFileReference; lastKnownFileType = sourcecode.c.h; path = gtest_prod.h; sourceTree = "<group>"; };
		B5E1570720559B3B00004F22 /* gtest-param-test.h.pump */ = {isa = PBXFileReference; lastKnownFileType = text; path = "gtest-param-test.h.pump"; sourceTree = "<group>"; };
		B5E1570820559B3B00004F22 /* gtest-test-part.h */ = {isa = PBXFileReference; lastKnownFileType = sourcecode.c.h; path = "gtest-test-part.h"; sourceTree = "<group>"; };
		B5E1570920559B3B00004F22 /* gtest.h */ = {isa = PBXFileReference; lastKnownFileType = sourcecode.c.h; path = gtest.h; sourceTree = "<group>"; };
		B5E1570A20559B3B00004F22 /* gtest-printers.h */ = {isa = PBXFileReference; lastKnownFileType = sourcecode.c.h; path = "gtest-printers.h"; sourceTree = "<group>"; };
		B5E1575020559B3B00004F22 /* gtest-test-part.cc */ = {isa = PBXFileReference; lastKnownFileType = sourcecode.cpp.cpp; path = "gtest-test-part.cc"; sourceTree = "<group>"; };
		B5E1575120559B3B00004F22 /* gtest.cc */ = {isa = PBXFileReference; lastKnownFileType = sourcecode.cpp.cpp; path = gtest.cc; sourceTree = "<group>"; };
		B5E1575220559B3B00004F22 /* gtest_main.cc */ = {isa = PBXFileReference; lastKnownFileType = sourcecode.cpp.cpp; path = gtest_main.cc; sourceTree = "<group>"; };
		B5E1575320559B3B00004F22 /* gtest-internal-inl.h */ = {isa = PBXFileReference; lastKnownFileType = sourcecode.c.h; path = "gtest-internal-inl.h"; sourceTree = "<group>"; };
		B5E1575420559B3B00004F22 /* gtest-death-test.cc */ = {isa = PBXFileReference; lastKnownFileType = sourcecode.cpp.cpp; path = "gtest-death-test.cc"; sourceTree = "<group>"; };
		B5E1575520559B3B00004F22 /* gtest-port.cc */ = {isa = PBXFileReference; lastKnownFileType = sourcecode.cpp.cpp; path = "gtest-port.cc"; sourceTree = "<group>"; };
		B5E1575620559B3B00004F22 /* gtest-printers.cc */ = {isa = PBXFileReference; lastKnownFileType = sourcecode.cpp.cpp; path = "gtest-printers.cc"; sourceTree = "<group>"; };
		B5E1575720559B3B00004F22 /* gtest-typed-test.cc */ = {isa = PBXFileReference; lastKnownFileType = sourcecode.cpp.cpp; path = "gtest-typed-test.cc"; sourceTree = "<group>"; };
		B5E1575820559B3B00004F22 /* gtest-all.cc */ = {isa = PBXFileReference; lastKnownFileType = sourcecode.cpp.cpp; path = "gtest-all.cc"; sourceTree = "<group>"; };
		B5E1575920559B3B00004F22 /* gtest-filepath.cc */ = {isa = PBXFileReference; lastKnownFileType = sourcecode.cpp.cpp; path = "gtest-filepath.cc"; sourceTree = "<group>"; };
/* End PBXFileReference section */

/* Begin PBXFrameworksBuildPhase section */
		B5B1AB391DACCC5100066910 /* Frameworks */ = {
			isa = PBXFrameworksBuildPhase;
			buildActionMask = 2147483647;
			files = (
			);
			runOnlyForDeploymentPostprocessing = 0;
		};
		B5C7D2091DAD746D009E66A9 /* Frameworks */ = {
			isa = PBXFrameworksBuildPhase;
			buildActionMask = 2147483647;
			files = (
				B51909691DEF0C7E00469B7C /* CoreText.framework in Frameworks */,
				B51909671DEF0C7300469B7C /* CoreGraphics.framework in Frameworks */,
				B51909651DEF0C6700469B7C /* UIKit.framework in Frameworks */,
				B53370F91DB4212300275631 /* OpenGLES.framework in Frameworks */,
			);
			runOnlyForDeploymentPostprocessing = 0;
		};
/* End PBXFrameworksBuildPhase section */

/* Begin PBXGroup section */
		B54474691DAED6F50046A19E /* Frameworks */ = {
			isa = PBXGroup;
			children = (
				B51909681DEF0C7E00469B7C /* CoreText.framework */,
				B51909661DEF0C7300469B7C /* CoreGraphics.framework */,
				B51909641DEF0C6700469B7C /* UIKit.framework */,
				B53370F81DB4212300275631 /* OpenGLES.framework */,
				B544746A1DAED6F50046A19E /* GLKit.framework */,
			);
			name = Frameworks;
			sourceTree = "<group>";
		};
		B57916A420558F7100A2340F /* Bug Sprint */ = {
			isa = PBXGroup;
			children = (
				B57916BC20558F7100A2340F /* Source */,
				B579172420558F7100A2340F /* Assets */,
				B579172220558F7100A2340F /* Supporting Files */,
				B57916A520558F7100A2340F /* Unit Tests */,
			);
			path = "Bug Sprint";
			sourceTree = "<group>";
		};
		B57916A520558F7100A2340F /* Unit Tests */ = {
			isa = PBXGroup;
			children = (
				B57916A620558F7100A2340F /* Source */,
				B57916B320558F7100A2340F /* Assets */,
				B57916B120558F7100A2340F /* Supporting Files */,
			);
			path = "Unit Tests";
			sourceTree = "<group>";
		};
		B57916A620558F7100A2340F /* Source */ = {
			isa = PBXGroup;
			children = (
				B57916A720558F7100A2340F /* MatrixTests.cpp */,
				B57916A820558F7100A2340F /* ImageTests.cpp */,
				B57916A920558F7100A2340F /* ModelTests.cpp */,
				B57916AA20558F7100A2340F /* SceneTests.cpp */,
				B57916AB20558F7100A2340F /* InstanceTests.cpp */,
				B57916AC20558F7100A2340F /* Instance3DTests.cpp */,
				B57916AD20558F7100A2340F /* ColorTests.cpp */,
				B57916AE20558F7100A2340F /* ShaderProgramTests.cpp */,
				B57916AF20558F7100A2340F /* FileTests.cpp */,
				B57916B020558F7100A2340F /* VectorTests.cpp */,
			);
			path = Source;
			sourceTree = "<group>";
		};
		B57916B120558F7100A2340F /* Supporting Files */ = {
			isa = PBXGroup;
			children = (
				B57916B220558F7100A2340F /* Info.plist */,
			);
			path = "Supporting Files";
			sourceTree = "<group>";
		};
		B57916B320558F7100A2340F /* Assets */ = {
			isa = PBXGroup;
			children = (
				B57916B420558F7100A2340F /* fragment.fsh */,
				B57916B520558F7100A2340F /* vertex.vsh */,
				B57916B620558F7100A2340F /* broken_vertex.vsh */,
				B57916B720558F7100A2340F /* box.obj */,
				B57916B820558F7100A2340F /* goose.jpg */,
				B57916B920558F7100A2340F /* test.txt */,
				B57916BA20558F7100A2340F /* mario.png */,
				B57916BB20558F7100A2340F /* broken_fragment.fsh */,
			);
			path = Assets;
			sourceTree = "<group>";
		};
		B57916BC20558F7100A2340F /* Source */ = {
			isa = PBXGroup;
			children = (
				B57916DA20558F7100A2340F /* iOS Layer */,
				B57916C420558F7100A2340F /* Utils */,
				B57916F720558F7100A2340F /* Graphics Utils */,
				B57916CE20558F7100A2340F /* Game */,
				B57917AF2055945500A2340F /* Shaders */,
				B57916E420558F7100A2340F /* Shaders */,
			);
			path = Source;
			sourceTree = "<group>";
		};
		B57916C420558F7100A2340F /* Utils */ = {
			isa = PBXGroup;
			children = (
				B57916CD20558F7100A2340F /* Vector.h */,
				B57916CA20558F7100A2340F /* Vector.cpp */,
				B57916C920558F7100A2340F /* Matrix.h */,
				B57916CC20558F7100A2340F /* Matrix.cpp */,
				B57916C820558F7100A2340F /* File.h */,
				B57916CB20558F7100A2340F /* File.cpp */,
				B57916C620558F7100A2340F /* FileBuffer.h */,
				B57916C720558F7100A2340F /* FileBuffer.cpp */,
				B57916C520558F7100A2340F /* Types.h */,
			);
			path = Utils;
			sourceTree = "<group>";
		};
		B57916CE20558F7100A2340F /* Game */ = {
			isa = PBXGroup;
			children = (
				B57916D420558F7100A2340F /* Things */,
				B57916CF20558F7100A2340F /* Core.h */,
				B57916D220558F7100A2340F /* Core.cpp */,
				B57916D320558F7100A2340F /* TestScene.h */,
				B57916D920558F7100A2340F /* TestScene.cpp */,
				B57916D020558F7100A2340F /* CarScene.h */,
				B57916D120558F7100A2340F /* CarScene.cpp */,
			);
			path = Game;
			sourceTree = "<group>";
		};
		B57916D420558F7100A2340F /* Things */ = {
			isa = PBXGroup;
			children = (
				B57916D620558F7100A2340F /* Car.h */,
				B57916D720558F7100A2340F /* Car.cpp */,
				B57916D820558F7100A2340F /* Bug.h */,
				B57916D520558F7100A2340F /* Bug.cpp */,
			);
			path = Things;
			sourceTree = "<group>";
		};
		B57916DA20558F7100A2340F /* iOS Layer */ = {
			isa = PBXGroup;
			children = (
				B57916E320558F7100A2340F /* Bridging-Header.h */,
				B57916E120558F7100A2340F /* AppDelegate.swift */,
				B57916DF20558F7100A2340F /* Main.storyboard */,
				B57916DC20558F7100A2340F /* MainViewController.swift */,
				B57916E220558F7100A2340F /* CoreAdapter.h */,
				B57916DE20558F7100A2340F /* CoreAdapter.mm */,
				B57916E020558F7100A2340F /* SystemUtils.h */,
				B57916DD20558F7100A2340F /* SystemUtils.mm */,
				B57916DB20558F7100A2340F /* OpenGLES.h */,
			);
			path = "iOS Layer";
			sourceTree = "<group>";
		};
		B57916E420558F7100A2340F /* Shaders */ = {
			isa = PBXGroup;
			children = (
				B57916E520558F7100A2340F /* shaderShaded.fsh */,
				B57916E620558F7100A2340F /* shaderBloom.vsh */,
				B57916E720558F7100A2340F /* defaultPerFragment.fsh */,
				B57916E820558F7100A2340F /* shaderShadedComplex.vsh */,
				B57916E920558F7100A2340F /* shaderSkybox.vsh */,
				B57916EA20558F7100A2340F /* textured.fsh */,
				B57916EB20558F7100A2340F /* default.fsh */,
				B57916EC20558F7100A2340F /* shader2D.vsh */,
				B57916ED20558F7100A2340F /* shaderShadow.fsh */,
				B57916EE20558F7100A2340F /* shaderShaded.vsh */,
				B57916EF20558F7100A2340F /* shaderBloom.fsh */,
				B57916F020558F7100A2340F /* defaultPerFragment.vsh */,
				B57916F120558F7100A2340F /* shaderShadedComplex.fsh */,
				B57916F220558F7100A2340F /* textured.vsh */,
				B57916F320558F7100A2340F /* shader2D.fsh */,
				B57916F420558F7100A2340F /* default.vsh */,
				B57916F520558F7100A2340F /* shaderShadow.vsh */,
				B57916F620558F7100A2340F /* shaderSkybox.fsh */,
			);
			path = Shaders;
			sourceTree = "<group>";
		};
		B57916F720558F7100A2340F /* Graphics Utils */ = {
			isa = PBXGroup;
			children = (
				B57916F920558F7100A2340F /* 3D */,
				B579171520558F7100A2340F /* 2D */,
				B579170F20558F7100A2340F /* Color.h */,
				B579171020558F7100A2340F /* Color.cpp */,
				B579170C20558F7100A2340F /* ShaderProgram.h */,
				B579171120558F7100A2340F /* ShaderProgram.cpp */,
				B579171220558F7100A2340F /* Texture.h */,
				B579170E20558F7100A2340F /* Texture.cpp */,
				B579172020558F7100A2340F /* Image.h */,
				B579170A20558F7100A2340F /* Image.cpp */,
				B579171320558F7100A2340F /* Instance.h */,
				B579171420558F7100A2340F /* Instance.cpp */,
				B57916F820558F7100A2340F /* RenderPass.h */,
				B579170D20558F7100A2340F /* RenderPass.cpp */,
				B579172120558F7100A2340F /* Scene.h */,
				B579170B20558F7100A2340F /* Scene.cpp */,
			);
			path = "Graphics Utils";
			sourceTree = "<group>";
		};
		B57916F920558F7100A2340F /* 3D */ = {
			isa = PBXGroup;
			children = (
				B579170420558F7100A2340F /* Instance3D.h */,
				B579170320558F7100A2340F /* Instance3D.cpp */,
				B57916FB20558F7100A2340F /* Drawable.h */,
				B579170220558F7100A2340F /* Drawable.cpp */,
				B579170520558F7100A2340F /* Model.h */,
				B579170620558F7100A2340F /* Model.cpp */,
				B57916FF20558F7100A2340F /* Camera.h */,
				B57916FE20558F7100A2340F /* Camera.cpp */,
				B57916FC20558F7100A2340F /* Light.h */,
				B579170020558F7100A2340F /* Light.cpp */,
				B579170920558F7100A2340F /* ShadedRenderPass.h */,
				B579170720558F7100A2340F /* ShadedRenderPass.cpp */,
				B579170820558F7100A2340F /* ShadowRenderPass.h */,
				B57916FA20558F7100A2340F /* ShadowRenderPass.cpp */,
				B57916FD20558F7100A2340F /* SkyboxRenderPass.h */,
				B579170120558F7100A2340F /* SkyboxRenderPass.cpp */,
			);
			path = 3D;
			sourceTree = "<group>";
		};
		B579171520558F7100A2340F /* 2D */ = {
			isa = PBXGroup;
			children = (
				B579171C20558F7100A2340F /* Instance2D.h */,
				B579171F20558F7100A2340F /* Instance2D.cpp */,
				B579171720558F7100A2340F /* Drawable2D.h */,
				B579171A20558F7100A2340F /* Drawable2D.cpp */,
				B579171620558F7100A2340F /* RenderPass2D.h */,
				B579171E20558F7100A2340F /* RenderPass2D.cpp */,
				B579171B20558F7100A2340F /* Sprite.h */,
				B579171920558F7100A2340F /* Sprite.cpp */,
				B579171D20558F7100A2340F /* Button.h */,
				B579171820558F7100A2340F /* Button.cpp */,
			);
			path = 2D;
			sourceTree = "<group>";
		};
		B579172220558F7100A2340F /* Supporting Files */ = {
			isa = PBXGroup;
			children = (
				B579172320558F7100A2340F /* Info.plist */,
			);
			path = "Supporting Files";
			sourceTree = "<group>";
		};
		B579172420558F7100A2340F /* Assets */ = {
			isa = PBXGroup;
			children = (
				B579174220558F7100A2340F /* iOS Layer */,
				B57917B1205594AF00A2340F /* Game */,
				B57917B3205594B500A2340F /* Fonts */,
			);
			path = Assets;
			sourceTree = "<group>";
		};
		B579174220558F7100A2340F /* iOS Layer */ = {
			isa = PBXGroup;
			children = (
				B579174320558F7100A2340F /* Assets.xcassets */,
				B579174420558F7100A2340F /* Launch Screen.storyboard */,
			);
			path = "iOS Layer";
			sourceTree = "<group>";
		};
		B57917B7205597CD00A2340F /* External Frameworks */ = {
			isa = PBXGroup;
			children = (
				B5E1567920559B3A00004F22 /* googletest */,
				B57917B8205597CD00A2340F /* xcode-googletest */,
			);
			path = "External Frameworks";
			sourceTree = "<group>";
		};
		B57917B8205597CD00A2340F /* xcode-googletest */ = {
			isa = PBXGroup;
			children = (
				B57917B9205597CD00A2340F /* GoogleTests.mm */,
			);
			path = "xcode-googletest";
			sourceTree = "<group>";
		};
		B5B1AB331DACCC5100066910 = {
			isa = PBXGroup;
			children = (
				B57916A420558F7100A2340F /* Bug Sprint */,
				B57917B7205597CD00A2340F /* External Frameworks */,
				B5B1AB3D1DACCC5100066910 /* Products */,
				B54474691DAED6F50046A19E /* Frameworks */,
			);
			sourceTree = "<group>";
		};
		B5B1AB3D1DACCC5100066910 /* Products */ = {
			isa = PBXGroup;
			children = (
				B5B1AB3C1DACCC5100066910 /* Bug Sprint.app */,
				B5C7D20C1DAD746D009E66A9 /* Unit Tests.xctest */,
			);
			name = Products;
			sourceTree = "<group>";
		};
		B5E1567920559B3A00004F22 /* googletest */ = {
			isa = PBXGroup;
			children = (
				B5E156EB20559B3B00004F22 /* include */,
				B5E1574F20559B3B00004F22 /* src */,
			);
			name = googletest;
			path = "googletest-1.8.0/googletest";
			sourceTree = "<group>";
		};
		B5E156EB20559B3B00004F22 /* include */ = {
			isa = PBXGroup;
			children = (
				B5E156EC20559B3B00004F22 /* gtest */,
			);
			path = include;
			sourceTree = "<group>";
		};
		B5E156EC20559B3B00004F22 /* gtest */ = {
			isa = PBXGroup;
			children = (
				B5E156EF20559B3B00004F22 /* internal */,
				B5E156ED20559B3B00004F22 /* gtest-death-test.h */,
				B5E156EE20559B3B00004F22 /* gtest-spi.h */,
				B5E1570220559B3B00004F22 /* gtest-message.h */,
				B5E1570320559B3B00004F22 /* gtest-param-test.h */,
				B5E1570420559B3B00004F22 /* gtest-typed-test.h */,
				B5E1570520559B3B00004F22 /* gtest_pred_impl.h */,
				B5E1570620559B3B00004F22 /* gtest_prod.h */,
				B5E1570820559B3B00004F22 /* gtest-test-part.h */,
				B5E1570920559B3B00004F22 /* gtest.h */,
				B5E1570A20559B3B00004F22 /* gtest-printers.h */,
				B5E1570720559B3B00004F22 /* gtest-param-test.h.pump */,
			);
			path = gtest;
			sourceTree = "<group>";
		};
		B5E156EF20559B3B00004F22 /* internal */ = {
			isa = PBXGroup;
			children = (
				B5E156FC20559B3B00004F22 /* custom */,
				B5E156F020559B3B00004F22 /* gtest-linked_ptr.h */,
				B5E156F120559B3B00004F22 /* gtest-string.h */,
				B5E156F320559B3B00004F22 /* gtest-death-test-internal.h */,
				B5E156F520559B3B00004F22 /* gtest-port.h */,
				B5E156F620559B3B00004F22 /* gtest-port-arch.h */,
				B5E156F720559B3B00004F22 /* gtest-internal.h */,
				B5E156F820559B3B00004F22 /* gtest-param-util-generated.h */,
				B5E156F920559B3B00004F22 /* gtest-param-util.h */,
				B5E156FA20559B3B00004F22 /* gtest-type-util.h */,
				B5E156FB20559B3B00004F22 /* gtest-filepath.h */,
				B5E1570020559B3B00004F22 /* gtest-tuple.h */,
				B5E156F220559B3B00004F22 /* gtest-tuple.h.pump */,
				B5E156F420559B3B00004F22 /* gtest-type-util.h.pump */,
				B5E1570120559B3B00004F22 /* gtest-param-util-generated.h.pump */,
			);
			path = internal;
			sourceTree = "<group>";
		};
		B5E156FC20559B3B00004F22 /* custom */ = {
			isa = PBXGroup;
			children = (
				B5E156FD20559B3B00004F22 /* gtest-port.h */,
				B5E156FE20559B3B00004F22 /* gtest.h */,
				B5E156FF20559B3B00004F22 /* gtest-printers.h */,
			);
			path = custom;
			sourceTree = "<group>";
		};
		B5E1574F20559B3B00004F22 /* src */ = {
			isa = PBXGroup;
			children = (
				B5E1575820559B3B00004F22 /* gtest-all.cc */,
				B5E1575020559B3B00004F22 /* gtest-test-part.cc */,
				B5E1575120559B3B00004F22 /* gtest.cc */,
				B5E1575220559B3B00004F22 /* gtest_main.cc */,
				B5E1575320559B3B00004F22 /* gtest-internal-inl.h */,
				B5E1575420559B3B00004F22 /* gtest-death-test.cc */,
				B5E1575520559B3B00004F22 /* gtest-port.cc */,
				B5E1575620559B3B00004F22 /* gtest-printers.cc */,
				B5E1575720559B3B00004F22 /* gtest-typed-test.cc */,
				B5E1575920559B3B00004F22 /* gtest-filepath.cc */,
			);
			path = src;
			sourceTree = "<group>";
		};
/* End PBXGroup section */

/* Begin PBXNativeTarget section */
		B5B1AB3B1DACCC5100066910 /* Bug Sprint */ = {
			isa = PBXNativeTarget;
			buildConfigurationList = B5B1AB4E1DACCC5100066910 /* Build configuration list for PBXNativeTarget "Bug Sprint" */;
			buildPhases = (
				B5B1AB381DACCC5100066910 /* Sources */,
				B5B1AB391DACCC5100066910 /* Frameworks */,
				B5B1AB3A1DACCC5100066910 /* Resources */,
			);
			buildRules = (
			);
			dependencies = (
			);
			name = "Bug Sprint";
			productName = "Bug Sprint";
			productReference = B5B1AB3C1DACCC5100066910 /* Bug Sprint.app */;
			productType = "com.apple.product-type.application";
		};
		B5C7D20B1DAD746D009E66A9 /* Unit Tests */ = {
			isa = PBXNativeTarget;
			buildConfigurationList = B5C7D2111DAD746D009E66A9 /* Build configuration list for PBXNativeTarget "Unit Tests" */;
			buildPhases = (
				B5C7D2081DAD746D009E66A9 /* Sources */,
				B5C7D2091DAD746D009E66A9 /* Frameworks */,
				B5C7D20A1DAD746D009E66A9 /* Resources */,
			);
			buildRules = (
			);
			dependencies = (
				B5880F9E1DB8D6CE0063AEDA /* PBXTargetDependency */,
			);
			name = "Unit Tests";
			productName = UnitTests;
			productReference = B5C7D20C1DAD746D009E66A9 /* Unit Tests.xctest */;
			productType = "com.apple.product-type.bundle.unit-test";
		};
/* End PBXNativeTarget section */

/* Begin PBXProject section */
		B5B1AB341DACCC5100066910 /* Project object */ = {
			isa = PBXProject;
			attributes = {
				LastSwiftUpdateCheck = 0800;
				LastUpgradeCheck = 0920;
				ORGANIZATIONNAME = UnalignedByte;
				TargetAttributes = {
					B5B1AB3B1DACCC5100066910 = {
						CreatedOnToolsVersion = 8.0;
						LastSwiftMigration = 0920;
						ProvisioningStyle = Automatic;
					};
					B5C7D20B1DAD746D009E66A9 = {
						CreatedOnToolsVersion = 8.0;
						ProvisioningStyle = Manual;
					};
				};
			};
			buildConfigurationList = B5B1AB371DACCC5100066910 /* Build configuration list for PBXProject "Bug Sprint" */;
			compatibilityVersion = "Xcode 8.0";
			developmentRegion = English;
			hasScannedForEncodings = 0;
			knownRegions = (
				en,
			);
			mainGroup = B5B1AB331DACCC5100066910;
			productRefGroup = B5B1AB3D1DACCC5100066910 /* Products */;
			projectDirPath = "";
			projectRoot = "";
			targets = (
				B5B1AB3B1DACCC5100066910 /* Bug Sprint */,
				B5C7D20B1DAD746D009E66A9 /* Unit Tests */,
			);
		};
/* End PBXProject section */

/* Begin PBXResourcesBuildPhase section */
		B5B1AB3A1DACCC5100066910 /* Resources */ = {
			isa = PBXResourcesBuildPhase;
			buildActionMask = 2147483647;
			files = (
				B579177920558F7100A2340F /* shader2D.fsh in Resources */,
				B57917B4205594B500A2340F /* Fonts in Resources */,
				B579176B20558F7100A2340F /* shaderShaded.fsh in Resources */,
				B579177C20558F7100A2340F /* shaderSkybox.fsh in Resources */,
				B579177520558F7100A2340F /* shaderBloom.fsh in Resources */,
				B579177320558F7100A2340F /* shaderShadow.fsh in Resources */,
				B579177820558F7100A2340F /* textured.vsh in Resources */,
				B57917B02055945500A2340F /* Shaders in Resources */,
				B579177620558F7100A2340F /* defaultPerFragment.vsh in Resources */,
				B57917AC20558F7200A2340F /* Assets.xcassets in Resources */,
				B57917B2205594AF00A2340F /* Game in Resources */,
				B579177220558F7100A2340F /* shader2D.vsh in Resources */,
				B579177B20558F7100A2340F /* shaderShadow.vsh in Resources */,
				B579177020558F7100A2340F /* textured.fsh in Resources */,
				B579177A20558F7100A2340F /* default.vsh in Resources */,
				B579176E20558F7100A2340F /* shaderShadedComplex.vsh in Resources */,
				B579176F20558F7100A2340F /* shaderSkybox.vsh in Resources */,
				B57917AD20558F7200A2340F /* Launch Screen.storyboard in Resources */,
				B579177120558F7100A2340F /* default.fsh in Resources */,
				B579176C20558F7100A2340F /* shaderBloom.vsh in Resources */,
				B579176920558F7100A2340F /* Main.storyboard in Resources */,
				B579177420558F7100A2340F /* shaderShaded.vsh in Resources */,
				B579176D20558F7100A2340F /* defaultPerFragment.fsh in Resources */,
				B579177720558F7100A2340F /* shaderShadedComplex.fsh in Resources */,
			);
			runOnlyForDeploymentPostprocessing = 0;
		};
		B5C7D20A1DAD746D009E66A9 /* Resources */ = {
			isa = PBXResourcesBuildPhase;
			buildActionMask = 2147483647;
			files = (
				B57917B5205594F700A2340F /* Info.plist in Resources */,
			);
			runOnlyForDeploymentPostprocessing = 0;
		};
/* End PBXResourcesBuildPhase section */

/* Begin PBXSourcesBuildPhase section */
		B5B1AB381DACCC5100066910 /* Sources */ = {
			isa = PBXSourcesBuildPhase;
			buildActionMask = 2147483647;
			files = (
				B579178C20558F7100A2340F /* Button.cpp in Sources */,
				B579178420558F7100A2340F /* ShadedRenderPass.cpp in Sources */,
				B579178D20558F7100A2340F /* Sprite.cpp in Sources */,
				B579178120558F7100A2340F /* Drawable.cpp in Sources */,
				B579178920558F7100A2340F /* Color.cpp in Sources */,
				B579179020558F7100A2340F /* Instance2D.cpp in Sources */,
				B579178620558F7100A2340F /* Scene.cpp in Sources */,
				B579178A20558F7100A2340F /* ShaderProgram.cpp in Sources */,
				B579178220558F7100A2340F /* Instance3D.cpp in Sources */,
				B579176A20558F7100A2340F /* AppDelegate.swift in Sources */,
				B579176420558F7100A2340F /* Car.cpp in Sources */,
				B579178E20558F7100A2340F /* Drawable2D.cpp in Sources */,
				B579178820558F7100A2340F /* Texture.cpp in Sources */,
				B579177E20558F7100A2340F /* Camera.cpp in Sources */,
				B579176220558F7100A2340F /* Core.cpp in Sources */,
				B579178020558F7100A2340F /* SkyboxRenderPass.cpp in Sources */,
				B579175F20558F7100A2340F /* File.cpp in Sources */,
				B579177F20558F7100A2340F /* Light.cpp in Sources */,
				B579178B20558F7100A2340F /* Instance.cpp in Sources */,
				B579176820558F7100A2340F /* CoreAdapter.mm in Sources */,
				B579178F20558F7100A2340F /* RenderPass2D.cpp in Sources */,
				B579178320558F7100A2340F /* Model.cpp in Sources */,
				B579175D20558F7100A2340F /* FileBuffer.cpp in Sources */,
				B579176520558F7100A2340F /* TestScene.cpp in Sources */,
				B579176120558F7100A2340F /* CarScene.cpp in Sources */,
				B579176720558F7100A2340F /* SystemUtils.mm in Sources */,
				B579176320558F7100A2340F /* Bug.cpp in Sources */,
				B579178720558F7100A2340F /* RenderPass.cpp in Sources */,
				B579177D20558F7100A2340F /* ShadowRenderPass.cpp in Sources */,
				B579176620558F7100A2340F /* MainViewController.swift in Sources */,
				B579178520558F7100A2340F /* Image.cpp in Sources */,
			);
			runOnlyForDeploymentPostprocessing = 0;
		};
		B5C7D2081DAD746D009E66A9 /* Sources */ = {
			isa = PBXSourcesBuildPhase;
			buildActionMask = 2147483647;
			files = (
				B5791960205599E600A2340F /* SkyboxRenderPass.cpp in Sources */,
				B5E1577C20559D0C00004F22 /* ImageTests.cpp in Sources */,
				B5E1578320559D0C00004F22 /* VectorTests.cpp in Sources */,
				B579195D205599E600A2340F /* Light.cpp in Sources */,
				B579194E205599B900A2340F /* Instance3D.cpp in Sources */,
				B579195F205599E600A2340F /* ShadowRenderPass.cpp in Sources */,
				B5E1577B20559D0C00004F22 /* MatrixTests.cpp in Sources */,
				B579194F205599CA00A2340F /* Texture.cpp in Sources */,
				B5E1577920559C5B00004F22 /* gtest-all.cc in Sources */,
				B5791956205599DE00A2340F /* Instance2D.cpp in Sources */,
				B5E1578120559D0C00004F22 /* ShaderProgramTests.cpp in Sources */,
				B5E1577A20559CBA00004F22 /* SystemUtils.mm in Sources */,
				B5E1577E20559D0C00004F22 /* SceneTests.cpp in Sources */,
				B5791953205599D700A2340F /* Instance.cpp in Sources */,
				B5791954205599D700A2340F /* RenderPass.cpp in Sources */,
				B579195A205599DE00A2340F /* Button.cpp in Sources */,
				B5791961205599F600A2340F /* File.cpp in Sources */,
				B579195E205599E600A2340F /* ShadedRenderPass.cpp in Sources */,
				B5E1578220559D0C00004F22 /* FileTests.cpp in Sources */,
				B5791958205599DE00A2340F /* RenderPass2D.cpp in Sources */,
				B5791950205599CF00A2340F /* Color.cpp in Sources */,
				B5791951205599D700A2340F /* ShaderProgram.cpp in Sources */,
				B5791957205599DE00A2340F /* Drawable2D.cpp in Sources */,
				B5E1577D20559D0C00004F22 /* ModelTests.cpp in Sources */,
				B5791962205599F600A2340F /* FileBuffer.cpp in Sources */,
				B5791952205599D700A2340F /* Image.cpp in Sources */,
				B5E1578020559D0C00004F22 /* ColorTests.cpp in Sources */,
				B579195B205599E600A2340F /* Model.cpp in Sources */,
				B579195C205599E600A2340F /* Camera.cpp in Sources */,
				B57917B62055952900A2340F /* InstanceTests.cpp in Sources */,
				B5791955205599D700A2340F /* Scene.cpp in Sources */,
				B5791959205599DE00A2340F /* Sprite.cpp in Sources */,
				B579194D2055994400A2340F /* Drawable.cpp in Sources */,
				B54BD0D02055A146009B62E0 /* GoogleTests.mm in Sources */,
				B5E1577F20559D0C00004F22 /* Instance3DTests.cpp in Sources */,
			);
			runOnlyForDeploymentPostprocessing = 0;
		};
/* End PBXSourcesBuildPhase section */

/* Begin PBXTargetDependency section */
		B5880F9E1DB8D6CE0063AEDA /* PBXTargetDependency */ = {
			isa = PBXTargetDependency;
			target = B5B1AB3B1DACCC5100066910 /* Bug Sprint */;
			targetProxy = B5880F9D1DB8D6CE0063AEDA /* PBXContainerItemProxy */;
		};
/* End PBXTargetDependency section */

/* Begin XCBuildConfiguration section */
		B5B1AB4C1DACCC5100066910 /* Debug */ = {
			isa = XCBuildConfiguration;
			buildSettings = {
				ALWAYS_SEARCH_USER_PATHS = NO;
				CLANG_ANALYZER_NONNULL = YES;
				CLANG_CXX_LANGUAGE_STANDARD = "c++14";
				CLANG_CXX_LIBRARY = "libc++";
				CLANG_ENABLE_MODULES = YES;
				CLANG_ENABLE_OBJC_ARC = YES;
				CLANG_WARN_BLOCK_CAPTURE_AUTORELEASING = YES;
				CLANG_WARN_BOOL_CONVERSION = YES;
				CLANG_WARN_COMMA = YES;
				CLANG_WARN_CONSTANT_CONVERSION = YES;
				CLANG_WARN_DIRECT_OBJC_ISA_USAGE = YES_ERROR;
				CLANG_WARN_DOCUMENTATION_COMMENTS = YES;
				CLANG_WARN_EMPTY_BODY = YES;
				CLANG_WARN_ENUM_CONVERSION = YES;
				CLANG_WARN_INFINITE_RECURSION = YES;
				CLANG_WARN_INT_CONVERSION = YES;
				CLANG_WARN_NON_LITERAL_NULL_CONVERSION = YES;
				CLANG_WARN_OBJC_LITERAL_CONVERSION = YES;
				CLANG_WARN_OBJC_ROOT_CLASS = YES_ERROR;
				CLANG_WARN_RANGE_LOOP_ANALYSIS = YES;
				CLANG_WARN_STRICT_PROTOTYPES = YES;
				CLANG_WARN_SUSPICIOUS_MOVE = YES;
				CLANG_WARN_SUSPICIOUS_MOVES = YES;
				CLANG_WARN_UNREACHABLE_CODE = YES;
				CLANG_WARN__DUPLICATE_METHOD_MATCH = YES;
				"CODE_SIGN_IDENTITY[sdk=iphoneos*]" = "iPhone Developer";
				COPY_PHASE_STRIP = NO;
				DEBUG_INFORMATION_FORMAT = dwarf;
				ENABLE_STRICT_OBJC_MSGSEND = YES;
				ENABLE_TESTABILITY = YES;
				GCC_C_LANGUAGE_STANDARD = gnu99;
				GCC_DYNAMIC_NO_PIC = NO;
				GCC_NO_COMMON_BLOCKS = YES;
				GCC_OPTIMIZATION_LEVEL = 0;
				GCC_PREPROCESSOR_DEFINITIONS = (
					"DEBUG=1",
					"$(inherited)",
				);
				GCC_WARN_64_TO_32_BIT_CONVERSION = YES;
				GCC_WARN_ABOUT_RETURN_TYPE = YES_ERROR;
				GCC_WARN_UNDECLARED_SELECTOR = YES;
				GCC_WARN_UNINITIALIZED_AUTOS = YES_AGGRESSIVE;
				GCC_WARN_UNUSED_FUNCTION = YES;
				GCC_WARN_UNUSED_VARIABLE = YES;
				IPHONEOS_DEPLOYMENT_TARGET = 10.0;
				MTL_ENABLE_DEBUG_INFO = YES;
				ONLY_ACTIVE_ARCH = YES;
				SDKROOT = iphoneos;
				SWIFT_ACTIVE_COMPILATION_CONDITIONS = DEBUG;
				SWIFT_OPTIMIZATION_LEVEL = "-Onone";
				SWIFT_VERSION = 4.0;
			};
			name = Debug;
		};
		B5B1AB4D1DACCC5100066910 /* Release */ = {
			isa = XCBuildConfiguration;
			buildSettings = {
				ALWAYS_SEARCH_USER_PATHS = NO;
				CLANG_ANALYZER_NONNULL = YES;
				CLANG_CXX_LANGUAGE_STANDARD = "c++14";
				CLANG_CXX_LIBRARY = "libc++";
				CLANG_ENABLE_MODULES = YES;
				CLANG_ENABLE_OBJC_ARC = YES;
				CLANG_WARN_BLOCK_CAPTURE_AUTORELEASING = YES;
				CLANG_WARN_BOOL_CONVERSION = YES;
				CLANG_WARN_COMMA = YES;
				CLANG_WARN_CONSTANT_CONVERSION = YES;
				CLANG_WARN_DIRECT_OBJC_ISA_USAGE = YES_ERROR;
				CLANG_WARN_DOCUMENTATION_COMMENTS = YES;
				CLANG_WARN_EMPTY_BODY = YES;
				CLANG_WARN_ENUM_CONVERSION = YES;
				CLANG_WARN_INFINITE_RECURSION = YES;
				CLANG_WARN_INT_CONVERSION = YES;
				CLANG_WARN_NON_LITERAL_NULL_CONVERSION = YES;
				CLANG_WARN_OBJC_LITERAL_CONVERSION = YES;
				CLANG_WARN_OBJC_ROOT_CLASS = YES_ERROR;
				CLANG_WARN_RANGE_LOOP_ANALYSIS = YES;
				CLANG_WARN_STRICT_PROTOTYPES = YES;
				CLANG_WARN_SUSPICIOUS_MOVE = YES;
				CLANG_WARN_SUSPICIOUS_MOVES = YES;
				CLANG_WARN_UNREACHABLE_CODE = YES;
				CLANG_WARN__DUPLICATE_METHOD_MATCH = YES;
				"CODE_SIGN_IDENTITY[sdk=iphoneos*]" = "iPhone Developer";
				COPY_PHASE_STRIP = NO;
				DEBUG_INFORMATION_FORMAT = "dwarf-with-dsym";
				ENABLE_NS_ASSERTIONS = NO;
				ENABLE_STRICT_OBJC_MSGSEND = YES;
				GCC_C_LANGUAGE_STANDARD = gnu99;
				GCC_NO_COMMON_BLOCKS = YES;
				GCC_WARN_64_TO_32_BIT_CONVERSION = YES;
				GCC_WARN_ABOUT_RETURN_TYPE = YES_ERROR;
				GCC_WARN_UNDECLARED_SELECTOR = YES;
				GCC_WARN_UNINITIALIZED_AUTOS = YES_AGGRESSIVE;
				GCC_WARN_UNUSED_FUNCTION = YES;
				GCC_WARN_UNUSED_VARIABLE = YES;
				IPHONEOS_DEPLOYMENT_TARGET = 10.0;
				MTL_ENABLE_DEBUG_INFO = NO;
				SDKROOT = iphoneos;
				SWIFT_OPTIMIZATION_LEVEL = "-Owholemodule";
				SWIFT_VERSION = 4.0;
				VALIDATE_PRODUCT = YES;
			};
			name = Release;
		};
		B5B1AB4F1DACCC5100066910 /* Debug */ = {
			isa = XCBuildConfiguration;
			buildSettings = {
				ASSETCATALOG_COMPILER_APPICON_NAME = AppIcon;
				CLANG_ENABLE_MODULES = YES;
				CODE_SIGN_IDENTITY = "iPhone Developer: Rafal Grodzinski (X2VAV67362)";
				"CODE_SIGN_IDENTITY[sdk=iphoneos*]" = "iPhone Developer";
				DEVELOPMENT_TEAM = X7G47FFC9G;
				INFOPLIST_FILE = "$(SRCROOT)/Bug Sprint/Supporting Files/Info.plist";
				LD_RUNPATH_SEARCH_PATHS = "$(inherited) @executable_path/Frameworks";
				PRODUCT_BUNDLE_IDENTIFIER = com.unalignedbyte.bugsprint;
				PRODUCT_NAME = "$(TARGET_NAME)";
				PROVISIONING_PROFILE = "";
				PROVISIONING_PROFILE_SPECIFIER = "";
				SWIFT_OBJC_BRIDGING_HEADER = "$(SRCROOT)/Bug Sprint/Source/iOS Layer/Bridging-Header.h";
				SWIFT_OPTIMIZATION_LEVEL = "-Onone";
			};
			name = Debug;
		};
		B5B1AB501DACCC5100066910 /* Release */ = {
			isa = XCBuildConfiguration;
			buildSettings = {
				ASSETCATALOG_COMPILER_APPICON_NAME = AppIcon;
				CLANG_ENABLE_MODULES = YES;
				CODE_SIGN_IDENTITY = "";
				"CODE_SIGN_IDENTITY[sdk=iphoneos*]" = "iPhone Developer";
				DEVELOPMENT_TEAM = X7G47FFC9G;
				INFOPLIST_FILE = "$(SRCROOT)/Bug Sprint/Supporting Files/Info.plist";
				LD_RUNPATH_SEARCH_PATHS = "$(inherited) @executable_path/Frameworks";
				PRODUCT_BUNDLE_IDENTIFIER = com.unalignedbyte.bugsprint;
				PRODUCT_NAME = "$(TARGET_NAME)";
				PROVISIONING_PROFILE = "";
				PROVISIONING_PROFILE_SPECIFIER = "";
				SWIFT_OBJC_BRIDGING_HEADER = "$(SRCROOT)/Bug Sprint/Source/iOS Layer/Bridging-Header.h";
			};
			name = Release;
		};
		B5C7D2121DAD746D009E66A9 /* Debug */ = {
			isa = XCBuildConfiguration;
			buildSettings = {
				ALWAYS_EMBED_SWIFT_STANDARD_LIBRARIES = YES;
				DEVELOPMENT_TEAM = "";
				FRAMEWORK_SEARCH_PATHS = "";
				HEADER_SEARCH_PATHS = "$(SRCROOT)/External\\ Frameworks/googletest-1.8.0/googletest/**";
				INFOPLIST_FILE = "$(SRCROOT)/Bug Sprint/Unit Tests/Supporting Files/Info.plist";
				LD_RUNPATH_SEARCH_PATHS = "$(inherited) @executable_path/Frameworks @loader_path/Frameworks";
				PRODUCT_BUNDLE_IDENTIFIER = com.unalignedbyte.UnitTests;
				PRODUCT_NAME = "$(TARGET_NAME)";
			};
			name = Debug;
		};
		B5C7D2131DAD746D009E66A9 /* Release */ = {
			isa = XCBuildConfiguration;
			buildSettings = {
				ALWAYS_EMBED_SWIFT_STANDARD_LIBRARIES = YES;
				DEVELOPMENT_TEAM = "";
				FRAMEWORK_SEARCH_PATHS = "";
				HEADER_SEARCH_PATHS = "$(SRCROOT)/External\\ Frameworks/googletest-1.8.0/googletest/**";
				INFOPLIST_FILE = "$(SRCROOT)/Bug Sprint/Unit Tests/Supporting Files/Info.plist";
				LD_RUNPATH_SEARCH_PATHS = "$(inherited) @executable_path/Frameworks @loader_path/Frameworks";
				PRODUCT_BUNDLE_IDENTIFIER = com.unalignedbyte.UnitTests;
				PRODUCT_NAME = "$(TARGET_NAME)";
			};
			name = Release;
		};
/* End XCBuildConfiguration section */

/* Begin XCConfigurationList section */
		B5B1AB371DACCC5100066910 /* Build configuration list for PBXProject "Bug Sprint" */ = {
			isa = XCConfigurationList;
			buildConfigurations = (
				B5B1AB4C1DACCC5100066910 /* Debug */,
				B5B1AB4D1DACCC5100066910 /* Release */,
			);
			defaultConfigurationIsVisible = 0;
			defaultConfigurationName = Release;
		};
		B5B1AB4E1DACCC5100066910 /* Build configuration list for PBXNativeTarget "Bug Sprint" */ = {
			isa = XCConfigurationList;
			buildConfigurations = (
				B5B1AB4F1DACCC5100066910 /* Debug */,
				B5B1AB501DACCC5100066910 /* Release */,
			);
			defaultConfigurationIsVisible = 0;
			defaultConfigurationName = Release;
		};
		B5C7D2111DAD746D009E66A9 /* Build configuration list for PBXNativeTarget "Unit Tests" */ = {
			isa = XCConfigurationList;
			buildConfigurations = (
				B5C7D2121DAD746D009E66A9 /* Debug */,
				B5C7D2131DAD746D009E66A9 /* Release */,
			);
			defaultConfigurationIsVisible = 0;
			defaultConfigurationName = Release;
		};
/* End XCConfigurationList section */
	};
	rootObject = B5B1AB341DACCC5100066910 /* Project object */;
}
