// !$*UTF8*$!
{
	archiveVersion = 1;
	classes = {
	};
	objectVersion = 46;
	objects = {

/* Begin PBXBuildFile section */
		B50C61161DB51D0B005147FA /* SystemUtils.mm in Sources */ = {isa = PBXBuildFile; fileRef = B50C61141DB51D0B005147FA /* SystemUtils.mm */; };
		B50C61171DB51D0B005147FA /* SystemUtils.mm in Sources */ = {isa = PBXBuildFile; fileRef = B50C61141DB51D0B005147FA /* SystemUtils.mm */; };
		B50C611B1DB52619005147FA /* test.txt in Resources */ = {isa = PBXBuildFile; fileRef = B50C61191DB52619005147FA /* test.txt */; };
		B50C611D1DB52DE8005147FA /* broken_vertex.vsh in Resources */ = {isa = PBXBuildFile; fileRef = B50C611C1DB52DE8005147FA /* broken_vertex.vsh */; };
		B50C611F1DB52DF9005147FA /* broken_fragment.fsh in Resources */ = {isa = PBXBuildFile; fileRef = B50C611E1DB52DF9005147FA /* broken_fragment.fsh */; };
		B50C61221DB5348F005147FA /* fragment.fsh in Resources */ = {isa = PBXBuildFile; fileRef = B50C61201DB5348F005147FA /* fragment.fsh */; };
		B50C61231DB5348F005147FA /* vertex.vsh in Resources */ = {isa = PBXBuildFile; fileRef = B50C61211DB5348F005147FA /* vertex.vsh */; };
		B50C61271DB538DB005147FA /* Model.cpp in Sources */ = {isa = PBXBuildFile; fileRef = B50C61251DB538DB005147FA /* Model.cpp */; };
		B50C61291DB54794005147FA /* ModelTests.cpp in Sources */ = {isa = PBXBuildFile; fileRef = B50C61281DB54794005147FA /* ModelTests.cpp */; };
		B50C612A1DB547AD005147FA /* Model.cpp in Sources */ = {isa = PBXBuildFile; fileRef = B50C61251DB538DB005147FA /* Model.cpp */; };
		B50C612C1DB54807005147FA /* box.obj in Resources */ = {isa = PBXBuildFile; fileRef = B50C612B1DB54807005147FA /* box.obj */; };
		B50C61391DB818F3005147FA /* Camera.cpp in Sources */ = {isa = PBXBuildFile; fileRef = B50C61371DB818F3005147FA /* Camera.cpp */; };
		B5125EAF1E001A7A00008022 /* RenderPass2D.cpp in Sources */ = {isa = PBXBuildFile; fileRef = B5B6EAFF1DF310830010F148 /* RenderPass2D.cpp */; };
		B51909621DEF0C2200469B7C /* Texture.cpp in Sources */ = {isa = PBXBuildFile; fileRef = B56C8C2B1DD0F0E500C1138A /* Texture.cpp */; };
		B51909631DEF0C3300469B7C /* Image.cpp in Sources */ = {isa = PBXBuildFile; fileRef = B56C8C2E1DD0F4FE00C1138A /* Image.cpp */; };
		B51909651DEF0C6700469B7C /* UIKit.framework in Frameworks */ = {isa = PBXBuildFile; fileRef = B51909641DEF0C6700469B7C /* UIKit.framework */; };
		B51909671DEF0C7300469B7C /* CoreGraphics.framework in Frameworks */ = {isa = PBXBuildFile; fileRef = B51909661DEF0C7300469B7C /* CoreGraphics.framework */; };
		B51909691DEF0C7E00469B7C /* CoreText.framework in Frameworks */ = {isa = PBXBuildFile; fileRef = B51909681DEF0C7E00469B7C /* CoreText.framework */; };
		B519096B1DEF129E00469B7C /* ImageTests.cpp in Sources */ = {isa = PBXBuildFile; fileRef = B519096A1DEF129E00469B7C /* ImageTests.cpp */; };
		B519096D1DEF12FE00469B7C /* mario.png in Resources */ = {isa = PBXBuildFile; fileRef = B519096C1DEF12FE00469B7C /* mario.png */; };
		B519096F1DEF19C500469B7C /* goose.jpg in Resources */ = {isa = PBXBuildFile; fileRef = B519096E1DEF19C500469B7C /* goose.jpg */; };
		B51D15AB1DBA2C2F0093E6AC /* Drawable.cpp in Sources */ = {isa = PBXBuildFile; fileRef = B51D15A91DBA2C2F0093E6AC /* Drawable.cpp */; };
		B51D15AC1DBA2C2F0093E6AC /* Drawable.cpp in Sources */ = {isa = PBXBuildFile; fileRef = B51D15A91DBA2C2F0093E6AC /* Drawable.cpp */; };
		B51D15AD1DBA37B20093E6AC /* Instance3D.cpp in Sources */ = {isa = PBXBuildFile; fileRef = B58779E21DAD8FC6007A6DBF /* Instance3D.cpp */; };
		B51D15AE1DBA37B80093E6AC /* Camera.cpp in Sources */ = {isa = PBXBuildFile; fileRef = B50C61371DB818F3005147FA /* Camera.cpp */; };
		B53370EC1DB4170000275631 /* ColorTests.cpp in Sources */ = {isa = PBXBuildFile; fileRef = B53370EB1DB4170000275631 /* ColorTests.cpp */; };
		B53370EF1DB4178300275631 /* Color.cpp in Sources */ = {isa = PBXBuildFile; fileRef = B53370ED1DB4178300275631 /* Color.cpp */; };
		B53370F01DB4178300275631 /* Color.cpp in Sources */ = {isa = PBXBuildFile; fileRef = B53370ED1DB4178300275631 /* Color.cpp */; };
		B53370F31DB41BA500275631 /* ShaderProgramTests.cpp in Sources */ = {isa = PBXBuildFile; fileRef = B53370F11DB41BA500275631 /* ShaderProgramTests.cpp */; };
		B53370F61DB41C7B00275631 /* ShaderProgram.cpp in Sources */ = {isa = PBXBuildFile; fileRef = B53370F41DB41C7B00275631 /* ShaderProgram.cpp */; };
		B53370F71DB41C7B00275631 /* ShaderProgram.cpp in Sources */ = {isa = PBXBuildFile; fileRef = B53370F41DB41C7B00275631 /* ShaderProgram.cpp */; };
		B53370F91DB4212300275631 /* OpenGLES.framework in Frameworks */ = {isa = PBXBuildFile; fileRef = B53370F81DB4212300275631 /* OpenGLES.framework */; };
		B53370FB1DB4C60900275631 /* FileTests.cpp in Sources */ = {isa = PBXBuildFile; fileRef = B53370FA1DB4C60900275631 /* FileTests.cpp */; };
		B53370FE1DB4C6A500275631 /* File.cpp in Sources */ = {isa = PBXBuildFile; fileRef = B53370FC1DB4C6A500275631 /* File.cpp */; };
		B53370FF1DB4C6A500275631 /* File.cpp in Sources */ = {isa = PBXBuildFile; fileRef = B53370FC1DB4C6A500275631 /* File.cpp */; };
		B54474641DAED2430046A19E /* Core.cpp in Sources */ = {isa = PBXBuildFile; fileRef = B54474621DAED2430046A19E /* Core.cpp */; };
		B54474671DAED3250046A19E /* CoreAdapter.mm in Sources */ = {isa = PBXBuildFile; fileRef = B54474661DAED3250046A19E /* CoreAdapter.mm */; };
		B550B1CE1DB25E37006EAEFD /* MatrixTests.cpp in Sources */ = {isa = PBXBuildFile; fileRef = B550B1CD1DB25E37006EAEFD /* MatrixTests.cpp */; };
		B55A36481DF4B61900882669 /* Instance.cpp in Sources */ = {isa = PBXBuildFile; fileRef = B55A36471DF4B61900882669 /* Instance.cpp */; };
		B55A364B1DF4C21200882669 /* ShadedRenderPass.cpp in Sources */ = {isa = PBXBuildFile; fileRef = B55A36491DF4C21200882669 /* ShadedRenderPass.cpp */; };
		B56C8C2D1DD0F0E500C1138A /* Texture.cpp in Sources */ = {isa = PBXBuildFile; fileRef = B56C8C2B1DD0F0E500C1138A /* Texture.cpp */; };
		B56C8C301DD0F4FE00C1138A /* Image.cpp in Sources */ = {isa = PBXBuildFile; fileRef = B56C8C2E1DD0F4FE00C1138A /* Image.cpp */; };
		B57035FC1DCF4B4D00B46354 /* FileBuffer.cpp in Sources */ = {isa = PBXBuildFile; fileRef = B57035FA1DCF4B4D00B46354 /* FileBuffer.cpp */; };
		B57035FE1DCF4E2A00B46354 /* FileBuffer.cpp in Sources */ = {isa = PBXBuildFile; fileRef = B57035FA1DCF4B4D00B46354 /* FileBuffer.cpp */; };
		B58779E41DAD8FC6007A6DBF /* Instance3D.cpp in Sources */ = {isa = PBXBuildFile; fileRef = B58779E21DAD8FC6007A6DBF /* Instance3D.cpp */; };
		B5880FA91DB939840063AEDA /* Light.cpp in Sources */ = {isa = PBXBuildFile; fileRef = B5880FA71DB939840063AEDA /* Light.cpp */; };
		B5880FAA1DB939840063AEDA /* Light.cpp in Sources */ = {isa = PBXBuildFile; fileRef = B5880FA71DB939840063AEDA /* Light.cpp */; };
		B5A5FCE51E06C5E60032A9FF /* Instance.cpp in Sources */ = {isa = PBXBuildFile; fileRef = B55A36471DF4B61900882669 /* Instance.cpp */; };
		B5A5FCE81E06E6C50032A9FF /* Instance3DTests.cpp in Sources */ = {isa = PBXBuildFile; fileRef = B5A5FCE71E06E6C50032A9FF /* Instance3DTests.cpp */; };
		B5A7DB931DE1C6EB003C1B7D /* Sprite.cpp in Sources */ = {isa = PBXBuildFile; fileRef = B5A7DB911DE1C6EB003C1B7D /* Sprite.cpp */; };
		B5AD7ECF1DE845E400BD41CE /* Instance2D.cpp in Sources */ = {isa = PBXBuildFile; fileRef = B5AD7ECD1DE845E400BD41CE /* Instance2D.cpp */; };
		B5AE6F8C1E0070D9005BC925 /* CarScene.cpp in Sources */ = {isa = PBXBuildFile; fileRef = B5AE6F8A1E0070D9005BC925 /* CarScene.cpp */; };
		B5AE6F901E008064005BC925 /* Car.cpp in Sources */ = {isa = PBXBuildFile; fileRef = B5AE6F8E1E008064005BC925 /* Car.cpp */; };
		B5B1AB401DACCC5100066910 /* AppDelegate.swift in Sources */ = {isa = PBXBuildFile; fileRef = B5B1AB3F1DACCC5100066910 /* AppDelegate.swift */; };
		B5B1AB421DACCC5100066910 /* MainViewController.swift in Sources */ = {isa = PBXBuildFile; fileRef = B5B1AB411DACCC5100066910 /* MainViewController.swift */; };
		B5B1AB471DACCC5100066910 /* Assets.xcassets in Resources */ = {isa = PBXBuildFile; fileRef = B5B1AB461DACCC5100066910 /* Assets.xcassets */; };
		B5B1AB541DACD19700066910 /* Launch Screen.storyboard in Resources */ = {isa = PBXBuildFile; fileRef = B5B1AB531DACD19700066910 /* Launch Screen.storyboard */; };
		B5B1AB561DACD1A800066910 /* Main.storyboard in Resources */ = {isa = PBXBuildFile; fileRef = B5B1AB551DACD1A800066910 /* Main.storyboard */; };
		B5B587531E195E8E00FB994C /* Drawable2D.cpp in Sources */ = {isa = PBXBuildFile; fileRef = B5B587511E195E8E00FB994C /* Drawable2D.cpp */; };
		B5B6EAF61DF0C3530010F148 /* SceneTests.cpp in Sources */ = {isa = PBXBuildFile; fileRef = B5B6EAF51DF0C3530010F148 /* SceneTests.cpp */; };
		B5B6EAF91DF0C6C60010F148 /* Scene.cpp in Sources */ = {isa = PBXBuildFile; fileRef = B5B6EAF71DF0C6C60010F148 /* Scene.cpp */; };
		B5B6EAFD1DF307080010F148 /* RenderPass.cpp in Sources */ = {isa = PBXBuildFile; fileRef = B5B6EAFB1DF307080010F148 /* RenderPass.cpp */; };
		B5B6EAFE1DF307080010F148 /* RenderPass.cpp in Sources */ = {isa = PBXBuildFile; fileRef = B5B6EAFB1DF307080010F148 /* RenderPass.cpp */; };
		B5B6EB051DF458CA0010F148 /* TestScene.cpp in Sources */ = {isa = PBXBuildFile; fileRef = B5B6EB031DF458CA0010F148 /* TestScene.cpp */; };
		B5C3C21D1DCF544100202C37 /* Game in Resources */ = {isa = PBXBuildFile; fileRef = B5C3C21C1DCF544100202C37 /* Game */; };
		B5C3C21F1DCF545E00202C37 /* Shaders in Resources */ = {isa = PBXBuildFile; fileRef = B5C3C21E1DCF545E00202C37 /* Shaders */; };
		B5C7D2181DAD81B4009E66A9 /* GoogleTests.mm in Sources */ = {isa = PBXBuildFile; fileRef = B5C7D2171DAD81B4009E66A9 /* GoogleTests.mm */; };
		B5C7D2521DAD8723009E66A9 /* gtest-all.cc in Sources */ = {isa = PBXBuildFile; fileRef = B5C7D2241DAD86CF009E66A9 /* gtest-all.cc */; };
		B5C958111DDD26160012F607 /* ShadowRenderPass.cpp in Sources */ = {isa = PBXBuildFile; fileRef = B5C9580F1DDD26160012F607 /* ShadowRenderPass.cpp */; };
		B5D362701E8B03F900071019 /* Bug.cpp in Sources */ = {isa = PBXBuildFile; fileRef = B5D3626E1E8B03F900071019 /* Bug.cpp */; };
		B5DA1A891DAF726D00D948C9 /* VectorTests.cpp in Sources */ = {isa = PBXBuildFile; fileRef = B5DA1A881DAF726D00D948C9 /* VectorTests.cpp */; };
		B5DF67E81DE64B5000DFE6AA /* Fonts in Resources */ = {isa = PBXBuildFile; fileRef = B5DF67E71DE64B5000DFE6AA /* Fonts */; };
		B5EC497C1DEB69DD00EE16D5 /* Button.cpp in Sources */ = {isa = PBXBuildFile; fileRef = B5EC497A1DEB69DD00EE16D5 /* Button.cpp */; };
		B5FE78151DFC768500FDBE05 /* SkyboxRenderPass.cpp in Sources */ = {isa = PBXBuildFile; fileRef = B5FE78131DFC768500FDBE05 /* SkyboxRenderPass.cpp */; };
/* End PBXBuildFile section */

/* Begin PBXContainerItemProxy section */
		B5880F9D1DB8D6CE0063AEDA /* PBXContainerItemProxy */ = {
			isa = PBXContainerItemProxy;
			containerPortal = B5B1AB341DACCC5100066910 /* Project object */;
			proxyType = 1;
			remoteGlobalIDString = B5B1AB3B1DACCC5100066910;
			remoteInfo = "Bug Sprint";
		};
/* End PBXContainerItemProxy section */

/* Begin PBXFileReference section */
		B50C61141DB51D0B005147FA /* SystemUtils.mm */ = {isa = PBXFileReference; fileEncoding = 4; lastKnownFileType = sourcecode.cpp.objcpp; name = SystemUtils.mm; path = "Source/iOS Layer/SystemUtils.mm"; sourceTree = "<group>"; };
		B50C61151DB51D0B005147FA /* SystemUtils.h */ = {isa = PBXFileReference; fileEncoding = 4; lastKnownFileType = sourcecode.c.h; name = SystemUtils.h; path = "Source/iOS Layer/SystemUtils.h"; sourceTree = "<group>"; };
		B50C61191DB52619005147FA /* test.txt */ = {isa = PBXFileReference; fileEncoding = 4; lastKnownFileType = text; name = test.txt; path = "Bug Sprint/Unit Tests/Assets/test.txt"; sourceTree = SOURCE_ROOT; };
		B50C611C1DB52DE8005147FA /* broken_vertex.vsh */ = {isa = PBXFileReference; fileEncoding = 4; lastKnownFileType = sourcecode.glsl; name = broken_vertex.vsh; path = "Bug Sprint/Unit Tests/Assets/broken_vertex.vsh"; sourceTree = SOURCE_ROOT; };
		B50C611E1DB52DF9005147FA /* broken_fragment.fsh */ = {isa = PBXFileReference; fileEncoding = 4; lastKnownFileType = sourcecode.glsl; name = broken_fragment.fsh; path = "Bug Sprint/Unit Tests/Assets/broken_fragment.fsh"; sourceTree = SOURCE_ROOT; };
		B50C61201DB5348F005147FA /* fragment.fsh */ = {isa = PBXFileReference; fileEncoding = 4; lastKnownFileType = sourcecode.glsl; name = fragment.fsh; path = "Bug Sprint/Unit Tests/Assets/fragment.fsh"; sourceTree = SOURCE_ROOT; };
		B50C61211DB5348F005147FA /* vertex.vsh */ = {isa = PBXFileReference; fileEncoding = 4; lastKnownFileType = sourcecode.glsl; name = vertex.vsh; path = "Bug Sprint/Unit Tests/Assets/vertex.vsh"; sourceTree = SOURCE_ROOT; };
		B50C61251DB538DB005147FA /* Model.cpp */ = {isa = PBXFileReference; fileEncoding = 4; lastKnownFileType = sourcecode.cpp.cpp; name = Model.cpp; path = "Source/Graphics Utils/3D/Model.cpp"; sourceTree = "<group>"; };
		B50C61261DB538DB005147FA /* Model.h */ = {isa = PBXFileReference; fileEncoding = 4; lastKnownFileType = sourcecode.c.h; name = Model.h; path = "Source/Graphics Utils/3D/Model.h"; sourceTree = "<group>"; };
		B50C61281DB54794005147FA /* ModelTests.cpp */ = {isa = PBXFileReference; fileEncoding = 4; lastKnownFileType = sourcecode.cpp.cpp; name = ModelTests.cpp; path = "Bug Sprint/Unit Tests/Source/ModelTests.cpp"; sourceTree = SOURCE_ROOT; };
		B50C612B1DB54807005147FA /* box.obj */ = {isa = PBXFileReference; fileEncoding = 4; lastKnownFileType = text; name = box.obj; path = "Bug Sprint/Unit Tests/Assets/box.obj"; sourceTree = SOURCE_ROOT; };
		B50C61371DB818F3005147FA /* Camera.cpp */ = {isa = PBXFileReference; fileEncoding = 4; lastKnownFileType = sourcecode.cpp.cpp; name = Camera.cpp; path = "Source/Graphics Utils/3D/Camera.cpp"; sourceTree = "<group>"; };
		B50C61381DB818F3005147FA /* Camera.h */ = {isa = PBXFileReference; fileEncoding = 4; lastKnownFileType = sourcecode.c.h; name = Camera.h; path = "Source/Graphics Utils/3D/Camera.h"; sourceTree = "<group>"; };
		B51909641DEF0C6700469B7C /* UIKit.framework */ = {isa = PBXFileReference; lastKnownFileType = wrapper.framework; name = UIKit.framework; path = System/Library/Frameworks/UIKit.framework; sourceTree = SDKROOT; };
		B51909661DEF0C7300469B7C /* CoreGraphics.framework */ = {isa = PBXFileReference; lastKnownFileType = wrapper.framework; name = CoreGraphics.framework; path = System/Library/Frameworks/CoreGraphics.framework; sourceTree = SDKROOT; };
		B51909681DEF0C7E00469B7C /* CoreText.framework */ = {isa = PBXFileReference; lastKnownFileType = wrapper.framework; name = CoreText.framework; path = System/Library/Frameworks/CoreText.framework; sourceTree = SDKROOT; };
		B519096A1DEF129E00469B7C /* ImageTests.cpp */ = {isa = PBXFileReference; fileEncoding = 4; lastKnownFileType = sourcecode.cpp.cpp; name = ImageTests.cpp; path = "Bug Sprint/Unit Tests/Source/ImageTests.cpp"; sourceTree = SOURCE_ROOT; };
		B519096C1DEF12FE00469B7C /* mario.png */ = {isa = PBXFileReference; lastKnownFileType = image.png; name = mario.png; path = "Bug Sprint/Unit Tests/Assets/mario.png"; sourceTree = SOURCE_ROOT; };
		B519096E1DEF19C500469B7C /* goose.jpg */ = {isa = PBXFileReference; lastKnownFileType = image.jpeg; name = goose.jpg; path = "Bug Sprint/Unit Tests/Assets/goose.jpg"; sourceTree = SOURCE_ROOT; };
		B51D15A91DBA2C2F0093E6AC /* Drawable.cpp */ = {isa = PBXFileReference; fileEncoding = 4; lastKnownFileType = sourcecode.cpp.cpp; name = Drawable.cpp; path = "Source/Graphics Utils/3D/Drawable.cpp"; sourceTree = "<group>"; };
		B51D15AA1DBA2C2F0093E6AC /* Drawable.h */ = {isa = PBXFileReference; fileEncoding = 4; lastKnownFileType = sourcecode.c.h; name = Drawable.h; path = "Source/Graphics Utils/3D/Drawable.h"; sourceTree = "<group>"; };
		B53370EB1DB4170000275631 /* ColorTests.cpp */ = {isa = PBXFileReference; fileEncoding = 4; lastKnownFileType = sourcecode.cpp.cpp; name = ColorTests.cpp; path = "Bug Sprint/Unit Tests/Source/ColorTests.cpp"; sourceTree = SOURCE_ROOT; };
		B53370ED1DB4178300275631 /* Color.cpp */ = {isa = PBXFileReference; fileEncoding = 4; lastKnownFileType = sourcecode.cpp.cpp; name = Color.cpp; path = "Source/Graphics Utils/Color.cpp"; sourceTree = "<group>"; };
		B53370EE1DB4178300275631 /* Color.h */ = {isa = PBXFileReference; fileEncoding = 4; lastKnownFileType = sourcecode.c.h; name = Color.h; path = "Source/Graphics Utils/Color.h"; sourceTree = "<group>"; };
		B53370F11DB41BA500275631 /* ShaderProgramTests.cpp */ = {isa = PBXFileReference; fileEncoding = 4; lastKnownFileType = sourcecode.cpp.cpp; name = ShaderProgramTests.cpp; path = "Bug Sprint/Unit Tests/Source/ShaderProgramTests.cpp"; sourceTree = SOURCE_ROOT; };
		B53370F41DB41C7B00275631 /* ShaderProgram.cpp */ = {isa = PBXFileReference; fileEncoding = 4; lastKnownFileType = sourcecode.cpp.cpp; name = ShaderProgram.cpp; path = "Source/Graphics Utils/ShaderProgram.cpp"; sourceTree = "<group>"; };
		B53370F51DB41C7B00275631 /* ShaderProgram.h */ = {isa = PBXFileReference; fileEncoding = 4; lastKnownFileType = sourcecode.c.h; name = ShaderProgram.h; path = "Source/Graphics Utils/ShaderProgram.h"; sourceTree = "<group>"; };
		B53370F81DB4212300275631 /* OpenGLES.framework */ = {isa = PBXFileReference; lastKnownFileType = wrapper.framework; name = OpenGLES.framework; path = System/Library/Frameworks/OpenGLES.framework; sourceTree = SDKROOT; };
		B53370FA1DB4C60900275631 /* FileTests.cpp */ = {isa = PBXFileReference; fileEncoding = 4; lastKnownFileType = sourcecode.cpp.cpp; name = FileTests.cpp; path = "Bug Sprint/Unit Tests/Source/FileTests.cpp"; sourceTree = SOURCE_ROOT; };
		B53370FC1DB4C6A500275631 /* File.cpp */ = {isa = PBXFileReference; fileEncoding = 4; lastKnownFileType = sourcecode.cpp.cpp; name = File.cpp; path = Source/Utils/File.cpp; sourceTree = "<group>"; };
		B53370FD1DB4C6A500275631 /* File.h */ = {isa = PBXFileReference; fileEncoding = 4; lastKnownFileType = sourcecode.c.h; name = File.h; path = Source/Utils/File.h; sourceTree = "<group>"; };
		B54474621DAED2430046A19E /* Core.cpp */ = {isa = PBXFileReference; fileEncoding = 4; lastKnownFileType = sourcecode.cpp.cpp; name = Core.cpp; path = Source/Game/Core.cpp; sourceTree = "<group>"; };
		B54474631DAED2430046A19E /* Core.h */ = {isa = PBXFileReference; fileEncoding = 4; lastKnownFileType = sourcecode.c.h; name = Core.h; path = Source/Game/Core.h; sourceTree = "<group>"; };
		B54474661DAED3250046A19E /* CoreAdapter.mm */ = {isa = PBXFileReference; fileEncoding = 4; lastKnownFileType = sourcecode.cpp.objcpp; name = CoreAdapter.mm; path = "Source/iOS Layer/CoreAdapter.mm"; sourceTree = "<group>"; };
		B54474681DAED4280046A19E /* CoreAdapter.h */ = {isa = PBXFileReference; lastKnownFileType = sourcecode.c.h; name = CoreAdapter.h; path = "Source/iOS Layer/CoreAdapter.h"; sourceTree = "<group>"; };
		B544746A1DAED6F50046A19E /* GLKit.framework */ = {isa = PBXFileReference; lastKnownFileType = wrapper.framework; name = GLKit.framework; path = System/Library/Frameworks/GLKit.framework; sourceTree = SDKROOT; };
		B54FCE7B1DCFB19000EDE7FA /* Types.h */ = {isa = PBXFileReference; fileEncoding = 4; lastKnownFileType = sourcecode.c.h; name = Types.h; path = Source/Utils/Types.h; sourceTree = "<group>"; };
		B550B1CD1DB25E37006EAEFD /* MatrixTests.cpp */ = {isa = PBXFileReference; fileEncoding = 4; lastKnownFileType = sourcecode.cpp.cpp; name = MatrixTests.cpp; path = "Bug Sprint/Unit Tests/Source/MatrixTests.cpp"; sourceTree = SOURCE_ROOT; };
		B550B1CF1DB25EB8006EAEFD /* Matrix.cpp */ = {isa = PBXFileReference; lastKnownFileType = sourcecode.cpp.cpp; name = Matrix.cpp; path = Source/Utils/Matrix.cpp; sourceTree = "<group>"; };
		B550B1D01DB25EB8006EAEFD /* Matrix.h */ = {isa = PBXFileReference; lastKnownFileType = sourcecode.c.h; name = Matrix.h; path = Source/Utils/Matrix.h; sourceTree = "<group>"; };
		B55A36461DF4B60B00882669 /* Instance.h */ = {isa = PBXFileReference; lastKnownFileType = sourcecode.c.h; name = Instance.h; path = "Source/Graphics Utils/Instance.h"; sourceTree = "<group>"; };
		B55A36471DF4B61900882669 /* Instance.cpp */ = {isa = PBXFileReference; fileEncoding = 4; lastKnownFileType = sourcecode.cpp.cpp; name = Instance.cpp; path = "Source/Graphics Utils/Instance.cpp"; sourceTree = "<group>"; };
		B55A36491DF4C21200882669 /* ShadedRenderPass.cpp */ = {isa = PBXFileReference; fileEncoding = 4; lastKnownFileType = sourcecode.cpp.cpp; name = ShadedRenderPass.cpp; path = "Source/Graphics Utils/3D/ShadedRenderPass.cpp"; sourceTree = "<group>"; };
		B55A364A1DF4C21200882669 /* ShadedRenderPass.h */ = {isa = PBXFileReference; fileEncoding = 4; lastKnownFileType = sourcecode.c.h; name = ShadedRenderPass.h; path = "Source/Graphics Utils/3D/ShadedRenderPass.h"; sourceTree = "<group>"; };
		B56C8C2B1DD0F0E500C1138A /* Texture.cpp */ = {isa = PBXFileReference; fileEncoding = 4; lastKnownFileType = sourcecode.cpp.cpp; name = Texture.cpp; path = "Source/Graphics Utils/Texture.cpp"; sourceTree = "<group>"; };
		B56C8C2C1DD0F0E500C1138A /* Texture.h */ = {isa = PBXFileReference; fileEncoding = 4; lastKnownFileType = sourcecode.c.h; name = Texture.h; path = "Source/Graphics Utils/Texture.h"; sourceTree = "<group>"; };
		B56C8C2E1DD0F4FE00C1138A /* Image.cpp */ = {isa = PBXFileReference; fileEncoding = 4; lastKnownFileType = sourcecode.cpp.cpp; name = Image.cpp; path = "Source/Graphics Utils/Image.cpp"; sourceTree = "<group>"; };
		B56C8C2F1DD0F4FE00C1138A /* Image.h */ = {isa = PBXFileReference; fileEncoding = 4; lastKnownFileType = sourcecode.c.h; name = Image.h; path = "Source/Graphics Utils/Image.h"; sourceTree = "<group>"; };
		B57035FA1DCF4B4D00B46354 /* FileBuffer.cpp */ = {isa = PBXFileReference; fileEncoding = 4; lastKnownFileType = sourcecode.cpp.cpp; name = FileBuffer.cpp; path = Source/Utils/FileBuffer.cpp; sourceTree = "<group>"; };
		B57035FB1DCF4B4D00B46354 /* FileBuffer.h */ = {isa = PBXFileReference; fileEncoding = 4; lastKnownFileType = sourcecode.c.h; name = FileBuffer.h; path = Source/Utils/FileBuffer.h; sourceTree = "<group>"; };
		B57035FD1DCF4BCE00B46354 /* OpenGLES.h */ = {isa = PBXFileReference; lastKnownFileType = sourcecode.c.h; name = OpenGLES.h; path = "Source/iOS Layer/OpenGLES.h"; sourceTree = "<group>"; };
		B58779E11DAD8FC5007A6DBF /* Bridging-Header.h */ = {isa = PBXFileReference; lastKnownFileType = sourcecode.c.h; name = "Bridging-Header.h"; path = "Source/iOS Layer/Bridging-Header.h"; sourceTree = "<group>"; };
		B58779E21DAD8FC6007A6DBF /* Instance3D.cpp */ = {isa = PBXFileReference; fileEncoding = 4; lastKnownFileType = sourcecode.cpp.cpp; name = Instance3D.cpp; path = "Source/Graphics Utils/3D/Instance3D.cpp"; sourceTree = "<group>"; };
		B58779E31DAD8FC6007A6DBF /* Instance3D.h */ = {isa = PBXFileReference; fileEncoding = 4; lastKnownFileType = sourcecode.c.h; name = Instance3D.h; path = "Source/Graphics Utils/3D/Instance3D.h"; sourceTree = "<group>"; };
		B5880FA71DB939840063AEDA /* Light.cpp */ = {isa = PBXFileReference; fileEncoding = 4; lastKnownFileType = sourcecode.cpp.cpp; name = Light.cpp; path = "Source/Graphics Utils/3D/Light.cpp"; sourceTree = "<group>"; };
		B5880FA81DB939840063AEDA /* Light.h */ = {isa = PBXFileReference; fileEncoding = 4; lastKnownFileType = sourcecode.c.h; name = Light.h; path = "Source/Graphics Utils/3D/Light.h"; sourceTree = "<group>"; };
		B5880FAB1DB939A90063AEDA /* InstanceTests.cpp */ = {isa = PBXFileReference; fileEncoding = 4; lastKnownFileType = sourcecode.cpp.cpp; name = InstanceTests.cpp; path = "Bug Sprint/Unit Tests/Source/InstanceTests.cpp"; sourceTree = SOURCE_ROOT; };
		B5A5FCE71E06E6C50032A9FF /* Instance3DTests.cpp */ = {isa = PBXFileReference; fileEncoding = 4; lastKnownFileType = sourcecode.cpp.cpp; name = Instance3DTests.cpp; path = "Bug Sprint/Unit Tests/Source/Instance3DTests.cpp"; sourceTree = SOURCE_ROOT; };
		B5A7DB911DE1C6EB003C1B7D /* Sprite.cpp */ = {isa = PBXFileReference; fileEncoding = 4; lastKnownFileType = sourcecode.cpp.cpp; name = Sprite.cpp; path = "Source/Graphics Utils/2D/Sprite.cpp"; sourceTree = "<group>"; };
		B5A7DB921DE1C6EB003C1B7D /* Sprite.h */ = {isa = PBXFileReference; fileEncoding = 4; lastKnownFileType = sourcecode.c.h; name = Sprite.h; path = "Source/Graphics Utils/2D/Sprite.h"; sourceTree = "<group>"; };
		B5AD7ECD1DE845E400BD41CE /* Instance2D.cpp */ = {isa = PBXFileReference; fileEncoding = 4; lastKnownFileType = sourcecode.cpp.cpp; name = Instance2D.cpp; path = "Source/Graphics Utils/2D/Instance2D.cpp"; sourceTree = "<group>"; };
		B5AD7ECE1DE845E400BD41CE /* Instance2D.h */ = {isa = PBXFileReference; fileEncoding = 4; lastKnownFileType = sourcecode.c.h; name = Instance2D.h; path = "Source/Graphics Utils/2D/Instance2D.h"; sourceTree = "<group>"; };
		B5AE6F8A1E0070D9005BC925 /* CarScene.cpp */ = {isa = PBXFileReference; fileEncoding = 4; lastKnownFileType = sourcecode.cpp.cpp; name = CarScene.cpp; path = Source/Game/CarScene.cpp; sourceTree = "<group>"; };
		B5AE6F8B1E0070D9005BC925 /* CarScene.h */ = {isa = PBXFileReference; fileEncoding = 4; lastKnownFileType = sourcecode.c.h; name = CarScene.h; path = Source/Game/CarScene.h; sourceTree = "<group>"; };
		B5AE6F8E1E008064005BC925 /* Car.cpp */ = {isa = PBXFileReference; fileEncoding = 4; lastKnownFileType = sourcecode.cpp.cpp; name = Car.cpp; path = Source/Game/Things/Car.cpp; sourceTree = "<group>"; };
		B5AE6F8F1E008064005BC925 /* Car.h */ = {isa = PBXFileReference; fileEncoding = 4; lastKnownFileType = sourcecode.c.h; name = Car.h; path = Source/Game/Things/Car.h; sourceTree = "<group>"; };
		B5B1AB3C1DACCC5100066910 /* Bug Sprint.app */ = {isa = PBXFileReference; explicitFileType = wrapper.application; includeInIndex = 0; path = "Bug Sprint.app"; sourceTree = BUILT_PRODUCTS_DIR; };
		B5B1AB3F1DACCC5100066910 /* AppDelegate.swift */ = {isa = PBXFileReference; lastKnownFileType = sourcecode.swift; name = AppDelegate.swift; path = "Source/iOS Layer/AppDelegate.swift"; sourceTree = "<group>"; };
		B5B1AB411DACCC5100066910 /* MainViewController.swift */ = {isa = PBXFileReference; lastKnownFileType = sourcecode.swift; name = MainViewController.swift; path = "Source/iOS Layer/MainViewController.swift"; sourceTree = "<group>"; };
		B5B1AB461DACCC5100066910 /* Assets.xcassets */ = {isa = PBXFileReference; lastKnownFileType = folder.assetcatalog; name = Assets.xcassets; path = "Bug Sprint/Assets/iOS Layer/Assets.xcassets"; sourceTree = "<group>"; };
		B5B1AB4B1DACCC5100066910 /* Info.plist */ = {isa = PBXFileReference; lastKnownFileType = text.plist.xml; name = Info.plist; path = "Bug Sprint/Supporting Files/Info.plist"; sourceTree = "<group>"; };
		B5B1AB531DACD19700066910 /* Launch Screen.storyboard */ = {isa = PBXFileReference; fileEncoding = 4; lastKnownFileType = file.storyboard; name = "Launch Screen.storyboard"; path = "Bug Sprint/Assets/iOS Layer/Launch Screen.storyboard"; sourceTree = "<group>"; };
		B5B1AB551DACD1A800066910 /* Main.storyboard */ = {isa = PBXFileReference; fileEncoding = 4; lastKnownFileType = file.storyboard; name = Main.storyboard; path = "Source/iOS Layer/Main.storyboard"; sourceTree = "<group>"; };
		B5B587511E195E8E00FB994C /* Drawable2D.cpp */ = {isa = PBXFileReference; fileEncoding = 4; lastKnownFileType = sourcecode.cpp.cpp; name = Drawable2D.cpp; path = "Source/Graphics Utils/2D/Drawable2D.cpp"; sourceTree = "<group>"; };
		B5B587521E195E8E00FB994C /* Drawable2D.h */ = {isa = PBXFileReference; fileEncoding = 4; lastKnownFileType = sourcecode.c.h; name = Drawable2D.h; path = "Source/Graphics Utils/2D/Drawable2D.h"; sourceTree = "<group>"; };
		B5B6EAF51DF0C3530010F148 /* SceneTests.cpp */ = {isa = PBXFileReference; fileEncoding = 4; lastKnownFileType = sourcecode.cpp.cpp; name = SceneTests.cpp; path = "Bug Sprint/Unit Tests/Source/SceneTests.cpp"; sourceTree = SOURCE_ROOT; };
		B5B6EAF71DF0C6C60010F148 /* Scene.cpp */ = {isa = PBXFileReference; fileEncoding = 4; lastKnownFileType = sourcecode.cpp.cpp; name = Scene.cpp; path = "Source/Graphics Utils/Scene.cpp"; sourceTree = "<group>"; };
		B5B6EAF81DF0C6C60010F148 /* Scene.h */ = {isa = PBXFileReference; fileEncoding = 4; lastKnownFileType = sourcecode.c.h; name = Scene.h; path = "Source/Graphics Utils/Scene.h"; sourceTree = "<group>"; };
		B5B6EAFB1DF307080010F148 /* RenderPass.cpp */ = {isa = PBXFileReference; fileEncoding = 4; lastKnownFileType = sourcecode.cpp.cpp; name = RenderPass.cpp; path = "Source/Graphics Utils/RenderPass.cpp"; sourceTree = "<group>"; };
		B5B6EAFC1DF307080010F148 /* RenderPass.h */ = {isa = PBXFileReference; fileEncoding = 4; lastKnownFileType = sourcecode.c.h; name = RenderPass.h; path = "Source/Graphics Utils/RenderPass.h"; sourceTree = "<group>"; };
		B5B6EAFF1DF310830010F148 /* RenderPass2D.cpp */ = {isa = PBXFileReference; fileEncoding = 4; lastKnownFileType = sourcecode.cpp.cpp; name = RenderPass2D.cpp; path = "Source/Graphics Utils/2D/RenderPass2D.cpp"; sourceTree = "<group>"; };
		B5B6EB001DF310830010F148 /* RenderPass2D.h */ = {isa = PBXFileReference; fileEncoding = 4; lastKnownFileType = sourcecode.c.h; name = RenderPass2D.h; path = "Source/Graphics Utils/2D/RenderPass2D.h"; sourceTree = "<group>"; };
		B5B6EB031DF458CA0010F148 /* TestScene.cpp */ = {isa = PBXFileReference; fileEncoding = 4; lastKnownFileType = sourcecode.cpp.cpp; name = TestScene.cpp; path = Source/Game/TestScene.cpp; sourceTree = "<group>"; };
		B5B6EB041DF458CA0010F148 /* TestScene.h */ = {isa = PBXFileReference; fileEncoding = 4; lastKnownFileType = sourcecode.c.h; name = TestScene.h; path = Source/Game/TestScene.h; sourceTree = "<group>"; };
		B5C3C21C1DCF544100202C37 /* Game */ = {isa = PBXFileReference; lastKnownFileType = folder; name = Game; path = "Bug Sprint/Assets/Game"; sourceTree = "<group>"; };
		B5C3C21E1DCF545E00202C37 /* Shaders */ = {isa = PBXFileReference; lastKnownFileType = folder; name = Shaders; path = Source/Shaders; sourceTree = "<group>"; };
		B5C7D20C1DAD746D009E66A9 /* Unit Tests.xctest */ = {isa = PBXFileReference; explicitFileType = wrapper.cfbundle; includeInIndex = 0; path = "Unit Tests.xctest"; sourceTree = BUILT_PRODUCTS_DIR; };
		B5C7D2101DAD746D009E66A9 /* Info.plist */ = {isa = PBXFileReference; lastKnownFileType = text.plist; name = Info.plist; path = "Bug Sprint/Unit Tests/Supporting Files/Info.plist"; sourceTree = "<group>"; };
		B5C7D2171DAD81B4009E66A9 /* GoogleTests.mm */ = {isa = PBXFileReference; fileEncoding = 4; lastKnownFileType = sourcecode.cpp.objcpp; name = GoogleTests.mm; path = "External Frameworks/xcode-googletest/GoogleTests.mm"; sourceTree = "<group>"; };
		B5C7D2241DAD86CF009E66A9 /* gtest-all.cc */ = {isa = PBXFileReference; lastKnownFileType = sourcecode.cpp.cpp; path = "gtest-all.cc"; sourceTree = "<group>"; };
		B5C7D2251DAD86CF009E66A9 /* gtest-death-test.cc */ = {isa = PBXFileReference; lastKnownFileType = sourcecode.cpp.cpp; path = "gtest-death-test.cc"; sourceTree = "<group>"; };
		B5C7D2261DAD86CF009E66A9 /* gtest-filepath.cc */ = {isa = PBXFileReference; lastKnownFileType = sourcecode.cpp.cpp; path = "gtest-filepath.cc"; sourceTree = "<group>"; };
		B5C7D2271DAD86CF009E66A9 /* gtest-internal-inl.h */ = {isa = PBXFileReference; lastKnownFileType = sourcecode.c.h; path = "gtest-internal-inl.h"; sourceTree = "<group>"; };
		B5C7D2281DAD86CF009E66A9 /* gtest-port.cc */ = {isa = PBXFileReference; lastKnownFileType = sourcecode.cpp.cpp; path = "gtest-port.cc"; sourceTree = "<group>"; };
		B5C7D2291DAD86CF009E66A9 /* gtest-printers.cc */ = {isa = PBXFileReference; lastKnownFileType = sourcecode.cpp.cpp; path = "gtest-printers.cc"; sourceTree = "<group>"; };
		B5C7D22A1DAD86CF009E66A9 /* gtest-test-part.cc */ = {isa = PBXFileReference; lastKnownFileType = sourcecode.cpp.cpp; path = "gtest-test-part.cc"; sourceTree = "<group>"; };
		B5C7D22B1DAD86CF009E66A9 /* gtest-typed-test.cc */ = {isa = PBXFileReference; lastKnownFileType = sourcecode.cpp.cpp; path = "gtest-typed-test.cc"; sourceTree = "<group>"; };
		B5C7D22C1DAD86CF009E66A9 /* gtest.cc */ = {isa = PBXFileReference; lastKnownFileType = sourcecode.cpp.cpp; path = gtest.cc; sourceTree = "<group>"; };
		B5C7D22D1DAD86CF009E66A9 /* gtest_main.cc */ = {isa = PBXFileReference; lastKnownFileType = sourcecode.cpp.cpp; path = gtest_main.cc; sourceTree = "<group>"; };
		B5C7D2301DAD86D8009E66A9 /* gtest-death-test.h */ = {isa = PBXFileReference; fileEncoding = 4; lastKnownFileType = sourcecode.c.h; path = "gtest-death-test.h"; sourceTree = "<group>"; };
		B5C7D2311DAD86D8009E66A9 /* gtest-message.h */ = {isa = PBXFileReference; fileEncoding = 4; lastKnownFileType = sourcecode.c.h; path = "gtest-message.h"; sourceTree = "<group>"; };
		B5C7D2321DAD86D8009E66A9 /* gtest-param-test.h */ = {isa = PBXFileReference; fileEncoding = 4; lastKnownFileType = sourcecode.c.h; path = "gtest-param-test.h"; sourceTree = "<group>"; };
		B5C7D2331DAD86D8009E66A9 /* gtest-param-test.h.pump */ = {isa = PBXFileReference; fileEncoding = 4; lastKnownFileType = text; path = "gtest-param-test.h.pump"; sourceTree = "<group>"; };
		B5C7D2341DAD86D8009E66A9 /* gtest-printers.h */ = {isa = PBXFileReference; fileEncoding = 4; lastKnownFileType = sourcecode.c.h; path = "gtest-printers.h"; sourceTree = "<group>"; };
		B5C7D2351DAD86D8009E66A9 /* gtest-spi.h */ = {isa = PBXFileReference; fileEncoding = 4; lastKnownFileType = sourcecode.c.h; path = "gtest-spi.h"; sourceTree = "<group>"; };
		B5C7D2361DAD86D8009E66A9 /* gtest-test-part.h */ = {isa = PBXFileReference; fileEncoding = 4; lastKnownFileType = sourcecode.c.h; path = "gtest-test-part.h"; sourceTree = "<group>"; };
		B5C7D2371DAD86D8009E66A9 /* gtest-typed-test.h */ = {isa = PBXFileReference; fileEncoding = 4; lastKnownFileType = sourcecode.c.h; path = "gtest-typed-test.h"; sourceTree = "<group>"; };
		B5C7D2381DAD86D8009E66A9 /* gtest.h */ = {isa = PBXFileReference; fileEncoding = 4; lastKnownFileType = sourcecode.c.h; path = gtest.h; sourceTree = "<group>"; };
		B5C7D2391DAD86D8009E66A9 /* gtest_pred_impl.h */ = {isa = PBXFileReference; fileEncoding = 4; lastKnownFileType = sourcecode.c.h; path = gtest_pred_impl.h; sourceTree = "<group>"; };
		B5C7D23A1DAD86D8009E66A9 /* gtest_prod.h */ = {isa = PBXFileReference; fileEncoding = 4; lastKnownFileType = sourcecode.c.h; path = gtest_prod.h; sourceTree = "<group>"; };
		B5C7D23D1DAD86D8009E66A9 /* gtest-port.h */ = {isa = PBXFileReference; fileEncoding = 4; lastKnownFileType = sourcecode.c.h; path = "gtest-port.h"; sourceTree = "<group>"; };
		B5C7D23E1DAD86D8009E66A9 /* gtest-printers.h */ = {isa = PBXFileReference; fileEncoding = 4; lastKnownFileType = sourcecode.c.h; path = "gtest-printers.h"; sourceTree = "<group>"; };
		B5C7D23F1DAD86D8009E66A9 /* gtest.h */ = {isa = PBXFileReference; fileEncoding = 4; lastKnownFileType = sourcecode.c.h; path = gtest.h; sourceTree = "<group>"; };
		B5C7D2401DAD86D8009E66A9 /* gtest-death-test-internal.h */ = {isa = PBXFileReference; fileEncoding = 4; lastKnownFileType = sourcecode.c.h; path = "gtest-death-test-internal.h"; sourceTree = "<group>"; };
		B5C7D2411DAD86D8009E66A9 /* gtest-filepath.h */ = {isa = PBXFileReference; fileEncoding = 4; lastKnownFileType = sourcecode.c.h; path = "gtest-filepath.h"; sourceTree = "<group>"; };
		B5C7D2421DAD86D8009E66A9 /* gtest-internal.h */ = {isa = PBXFileReference; fileEncoding = 4; lastKnownFileType = sourcecode.c.h; path = "gtest-internal.h"; sourceTree = "<group>"; };
		B5C7D2431DAD86D8009E66A9 /* gtest-linked_ptr.h */ = {isa = PBXFileReference; fileEncoding = 4; lastKnownFileType = sourcecode.c.h; path = "gtest-linked_ptr.h"; sourceTree = "<group>"; };
		B5C7D2441DAD86D8009E66A9 /* gtest-param-util-generated.h */ = {isa = PBXFileReference; fileEncoding = 4; lastKnownFileType = sourcecode.c.h; path = "gtest-param-util-generated.h"; sourceTree = "<group>"; };
		B5C7D2451DAD86D8009E66A9 /* gtest-param-util-generated.h.pump */ = {isa = PBXFileReference; fileEncoding = 4; lastKnownFileType = text; path = "gtest-param-util-generated.h.pump"; sourceTree = "<group>"; };
		B5C7D2461DAD86D8009E66A9 /* gtest-param-util.h */ = {isa = PBXFileReference; fileEncoding = 4; lastKnownFileType = sourcecode.c.h; path = "gtest-param-util.h"; sourceTree = "<group>"; };
		B5C7D2471DAD86D8009E66A9 /* gtest-port-arch.h */ = {isa = PBXFileReference; fileEncoding = 4; lastKnownFileType = sourcecode.c.h; path = "gtest-port-arch.h"; sourceTree = "<group>"; };
		B5C7D2481DAD86D8009E66A9 /* gtest-port.h */ = {isa = PBXFileReference; fileEncoding = 4; lastKnownFileType = sourcecode.c.h; path = "gtest-port.h"; sourceTree = "<group>"; };
		B5C7D2491DAD86D8009E66A9 /* gtest-string.h */ = {isa = PBXFileReference; fileEncoding = 4; lastKnownFileType = sourcecode.c.h; path = "gtest-string.h"; sourceTree = "<group>"; };
		B5C7D24A1DAD86D8009E66A9 /* gtest-tuple.h */ = {isa = PBXFileReference; fileEncoding = 4; lastKnownFileType = sourcecode.c.h; path = "gtest-tuple.h"; sourceTree = "<group>"; };
		B5C7D24B1DAD86D8009E66A9 /* gtest-tuple.h.pump */ = {isa = PBXFileReference; fileEncoding = 4; lastKnownFileType = text; path = "gtest-tuple.h.pump"; sourceTree = "<group>"; };
		B5C7D24C1DAD86D8009E66A9 /* gtest-type-util.h */ = {isa = PBXFileReference; fileEncoding = 4; lastKnownFileType = sourcecode.c.h; path = "gtest-type-util.h"; sourceTree = "<group>"; };
		B5C7D24D1DAD86D8009E66A9 /* gtest-type-util.h.pump */ = {isa = PBXFileReference; fileEncoding = 4; lastKnownFileType = text; path = "gtest-type-util.h.pump"; sourceTree = "<group>"; };
		B5C9580F1DDD26160012F607 /* ShadowRenderPass.cpp */ = {isa = PBXFileReference; fileEncoding = 4; lastKnownFileType = sourcecode.cpp.cpp; name = ShadowRenderPass.cpp; path = "Source/Graphics Utils/3D/ShadowRenderPass.cpp"; sourceTree = "<group>"; };
		B5C958101DDD26160012F607 /* ShadowRenderPass.h */ = {isa = PBXFileReference; fileEncoding = 4; lastKnownFileType = sourcecode.c.h; name = ShadowRenderPass.h; path = "Source/Graphics Utils/3D/ShadowRenderPass.h"; sourceTree = "<group>"; };
		B5D3626E1E8B03F900071019 /* Bug.cpp */ = {isa = PBXFileReference; fileEncoding = 4; lastKnownFileType = sourcecode.cpp.cpp; name = Bug.cpp; path = Source/Game/Things/Bug.cpp; sourceTree = "<group>"; };
		B5D3626F1E8B03F900071019 /* Bug.h */ = {isa = PBXFileReference; fileEncoding = 4; lastKnownFileType = sourcecode.c.h; name = Bug.h; path = Source/Game/Things/Bug.h; sourceTree = "<group>"; };
		B5DA1A851DAF6B0F00D948C9 /* Vector.h */ = {isa = PBXFileReference; lastKnownFileType = sourcecode.c.h; name = Vector.h; path = Source/Utils/Vector.h; sourceTree = "<group>"; };
		B5DA1A861DAF6B1E00D948C9 /* Vector.cpp */ = {isa = PBXFileReference; fileEncoding = 4; lastKnownFileType = sourcecode.cpp.cpp; name = Vector.cpp; path = Source/Utils/Vector.cpp; sourceTree = "<group>"; };
		B5DA1A881DAF726D00D948C9 /* VectorTests.cpp */ = {isa = PBXFileReference; fileEncoding = 4; lastKnownFileType = sourcecode.cpp.cpp; name = VectorTests.cpp; path = "Bug Sprint/Unit Tests/Source/VectorTests.cpp"; sourceTree = SOURCE_ROOT; };
		B5DF67E71DE64B5000DFE6AA /* Fonts */ = {isa = PBXFileReference; lastKnownFileType = folder; name = Fonts; path = "Bug Sprint/Assets/Fonts"; sourceTree = "<group>"; };
		B5EC497A1DEB69DD00EE16D5 /* Button.cpp */ = {isa = PBXFileReference; fileEncoding = 4; lastKnownFileType = sourcecode.cpp.cpp; name = Button.cpp; path = "Source/Graphics Utils/2D/Button.cpp"; sourceTree = "<group>"; };
		B5EC497B1DEB69DD00EE16D5 /* Button.h */ = {isa = PBXFileReference; fileEncoding = 4; lastKnownFileType = sourcecode.c.h; name = Button.h; path = "Source/Graphics Utils/2D/Button.h"; sourceTree = "<group>"; };
		B5FE78131DFC768500FDBE05 /* SkyboxRenderPass.cpp */ = {isa = PBXFileReference; fileEncoding = 4; lastKnownFileType = sourcecode.cpp.cpp; name = SkyboxRenderPass.cpp; path = "Source/Graphics Utils/3D/SkyboxRenderPass.cpp"; sourceTree = "<group>"; };
		B5FE78141DFC768500FDBE05 /* SkyboxRenderPass.h */ = {isa = PBXFileReference; fileEncoding = 4; lastKnownFileType = sourcecode.c.h; name = SkyboxRenderPass.h; path = "Source/Graphics Utils/3D/SkyboxRenderPass.h"; sourceTree = "<group>"; };
/* End PBXFileReference section */

/* Begin PBXFrameworksBuildPhase section */
		B5B1AB391DACCC5100066910 /* Frameworks */ = {
			isa = PBXFrameworksBuildPhase;
			buildActionMask = 2147483647;
			files = (
			);
			runOnlyForDeploymentPostprocessing = 0;
		};
		B5C7D2091DAD746D009E66A9 /* Frameworks */ = {
			isa = PBXFrameworksBuildPhase;
			buildActionMask = 2147483647;
			files = (
				B51909691DEF0C7E00469B7C /* CoreText.framework in Frameworks */,
				B51909671DEF0C7300469B7C /* CoreGraphics.framework in Frameworks */,
				B51909651DEF0C6700469B7C /* UIKit.framework in Frameworks */,
				B53370F91DB4212300275631 /* OpenGLES.framework in Frameworks */,
			);
			runOnlyForDeploymentPostprocessing = 0;
		};
/* End PBXFrameworksBuildPhase section */

/* Begin PBXGroup section */
		B50C61181DB52600005147FA /* Assets */ = {
			isa = PBXGroup;
			children = (
				B50C61191DB52619005147FA /* test.txt */,
				B50C61211DB5348F005147FA /* vertex.vsh */,
				B50C61201DB5348F005147FA /* fragment.fsh */,
				B50C611C1DB52DE8005147FA /* broken_vertex.vsh */,
				B50C611E1DB52DF9005147FA /* broken_fragment.fsh */,
				B50C612B1DB54807005147FA /* box.obj */,
				B519096C1DEF12FE00469B7C /* mario.png */,
				B519096E1DEF19C500469B7C /* goose.jpg */,
			);
			name = Assets;
			sourceTree = "<group>";
		};
		B50C61241DB5379A005147FA /* Graphics Utils */ = {
			isa = PBXGroup;
			children = (
				B5B273C51DE8891B00DCF07C /* 3D */,
				B5A7DB901DE1C6DD003C1B7D /* 2D */,
				B53370EE1DB4178300275631 /* Color.h */,
				B53370ED1DB4178300275631 /* Color.cpp */,
				B53370F51DB41C7B00275631 /* ShaderProgram.h */,
				B53370F41DB41C7B00275631 /* ShaderProgram.cpp */,
				B56C8C2C1DD0F0E500C1138A /* Texture.h */,
				B56C8C2B1DD0F0E500C1138A /* Texture.cpp */,
				B56C8C2F1DD0F4FE00C1138A /* Image.h */,
				B56C8C2E1DD0F4FE00C1138A /* Image.cpp */,
				B55A36461DF4B60B00882669 /* Instance.h */,
				B55A36471DF4B61900882669 /* Instance.cpp */,
				B5B6EAFC1DF307080010F148 /* RenderPass.h */,
				B5B6EAFB1DF307080010F148 /* RenderPass.cpp */,
				B5B6EAF81DF0C6C60010F148 /* Scene.h */,
				B5B6EAF71DF0C6C60010F148 /* Scene.cpp */,
			);
			name = "Graphics Utils";
			sourceTree = "<group>";
		};
		B54474651DAED2F50046A19E /* iOS Layer */ = {
			isa = PBXGroup;
			children = (
				B58779E11DAD8FC5007A6DBF /* Bridging-Header.h */,
				B5B1AB3F1DACCC5100066910 /* AppDelegate.swift */,
				B5B1AB551DACD1A800066910 /* Main.storyboard */,
				B5B1AB411DACCC5100066910 /* MainViewController.swift */,
				B54474681DAED4280046A19E /* CoreAdapter.h */,
				B54474661DAED3250046A19E /* CoreAdapter.mm */,
				B50C61151DB51D0B005147FA /* SystemUtils.h */,
				B50C61141DB51D0B005147FA /* SystemUtils.mm */,
				B57035FD1DCF4BCE00B46354 /* OpenGLES.h */,
			);
			name = "iOS Layer";
			sourceTree = "<group>";
		};
		B54474691DAED6F50046A19E /* Frameworks */ = {
			isa = PBXGroup;
			children = (
				B51909681DEF0C7E00469B7C /* CoreText.framework */,
				B51909661DEF0C7300469B7C /* CoreGraphics.framework */,
				B51909641DEF0C6700469B7C /* UIKit.framework */,
				B53370F81DB4212300275631 /* OpenGLES.framework */,
				B544746A1DAED6F50046A19E /* GLKit.framework */,
			);
			name = Frameworks;
			sourceTree = "<group>";
		};
		B58779E01DAD8F2E007A6DBF /* Game */ = {
			isa = PBXGroup;
			children = (
				B54474631DAED2430046A19E /* Core.h */,
				B54474621DAED2430046A19E /* Core.cpp */,
				B5B6EB041DF458CA0010F148 /* TestScene.h */,
				B5B6EB031DF458CA0010F148 /* TestScene.cpp */,
				B5AE6F8B1E0070D9005BC925 /* CarScene.h */,
				B5AE6F8A1E0070D9005BC925 /* CarScene.cpp */,
				B5AE6F8D1E008045005BC925 /* Things */,
			);
			name = Game;
			sourceTree = "<group>";
		};
		B5A7DB901DE1C6DD003C1B7D /* 2D */ = {
			isa = PBXGroup;
			children = (
				B5AD7ECE1DE845E400BD41CE /* Instance2D.h */,
				B5AD7ECD1DE845E400BD41CE /* Instance2D.cpp */,
				B5B587521E195E8E00FB994C /* Drawable2D.h */,
				B5B587511E195E8E00FB994C /* Drawable2D.cpp */,
				B5B6EB001DF310830010F148 /* RenderPass2D.h */,
				B5B6EAFF1DF310830010F148 /* RenderPass2D.cpp */,
				B5A7DB921DE1C6EB003C1B7D /* Sprite.h */,
				B5A7DB911DE1C6EB003C1B7D /* Sprite.cpp */,
				B5EC497B1DEB69DD00EE16D5 /* Button.h */,
				B5EC497A1DEB69DD00EE16D5 /* Button.cpp */,
			);
			name = 2D;
			sourceTree = "<group>";
		};
		B5AE6F8D1E008045005BC925 /* Things */ = {
			isa = PBXGroup;
			children = (
				B5AE6F8F1E008064005BC925 /* Car.h */,
				B5AE6F8E1E008064005BC925 /* Car.cpp */,
				B5D3626F1E8B03F900071019 /* Bug.h */,
				B5D3626E1E8B03F900071019 /* Bug.cpp */,
			);
			name = Things;
			sourceTree = "<group>";
		};
		B5B1AB331DACCC5100066910 = {
			isa = PBXGroup;
			children = (
				B5B1AB3E1DACCC5100066910 /* Source */,
				B5B1AB521DACCCC300066910 /* Assets */,
				B5B1AB511DACCCB600066910 /* Supporting Files */,
				B5C7D1ED1DAD73C7009E66A9 /* External Frameworks */,
				B5C7D20D1DAD746D009E66A9 /* Unit Tests */,
				B5B1AB3D1DACCC5100066910 /* Products */,
				B54474691DAED6F50046A19E /* Frameworks */,
			);
			sourceTree = "<group>";
		};
		B5B1AB3D1DACCC5100066910 /* Products */ = {
			isa = PBXGroup;
			children = (
				B5B1AB3C1DACCC5100066910 /* Bug Sprint.app */,
				B5C7D20C1DAD746D009E66A9 /* Unit Tests.xctest */,
			);
			name = Products;
			sourceTree = "<group>";
		};
		B5B1AB3E1DACCC5100066910 /* Source */ = {
			isa = PBXGroup;
			children = (
				B54474651DAED2F50046A19E /* iOS Layer */,
				B5DA1A841DAF6AC100D948C9 /* Utils */,
				B50C61241DB5379A005147FA /* Graphics Utils */,
				B58779E01DAD8F2E007A6DBF /* Game */,
				B5C3C21E1DCF545E00202C37 /* Shaders */,
			);
			name = Source;
			path = "Bug Sprint";
			sourceTree = "<group>";
		};
		B5B1AB511DACCCB600066910 /* Supporting Files */ = {
			isa = PBXGroup;
			children = (
				B5B1AB4B1DACCC5100066910 /* Info.plist */,
			);
			name = "Supporting Files";
			sourceTree = "<group>";
		};
		B5B1AB521DACCCC300066910 /* Assets */ = {
			isa = PBXGroup;
			children = (
				B5B8487D1DAEE9FD00A3BB79 /* iOS Layer */,
				B5C3C21C1DCF544100202C37 /* Game */,
				B5DF67E71DE64B5000DFE6AA /* Fonts */,
			);
			name = Assets;
			sourceTree = "<group>";
		};
		B5B273C51DE8891B00DCF07C /* 3D */ = {
			isa = PBXGroup;
			children = (
				B58779E31DAD8FC6007A6DBF /* Instance3D.h */,
				B58779E21DAD8FC6007A6DBF /* Instance3D.cpp */,
				B51D15AA1DBA2C2F0093E6AC /* Drawable.h */,
				B51D15A91DBA2C2F0093E6AC /* Drawable.cpp */,
				B50C61261DB538DB005147FA /* Model.h */,
				B50C61251DB538DB005147FA /* Model.cpp */,
				B50C61381DB818F3005147FA /* Camera.h */,
				B50C61371DB818F3005147FA /* Camera.cpp */,
				B5880FA81DB939840063AEDA /* Light.h */,
				B5880FA71DB939840063AEDA /* Light.cpp */,
				B55A364A1DF4C21200882669 /* ShadedRenderPass.h */,
				B55A36491DF4C21200882669 /* ShadedRenderPass.cpp */,
				B5C958101DDD26160012F607 /* ShadowRenderPass.h */,
				B5C9580F1DDD26160012F607 /* ShadowRenderPass.cpp */,
				B5FE78141DFC768500FDBE05 /* SkyboxRenderPass.h */,
				B5FE78131DFC768500FDBE05 /* SkyboxRenderPass.cpp */,
			);
			name = 3D;
			sourceTree = "<group>";
		};
		B5B8487D1DAEE9FD00A3BB79 /* iOS Layer */ = {
			isa = PBXGroup;
			children = (
				B5B1AB461DACCC5100066910 /* Assets.xcassets */,
				B5B1AB531DACD19700066910 /* Launch Screen.storyboard */,
			);
			name = "iOS Layer";
			sourceTree = "<group>";
		};
		B5C7D1ED1DAD73C7009E66A9 /* External Frameworks */ = {
			isa = PBXGroup;
			children = (
				B5C7D2221DAD8672009E66A9 /* googletest */,
				B5C7D2161DAD8196009E66A9 /* xcode-googletest */,
			);
			name = "External Frameworks";
			sourceTree = "<group>";
		};
		B5C7D20D1DAD746D009E66A9 /* Unit Tests */ = {
			isa = PBXGroup;
			children = (
				B5C7D2191DAD81CD009E66A9 /* Source */,
				B50C61181DB52600005147FA /* Assets */,
				B5C7D21A1DAD81D2009E66A9 /* Supporting Files */,
			);
			name = "Unit Tests";
			path = UnitTests;
			sourceTree = "<group>";
		};
		B5C7D2161DAD8196009E66A9 /* xcode-googletest */ = {
			isa = PBXGroup;
			children = (
				B5C7D2171DAD81B4009E66A9 /* GoogleTests.mm */,
			);
			name = "xcode-googletest";
			sourceTree = "<group>";
		};
		B5C7D2191DAD81CD009E66A9 /* Source */ = {
			isa = PBXGroup;
			children = (
				B5DA1A881DAF726D00D948C9 /* VectorTests.cpp */,
				B550B1CD1DB25E37006EAEFD /* MatrixTests.cpp */,
				B53370EB1DB4170000275631 /* ColorTests.cpp */,
				B53370FA1DB4C60900275631 /* FileTests.cpp */,
				B53370F11DB41BA500275631 /* ShaderProgramTests.cpp */,
				B50C61281DB54794005147FA /* ModelTests.cpp */,
				B5880FAB1DB939A90063AEDA /* InstanceTests.cpp */,
				B5A5FCE71E06E6C50032A9FF /* Instance3DTests.cpp */,
				B519096A1DEF129E00469B7C /* ImageTests.cpp */,
				B5B6EAF51DF0C3530010F148 /* SceneTests.cpp */,
			);
			name = Source;
			sourceTree = "<group>";
		};
		B5C7D21A1DAD81D2009E66A9 /* Supporting Files */ = {
			isa = PBXGroup;
			children = (
				B5C7D2101DAD746D009E66A9 /* Info.plist */,
			);
			name = "Supporting Files";
			sourceTree = "<group>";
		};
		B5C7D2221DAD8672009E66A9 /* googletest */ = {
			isa = PBXGroup;
			children = (
				B5C7D22E1DAD86D8009E66A9 /* include */,
				B5C7D2231DAD86CF009E66A9 /* src */,
			);
			name = googletest;
			sourceTree = "<group>";
		};
		B5C7D2231DAD86CF009E66A9 /* src */ = {
			isa = PBXGroup;
			children = (
				B5C7D2241DAD86CF009E66A9 /* gtest-all.cc */,
				B5C7D2251DAD86CF009E66A9 /* gtest-death-test.cc */,
				B5C7D2261DAD86CF009E66A9 /* gtest-filepath.cc */,
				B5C7D2271DAD86CF009E66A9 /* gtest-internal-inl.h */,
				B5C7D2281DAD86CF009E66A9 /* gtest-port.cc */,
				B5C7D2291DAD86CF009E66A9 /* gtest-printers.cc */,
				B5C7D22A1DAD86CF009E66A9 /* gtest-test-part.cc */,
				B5C7D22B1DAD86CF009E66A9 /* gtest-typed-test.cc */,
				B5C7D22C1DAD86CF009E66A9 /* gtest.cc */,
				B5C7D22D1DAD86CF009E66A9 /* gtest_main.cc */,
			);
			name = src;
			path = "External Frameworks/googletest-1.8.0/googletest/src";
			sourceTree = "<group>";
		};
		B5C7D22E1DAD86D8009E66A9 /* include */ = {
			isa = PBXGroup;
			children = (
				B5C7D22F1DAD86D8009E66A9 /* gtest */,
			);
			name = include;
			path = "External Frameworks/googletest-1.8.0/googletest/include";
			sourceTree = "<group>";
		};
		B5C7D22F1DAD86D8009E66A9 /* gtest */ = {
			isa = PBXGroup;
			children = (
				B5C7D2301DAD86D8009E66A9 /* gtest-death-test.h */,
				B5C7D2311DAD86D8009E66A9 /* gtest-message.h */,
				B5C7D2321DAD86D8009E66A9 /* gtest-param-test.h */,
				B5C7D2331DAD86D8009E66A9 /* gtest-param-test.h.pump */,
				B5C7D2341DAD86D8009E66A9 /* gtest-printers.h */,
				B5C7D2351DAD86D8009E66A9 /* gtest-spi.h */,
				B5C7D2361DAD86D8009E66A9 /* gtest-test-part.h */,
				B5C7D2371DAD86D8009E66A9 /* gtest-typed-test.h */,
				B5C7D2381DAD86D8009E66A9 /* gtest.h */,
				B5C7D2391DAD86D8009E66A9 /* gtest_pred_impl.h */,
				B5C7D23A1DAD86D8009E66A9 /* gtest_prod.h */,
				B5C7D23B1DAD86D8009E66A9 /* internal */,
			);
			path = gtest;
			sourceTree = "<group>";
		};
		B5C7D23B1DAD86D8009E66A9 /* internal */ = {
			isa = PBXGroup;
			children = (
				B5C7D23C1DAD86D8009E66A9 /* custom */,
				B5C7D2401DAD86D8009E66A9 /* gtest-death-test-internal.h */,
				B5C7D2411DAD86D8009E66A9 /* gtest-filepath.h */,
				B5C7D2421DAD86D8009E66A9 /* gtest-internal.h */,
				B5C7D2431DAD86D8009E66A9 /* gtest-linked_ptr.h */,
				B5C7D2441DAD86D8009E66A9 /* gtest-param-util-generated.h */,
				B5C7D2451DAD86D8009E66A9 /* gtest-param-util-generated.h.pump */,
				B5C7D2461DAD86D8009E66A9 /* gtest-param-util.h */,
				B5C7D2471DAD86D8009E66A9 /* gtest-port-arch.h */,
				B5C7D2481DAD86D8009E66A9 /* gtest-port.h */,
				B5C7D2491DAD86D8009E66A9 /* gtest-string.h */,
				B5C7D24A1DAD86D8009E66A9 /* gtest-tuple.h */,
				B5C7D24B1DAD86D8009E66A9 /* gtest-tuple.h.pump */,
				B5C7D24C1DAD86D8009E66A9 /* gtest-type-util.h */,
				B5C7D24D1DAD86D8009E66A9 /* gtest-type-util.h.pump */,
			);
			path = internal;
			sourceTree = "<group>";
		};
		B5C7D23C1DAD86D8009E66A9 /* custom */ = {
			isa = PBXGroup;
			children = (
				B5C7D23D1DAD86D8009E66A9 /* gtest-port.h */,
				B5C7D23E1DAD86D8009E66A9 /* gtest-printers.h */,
				B5C7D23F1DAD86D8009E66A9 /* gtest.h */,
			);
			path = custom;
			sourceTree = "<group>";
		};
		B5DA1A841DAF6AC100D948C9 /* Utils */ = {
			isa = PBXGroup;
			children = (
				B5DA1A851DAF6B0F00D948C9 /* Vector.h */,
				B5DA1A861DAF6B1E00D948C9 /* Vector.cpp */,
				B550B1D01DB25EB8006EAEFD /* Matrix.h */,
				B550B1CF1DB25EB8006EAEFD /* Matrix.cpp */,
				B53370FD1DB4C6A500275631 /* File.h */,
				B53370FC1DB4C6A500275631 /* File.cpp */,
				B57035FB1DCF4B4D00B46354 /* FileBuffer.h */,
				B57035FA1DCF4B4D00B46354 /* FileBuffer.cpp */,
				B54FCE7B1DCFB19000EDE7FA /* Types.h */,
			);
			name = Utils;
			sourceTree = "<group>";
		};
/* End PBXGroup section */

/* Begin PBXNativeTarget section */
		B5B1AB3B1DACCC5100066910 /* Bug Sprint */ = {
			isa = PBXNativeTarget;
			buildConfigurationList = B5B1AB4E1DACCC5100066910 /* Build configuration list for PBXNativeTarget "Bug Sprint" */;
			buildPhases = (
				B5B1AB381DACCC5100066910 /* Sources */,
				B5B1AB391DACCC5100066910 /* Frameworks */,
				B5B1AB3A1DACCC5100066910 /* Resources */,
			);
			buildRules = (
			);
			dependencies = (
			);
			name = "Bug Sprint";
			productName = "Bug Sprint";
			productReference = B5B1AB3C1DACCC5100066910 /* Bug Sprint.app */;
			productType = "com.apple.product-type.application";
		};
		B5C7D20B1DAD746D009E66A9 /* Unit Tests */ = {
			isa = PBXNativeTarget;
			buildConfigurationList = B5C7D2111DAD746D009E66A9 /* Build configuration list for PBXNativeTarget "Unit Tests" */;
			buildPhases = (
				B5C7D2081DAD746D009E66A9 /* Sources */,
				B5C7D2091DAD746D009E66A9 /* Frameworks */,
				B5C7D20A1DAD746D009E66A9 /* Resources */,
			);
			buildRules = (
			);
			dependencies = (
				B5880F9E1DB8D6CE0063AEDA /* PBXTargetDependency */,
			);
			name = "Unit Tests";
			productName = UnitTests;
			productReference = B5C7D20C1DAD746D009E66A9 /* Unit Tests.xctest */;
			productType = "com.apple.product-type.bundle.unit-test";
		};
/* End PBXNativeTarget section */

/* Begin PBXProject section */
		B5B1AB341DACCC5100066910 /* Project object */ = {
			isa = PBXProject;
			attributes = {
				LastSwiftUpdateCheck = 0800;
				LastUpgradeCheck = 0810;
				ORGANIZATIONNAME = UnalignedByte;
				TargetAttributes = {
					B5B1AB3B1DACCC5100066910 = {
						CreatedOnToolsVersion = 8.0;
						DevelopmentTeam = X7G47FFC9G;
						LastSwiftMigration = 0800;
						ProvisioningStyle = Automatic;
					};
					B5C7D20B1DAD746D009E66A9 = {
						CreatedOnToolsVersion = 8.0;
						ProvisioningStyle = Manual;
					};
				};
			};
			buildConfigurationList = B5B1AB371DACCC5100066910 /* Build configuration list for PBXProject "Bug Sprint" */;
			compatibilityVersion = "Xcode 3.2";
			developmentRegion = English;
			hasScannedForEncodings = 0;
			knownRegions = (
				en,
			);
			mainGroup = B5B1AB331DACCC5100066910;
			productRefGroup = B5B1AB3D1DACCC5100066910 /* Products */;
			projectDirPath = "";
			projectRoot = "";
			targets = (
				B5B1AB3B1DACCC5100066910 /* Bug Sprint */,
				B5C7D20B1DAD746D009E66A9 /* Unit Tests */,
			);
		};
/* End PBXProject section */

/* Begin PBXResourcesBuildPhase section */
		B5B1AB3A1DACCC5100066910 /* Resources */ = {
			isa = PBXResourcesBuildPhase;
			buildActionMask = 2147483647;
			files = (
				B5C3C21D1DCF544100202C37 /* Game in Resources */,
				B5C3C21F1DCF545E00202C37 /* Shaders in Resources */,
				B5B1AB561DACD1A800066910 /* Main.storyboard in Resources */,
				B5DF67E81DE64B5000DFE6AA /* Fonts in Resources */,
				B5B1AB541DACD19700066910 /* Launch Screen.storyboard in Resources */,
				B5B1AB471DACCC5100066910 /* Assets.xcassets in Resources */,
			);
			runOnlyForDeploymentPostprocessing = 0;
		};
		B5C7D20A1DAD746D009E66A9 /* Resources */ = {
			isa = PBXResourcesBuildPhase;
			buildActionMask = 2147483647;
			files = (
				B50C611D1DB52DE8005147FA /* broken_vertex.vsh in Resources */,
				B519096D1DEF12FE00469B7C /* mario.png in Resources */,
				B50C611B1DB52619005147FA /* test.txt in Resources */,
				B50C611F1DB52DF9005147FA /* broken_fragment.fsh in Resources */,
				B50C612C1DB54807005147FA /* box.obj in Resources */,
				B519096F1DEF19C500469B7C /* goose.jpg in Resources */,
				B50C61231DB5348F005147FA /* vertex.vsh in Resources */,
				B50C61221DB5348F005147FA /* fragment.fsh in Resources */,
			);
			runOnlyForDeploymentPostprocessing = 0;
		};
/* End PBXResourcesBuildPhase section */

/* Begin PBXSourcesBuildPhase section */
		B5B1AB381DACCC5100066910 /* Sources */ = {
			isa = PBXSourcesBuildPhase;
			buildActionMask = 2147483647;
			files = (
				B5FE78151DFC768500FDBE05 /* SkyboxRenderPass.cpp in Sources */,
				B5AE6F8C1E0070D9005BC925 /* CarScene.cpp in Sources */,
				B5C958111DDD26160012F607 /* ShadowRenderPass.cpp in Sources */,
				B56C8C2D1DD0F0E500C1138A /* Texture.cpp in Sources */,
				B5B587531E195E8E00FB994C /* Drawable2D.cpp in Sources */,
				B54474671DAED3250046A19E /* CoreAdapter.mm in Sources */,
				B53370FE1DB4C6A500275631 /* File.cpp in Sources */,
				B5B6EAFD1DF307080010F148 /* RenderPass.cpp in Sources */,
				B53370EF1DB4178300275631 /* Color.cpp in Sources */,
				B55A36481DF4B61900882669 /* Instance.cpp in Sources */,
				B57035FC1DCF4B4D00B46354 /* FileBuffer.cpp in Sources */,
				B50C61161DB51D0B005147FA /* SystemUtils.mm in Sources */,
				B50C61391DB818F3005147FA /* Camera.cpp in Sources */,
				B5A7DB931DE1C6EB003C1B7D /* Sprite.cpp in Sources */,
				B58779E41DAD8FC6007A6DBF /* Instance3D.cpp in Sources */,
				B5AE6F901E008064005BC925 /* Car.cpp in Sources */,
				B51D15AB1DBA2C2F0093E6AC /* Drawable.cpp in Sources */,
				B55A364B1DF4C21200882669 /* ShadedRenderPass.cpp in Sources */,
				B5B6EB051DF458CA0010F148 /* TestScene.cpp in Sources */,
				B5880FA91DB939840063AEDA /* Light.cpp in Sources */,
				B5B1AB421DACCC5100066910 /* MainViewController.swift in Sources */,
				B53370F61DB41C7B00275631 /* ShaderProgram.cpp in Sources */,
				B5125EAF1E001A7A00008022 /* RenderPass2D.cpp in Sources */,
				B5AD7ECF1DE845E400BD41CE /* Instance2D.cpp in Sources */,
				B5B6EAF91DF0C6C60010F148 /* Scene.cpp in Sources */,
				B5EC497C1DEB69DD00EE16D5 /* Button.cpp in Sources */,
				B50C61271DB538DB005147FA /* Model.cpp in Sources */,
				B56C8C301DD0F4FE00C1138A /* Image.cpp in Sources */,
				B54474641DAED2430046A19E /* Core.cpp in Sources */,
				B5B1AB401DACCC5100066910 /* AppDelegate.swift in Sources */,
				B5D362701E8B03F900071019 /* Bug.cpp in Sources */,
			);
			runOnlyForDeploymentPostprocessing = 0;
		};
		B5C7D2081DAD746D009E66A9 /* Sources */ = {
			isa = PBXSourcesBuildPhase;
			buildActionMask = 2147483647;
			files = (
				B5880FAA1DB939840063AEDA /* Light.cpp in Sources */,
				B5C7D2521DAD8723009E66A9 /* gtest-all.cc in Sources */,
				B51D15AD1DBA37B20093E6AC /* Instance3D.cpp in Sources */,
				B50C612A1DB547AD005147FA /* Model.cpp in Sources */,
				B5B6EAFE1DF307080010F148 /* RenderPass.cpp in Sources */,
				B51D15AE1DBA37B80093E6AC /* Camera.cpp in Sources */,
				B5B6EAF61DF0C3530010F148 /* SceneTests.cpp in Sources */,
				B51909621DEF0C2200469B7C /* Texture.cpp in Sources */,
				B53370F01DB4178300275631 /* Color.cpp in Sources */,
				B53370FB1DB4C60900275631 /* FileTests.cpp in Sources */,
				B53370F71DB41C7B00275631 /* ShaderProgram.cpp in Sources */,
				B5C7D2181DAD81B4009E66A9 /* GoogleTests.mm in Sources */,
				B53370EC1DB4170000275631 /* ColorTests.cpp in Sources */,
				B57035FE1DCF4E2A00B46354 /* FileBuffer.cpp in Sources */,
				B5A5FCE81E06E6C50032A9FF /* Instance3DTests.cpp in Sources */,
				B50C61171DB51D0B005147FA /* SystemUtils.mm in Sources */,
				B5DA1A891DAF726D00D948C9 /* VectorTests.cpp in Sources */,
				B53370F31DB41BA500275631 /* ShaderProgramTests.cpp in Sources */,
				B550B1CE1DB25E37006EAEFD /* MatrixTests.cpp in Sources */,
				B5A5FCE51E06C5E60032A9FF /* Instance.cpp in Sources */,
				B53370FF1DB4C6A500275631 /* File.cpp in Sources */,
				B51909631DEF0C3300469B7C /* Image.cpp in Sources */,
				B50C61291DB54794005147FA /* ModelTests.cpp in Sources */,
				B51D15AC1DBA2C2F0093E6AC /* Drawable.cpp in Sources */,
				B519096B1DEF129E00469B7C /* ImageTests.cpp in Sources */,
			);
			runOnlyForDeploymentPostprocessing = 0;
		};
/* End PBXSourcesBuildPhase section */

/* Begin PBXTargetDependency section */
		B5880F9E1DB8D6CE0063AEDA /* PBXTargetDependency */ = {
			isa = PBXTargetDependency;
			target = B5B1AB3B1DACCC5100066910 /* Bug Sprint */;
			targetProxy = B5880F9D1DB8D6CE0063AEDA /* PBXContainerItemProxy */;
		};
/* End PBXTargetDependency section */

/* Begin XCBuildConfiguration section */
		B5B1AB4C1DACCC5100066910 /* Debug */ = {
			isa = XCBuildConfiguration;
			buildSettings = {
				ALWAYS_SEARCH_USER_PATHS = NO;
				CLANG_ANALYZER_NONNULL = YES;
				CLANG_CXX_LANGUAGE_STANDARD = "gnu++0x";
				CLANG_CXX_LIBRARY = "libc++";
				CLANG_ENABLE_MODULES = YES;
				CLANG_ENABLE_OBJC_ARC = YES;
				CLANG_WARN_BOOL_CONVERSION = YES;
				CLANG_WARN_CONSTANT_CONVERSION = YES;
				CLANG_WARN_DIRECT_OBJC_ISA_USAGE = YES_ERROR;
				CLANG_WARN_DOCUMENTATION_COMMENTS = YES;
				CLANG_WARN_EMPTY_BODY = YES;
				CLANG_WARN_ENUM_CONVERSION = YES;
				CLANG_WARN_INFINITE_RECURSION = YES;
				CLANG_WARN_INT_CONVERSION = YES;
				CLANG_WARN_OBJC_ROOT_CLASS = YES_ERROR;
				CLANG_WARN_SUSPICIOUS_MOVE = YES;
				CLANG_WARN_SUSPICIOUS_MOVES = YES;
				CLANG_WARN_UNREACHABLE_CODE = YES;
				CLANG_WARN__DUPLICATE_METHOD_MATCH = YES;
				"CODE_SIGN_IDENTITY[sdk=iphoneos*]" = "iPhone Developer";
				COPY_PHASE_STRIP = NO;
				DEBUG_INFORMATION_FORMAT = dwarf;
				ENABLE_STRICT_OBJC_MSGSEND = YES;
				ENABLE_TESTABILITY = YES;
				GCC_C_LANGUAGE_STANDARD = gnu99;
				GCC_DYNAMIC_NO_PIC = NO;
				GCC_NO_COMMON_BLOCKS = YES;
				GCC_OPTIMIZATION_LEVEL = 0;
				GCC_PREPROCESSOR_DEFINITIONS = (
					"DEBUG=1",
					"$(inherited)",
				);
				GCC_WARN_64_TO_32_BIT_CONVERSION = YES;
				GCC_WARN_ABOUT_RETURN_TYPE = YES_ERROR;
				GCC_WARN_UNDECLARED_SELECTOR = YES;
				GCC_WARN_UNINITIALIZED_AUTOS = YES_AGGRESSIVE;
				GCC_WARN_UNUSED_FUNCTION = YES;
				GCC_WARN_UNUSED_VARIABLE = YES;
				IPHONEOS_DEPLOYMENT_TARGET = 10.0;
				MTL_ENABLE_DEBUG_INFO = YES;
				ONLY_ACTIVE_ARCH = YES;
				SDKROOT = iphoneos;
				SWIFT_ACTIVE_COMPILATION_CONDITIONS = DEBUG;
				SWIFT_OPTIMIZATION_LEVEL = "-Onone";
			};
			name = Debug;
		};
		B5B1AB4D1DACCC5100066910 /* Release */ = {
			isa = XCBuildConfiguration;
			buildSettings = {
				ALWAYS_SEARCH_USER_PATHS = NO;
				CLANG_ANALYZER_NONNULL = YES;
				CLANG_CXX_LANGUAGE_STANDARD = "gnu++0x";
				CLANG_CXX_LIBRARY = "libc++";
				CLANG_ENABLE_MODULES = YES;
				CLANG_ENABLE_OBJC_ARC = YES;
				CLANG_WARN_BOOL_CONVERSION = YES;
				CLANG_WARN_CONSTANT_CONVERSION = YES;
				CLANG_WARN_DIRECT_OBJC_ISA_USAGE = YES_ERROR;
				CLANG_WARN_DOCUMENTATION_COMMENTS = YES;
				CLANG_WARN_EMPTY_BODY = YES;
				CLANG_WARN_ENUM_CONVERSION = YES;
				CLANG_WARN_INFINITE_RECURSION = YES;
				CLANG_WARN_INT_CONVERSION = YES;
				CLANG_WARN_OBJC_ROOT_CLASS = YES_ERROR;
				CLANG_WARN_SUSPICIOUS_MOVE = YES;
				CLANG_WARN_SUSPICIOUS_MOVES = YES;
				CLANG_WARN_UNREACHABLE_CODE = YES;
				CLANG_WARN__DUPLICATE_METHOD_MATCH = YES;
				"CODE_SIGN_IDENTITY[sdk=iphoneos*]" = "iPhone Developer";
				COPY_PHASE_STRIP = NO;
				DEBUG_INFORMATION_FORMAT = "dwarf-with-dsym";
				ENABLE_NS_ASSERTIONS = NO;
				ENABLE_STRICT_OBJC_MSGSEND = YES;
				GCC_C_LANGUAGE_STANDARD = gnu99;
				GCC_NO_COMMON_BLOCKS = YES;
				GCC_WARN_64_TO_32_BIT_CONVERSION = YES;
				GCC_WARN_ABOUT_RETURN_TYPE = YES_ERROR;
				GCC_WARN_UNDECLARED_SELECTOR = YES;
				GCC_WARN_UNINITIALIZED_AUTOS = YES_AGGRESSIVE;
				GCC_WARN_UNUSED_FUNCTION = YES;
				GCC_WARN_UNUSED_VARIABLE = YES;
				IPHONEOS_DEPLOYMENT_TARGET = 10.0;
				MTL_ENABLE_DEBUG_INFO = NO;
				SDKROOT = iphoneos;
				SWIFT_OPTIMIZATION_LEVEL = "-Owholemodule";
				VALIDATE_PRODUCT = YES;
			};
			name = Release;
		};
		B5B1AB4F1DACCC5100066910 /* Debug */ = {
			isa = XCBuildConfiguration;
			buildSettings = {
				ASSETCATALOG_COMPILER_APPICON_NAME = AppIcon;
				CLANG_CXX_LANGUAGE_STANDARD = "c++14";
				CLANG_CXX_LIBRARY = "libc++";
				CLANG_ENABLE_MODULES = YES;
				CODE_SIGN_IDENTITY = "iPhone Developer: Rafal Grodzinski (X2VAV67362)";
				"CODE_SIGN_IDENTITY[sdk=iphoneos*]" = "iPhone Developer";
				DEVELOPMENT_TEAM = "";
				INFOPLIST_FILE = "$(SRCROOT)/Bug Sprint/Supporting Files/Info.plist";
				LD_RUNPATH_SEARCH_PATHS = "$(inherited) @executable_path/Frameworks";
				PRODUCT_BUNDLE_IDENTIFIER = com.unalignedbyte.bugsprint;
				PRODUCT_NAME = "$(TARGET_NAME)";
				PROVISIONING_PROFILE = "";
				PROVISIONING_PROFILE_SPECIFIER = "";
				SWIFT_OBJC_BRIDGING_HEADER = "$(SRCROOT)/Bug Sprint/Source/iOS Layer/Bridging-Header.h";
				SWIFT_OPTIMIZATION_LEVEL = "-Onone";
				SWIFT_VERSION = 3.0;
			};
			name = Debug;
		};
		B5B1AB501DACCC5100066910 /* Release */ = {
			isa = XCBuildConfiguration;
			buildSettings = {
				ASSETCATALOG_COMPILER_APPICON_NAME = AppIcon;
				CLANG_CXX_LANGUAGE_STANDARD = "c++14";
				CLANG_CXX_LIBRARY = "libc++";
				CLANG_ENABLE_MODULES = YES;
				CODE_SIGN_IDENTITY = "";
				"CODE_SIGN_IDENTITY[sdk=iphoneos*]" = "iPhone Developer";
				DEVELOPMENT_TEAM = "";
				INFOPLIST_FILE = "$(SRCROOT)/Bug Sprint/Supporting Files/Info.plist";
				LD_RUNPATH_SEARCH_PATHS = "$(inherited) @executable_path/Frameworks";
				PRODUCT_BUNDLE_IDENTIFIER = com.unalignedbyte.bugsprint;
				PRODUCT_NAME = "$(TARGET_NAME)";
				PROVISIONING_PROFILE = "";
				PROVISIONING_PROFILE_SPECIFIER = "";
				SWIFT_OBJC_BRIDGING_HEADER = "$(SRCROOT)/Bug Sprint/Source/iOS Layer/Bridging-Header.h";
				SWIFT_VERSION = 3.0;
			};
			name = Release;
		};
		B5C7D2121DAD746D009E66A9 /* Debug */ = {
			isa = XCBuildConfiguration;
			buildSettings = {
				ALWAYS_EMBED_SWIFT_STANDARD_LIBRARIES = YES;
				DEVELOPMENT_TEAM = "";
				FRAMEWORK_SEARCH_PATHS = "";
				HEADER_SEARCH_PATHS = "$(SRCROOT)/External\\ Frameworks/googletest-1.8.0/**";
				INFOPLIST_FILE = "$(SRCROOT)/Bug Sprint/Unit Tests/Supporting Files/Info.plist";
				LD_RUNPATH_SEARCH_PATHS = "$(inherited) @executable_path/Frameworks @loader_path/Frameworks";
				PRODUCT_BUNDLE_IDENTIFIER = com.unalignedbyte.UnitTests;
				PRODUCT_NAME = "$(TARGET_NAME)";
			};
			name = Debug;
		};
		B5C7D2131DAD746D009E66A9 /* Release */ = {
			isa = XCBuildConfiguration;
			buildSettings = {
				ALWAYS_EMBED_SWIFT_STANDARD_LIBRARIES = YES;
				DEVELOPMENT_TEAM = "";
				FRAMEWORK_SEARCH_PATHS = "";
				HEADER_SEARCH_PATHS = "$(SRCROOT)/External\\ Frameworks/googletest-1.8.0/**";
				INFOPLIST_FILE = "$(SRCROOT)/Bug Sprint/Unit Tests/Supporting Files/Info.plist";
				LD_RUNPATH_SEARCH_PATHS = "$(inherited) @executable_path/Frameworks @loader_path/Frameworks";
				PRODUCT_BUNDLE_IDENTIFIER = com.unalignedbyte.UnitTests;
				PRODUCT_NAME = "$(TARGET_NAME)";
			};
			name = Release;
		};
/* End XCBuildConfiguration section */

/* Begin XCConfigurationList section */
		B5B1AB371DACCC5100066910 /* Build configuration list for PBXProject "Bug Sprint" */ = {
			isa = XCConfigurationList;
			buildConfigurations = (
				B5B1AB4C1DACCC5100066910 /* Debug */,
				B5B1AB4D1DACCC5100066910 /* Release */,
			);
			defaultConfigurationIsVisible = 0;
			defaultConfigurationName = Release;
		};
		B5B1AB4E1DACCC5100066910 /* Build configuration list for PBXNativeTarget "Bug Sprint" */ = {
			isa = XCConfigurationList;
			buildConfigurations = (
				B5B1AB4F1DACCC5100066910 /* Debug */,
				B5B1AB501DACCC5100066910 /* Release */,
			);
			defaultConfigurationIsVisible = 0;
			defaultConfigurationName = Release;
		};
		B5C7D2111DAD746D009E66A9 /* Build configuration list for PBXNativeTarget "Unit Tests" */ = {
			isa = XCConfigurationList;
			buildConfigurations = (
				B5C7D2121DAD746D009E66A9 /* Debug */,
				B5C7D2131DAD746D009E66A9 /* Release */,
			);
			defaultConfigurationIsVisible = 0;
			defaultConfigurationName = Release;
		};
/* End XCConfigurationList section */
	};
	rootObject = B5B1AB341DACCC5100066910 /* Project object */;
}
