// !$*UTF8*$!
{
	archiveVersion = 1;
	classes = {
	};
	objectVersion = 46;
	objects = {

/* Begin PBXBuildFile section */
		B5B1AB401DACCC5100066910 /* AppDelegate.swift in Sources */ = {isa = PBXBuildFile; fileRef = B5B1AB3F1DACCC5100066910 /* AppDelegate.swift */; };
		B5B1AB421DACCC5100066910 /* ViewController.swift in Sources */ = {isa = PBXBuildFile; fileRef = B5B1AB411DACCC5100066910 /* ViewController.swift */; };
		B5B1AB471DACCC5100066910 /* Assets.xcassets in Resources */ = {isa = PBXBuildFile; fileRef = B5B1AB461DACCC5100066910 /* Assets.xcassets */; };
		B5B1AB541DACD19700066910 /* Launch Screen.storyboard in Resources */ = {isa = PBXBuildFile; fileRef = B5B1AB531DACD19700066910 /* Launch Screen.storyboard */; };
		B5B1AB561DACD1A800066910 /* Main.storyboard in Resources */ = {isa = PBXBuildFile; fileRef = B5B1AB551DACD1A800066910 /* Main.storyboard */; };
/* End PBXBuildFile section */

/* Begin PBXFileReference section */
		B5B1AB3C1DACCC5100066910 /* Bug Sprint.app */ = {isa = PBXFileReference; explicitFileType = wrapper.application; includeInIndex = 0; path = "Bug Sprint.app"; sourceTree = BUILT_PRODUCTS_DIR; };
		B5B1AB3F1DACCC5100066910 /* AppDelegate.swift */ = {isa = PBXFileReference; lastKnownFileType = sourcecode.swift; name = AppDelegate.swift; path = Source/AppDelegate.swift; sourceTree = "<group>"; };
		B5B1AB411DACCC5100066910 /* ViewController.swift */ = {isa = PBXFileReference; lastKnownFileType = sourcecode.swift; name = ViewController.swift; path = Source/ViewController.swift; sourceTree = "<group>"; };
		B5B1AB461DACCC5100066910 /* Assets.xcassets */ = {isa = PBXFileReference; lastKnownFileType = folder.assetcatalog; name = Assets.xcassets; path = "Bug Sprint/Assets/Assets.xcassets"; sourceTree = "<group>"; };
		B5B1AB4B1DACCC5100066910 /* Info.plist */ = {isa = PBXFileReference; lastKnownFileType = text.plist.xml; name = Info.plist; path = "Bug Sprint/Supporting Files/Info.plist"; sourceTree = "<group>"; };
		B5B1AB531DACD19700066910 /* Launch Screen.storyboard */ = {isa = PBXFileReference; fileEncoding = 4; lastKnownFileType = file.storyboard; name = "Launch Screen.storyboard"; path = "Bug Sprint/Assets/Launch Screen.storyboard"; sourceTree = "<group>"; };
		B5B1AB551DACD1A800066910 /* Main.storyboard */ = {isa = PBXFileReference; fileEncoding = 4; lastKnownFileType = file.storyboard; name = Main.storyboard; path = "Bug Sprint/Assets/Main.storyboard"; sourceTree = "<group>"; };
/* End PBXFileReference section */

/* Begin PBXFrameworksBuildPhase section */
		B5B1AB391DACCC5100066910 /* Frameworks */ = {
			isa = PBXFrameworksBuildPhase;
			buildActionMask = 2147483647;
			files = (
			);
			runOnlyForDeploymentPostprocessing = 0;
		};
/* End PBXFrameworksBuildPhase section */

/* Begin PBXGroup section */
		B5B1AB331DACCC5100066910 = {
			isa = PBXGroup;
			children = (
				B5B1AB3E1DACCC5100066910 /* Source */,
				B5B1AB521DACCCC300066910 /* Assets */,
				B5B1AB511DACCCB600066910 /* Supporting Files */,
				B5B1AB3D1DACCC5100066910 /* Products */,
			);
			sourceTree = "<group>";
		};
		B5B1AB3D1DACCC5100066910 /* Products */ = {
			isa = PBXGroup;
			children = (
				B5B1AB3C1DACCC5100066910 /* Bug Sprint.app */,
			);
			name = Products;
			sourceTree = "<group>";
		};
		B5B1AB3E1DACCC5100066910 /* Source */ = {
			isa = PBXGroup;
			children = (
				B5B1AB3F1DACCC5100066910 /* AppDelegate.swift */,
				B5B1AB411DACCC5100066910 /* ViewController.swift */,
			);
			name = Source;
			path = "Bug Sprint";
			sourceTree = "<group>";
		};
		B5B1AB511DACCCB600066910 /* Supporting Files */ = {
			isa = PBXGroup;
			children = (
				B5B1AB4B1DACCC5100066910 /* Info.plist */,
			);
			name = "Supporting Files";
			sourceTree = "<group>";
		};
		B5B1AB521DACCCC300066910 /* Assets */ = {
			isa = PBXGroup;
			children = (
				B5B1AB461DACCC5100066910 /* Assets.xcassets */,
				B5B1AB531DACD19700066910 /* Launch Screen.storyboard */,
				B5B1AB551DACD1A800066910 /* Main.storyboard */,
			);
			name = Assets;
			sourceTree = "<group>";
		};
/* End PBXGroup section */

/* Begin PBXNativeTarget section */
		B5B1AB3B1DACCC5100066910 /* Bug Sprint */ = {
			isa = PBXNativeTarget;
			buildConfigurationList = B5B1AB4E1DACCC5100066910 /* Build configuration list for PBXNativeTarget "Bug Sprint" */;
			buildPhases = (
				B5B1AB381DACCC5100066910 /* Sources */,
				B5B1AB391DACCC5100066910 /* Frameworks */,
				B5B1AB3A1DACCC5100066910 /* Resources */,
			);
			buildRules = (
			);
			dependencies = (
			);
			name = "Bug Sprint";
			productName = "Bug Sprint";
			productReference = B5B1AB3C1DACCC5100066910 /* Bug Sprint.app */;
			productType = "com.apple.product-type.application";
		};
/* End PBXNativeTarget section */

/* Begin PBXProject section */
		B5B1AB341DACCC5100066910 /* Project object */ = {
			isa = PBXProject;
			attributes = {
				LastSwiftUpdateCheck = 0800;
				LastUpgradeCheck = 0800;
				ORGANIZATIONNAME = UnalignedByte;
				TargetAttributes = {
					B5B1AB3B1DACCC5100066910 = {
						CreatedOnToolsVersion = 8.0;
						DevelopmentTeam = X7G47FFC9G;
						ProvisioningStyle = Manual;
					};
				};
			};
			buildConfigurationList = B5B1AB371DACCC5100066910 /* Build configuration list for PBXProject "Bug Sprint" */;
			compatibilityVersion = "Xcode 3.2";
			developmentRegion = English;
			hasScannedForEncodings = 0;
			knownRegions = (
			);
			mainGroup = B5B1AB331DACCC5100066910;
			productRefGroup = B5B1AB3D1DACCC5100066910 /* Products */;
			projectDirPath = "";
			projectRoot = "";
			targets = (
				B5B1AB3B1DACCC5100066910 /* Bug Sprint */,
			);
		};
/* End PBXProject section */

/* Begin PBXResourcesBuildPhase section */
		B5B1AB3A1DACCC5100066910 /* Resources */ = {
			isa = PBXResourcesBuildPhase;
			buildActionMask = 2147483647;
			files = (
				B5B1AB561DACD1A800066910 /* Main.storyboard in Resources */,
				B5B1AB541DACD19700066910 /* Launch Screen.storyboard in Resources */,
				B5B1AB471DACCC5100066910 /* Assets.xcassets in Resources */,
			);
			runOnlyForDeploymentPostprocessing = 0;
		};
/* End PBXResourcesBuildPhase section */

/* Begin PBXSourcesBuildPhase section */
		B5B1AB381DACCC5100066910 /* Sources */ = {
			isa = PBXSourcesBuildPhase;
			buildActionMask = 2147483647;
			files = (
				B5B1AB421DACCC5100066910 /* ViewController.swift in Sources */,
				B5B1AB401DACCC5100066910 /* AppDelegate.swift in Sources */,
			);
			runOnlyForDeploymentPostprocessing = 0;
		};
/* End PBXSourcesBuildPhase section */

/* Begin XCBuildConfiguration section */
		B5B1AB4C1DACCC5100066910 /* Debug */ = {
			isa = XCBuildConfiguration;
			buildSettings = {
				ALWAYS_SEARCH_USER_PATHS = NO;
				CLANG_ANALYZER_NONNULL = YES;
				CLANG_CXX_LANGUAGE_STANDARD = "gnu++0x";
				CLANG_CXX_LIBRARY = "libc++";
				CLANG_ENABLE_MODULES = YES;
				CLANG_ENABLE_OBJC_ARC = YES;
				CLANG_WARN_BOOL_CONVERSION = YES;
				CLANG_WARN_CONSTANT_CONVERSION = YES;
				CLANG_WARN_DIRECT_OBJC_ISA_USAGE = YES_ERROR;
				CLANG_WARN_DOCUMENTATION_COMMENTS = YES;
				CLANG_WARN_EMPTY_BODY = YES;
				CLANG_WARN_ENUM_CONVERSION = YES;
				CLANG_WARN_INFINITE_RECURSION = YES;
				CLANG_WARN_INT_CONVERSION = YES;
				CLANG_WARN_OBJC_ROOT_CLASS = YES_ERROR;
				CLANG_WARN_SUSPICIOUS_MOVES = YES;
				CLANG_WARN_UNREACHABLE_CODE = YES;
				CLANG_WARN__DUPLICATE_METHOD_MATCH = YES;
				"CODE_SIGN_IDENTITY[sdk=iphoneos*]" = "iPhone Developer";
				COPY_PHASE_STRIP = NO;
				DEBUG_INFORMATION_FORMAT = dwarf;
				ENABLE_STRICT_OBJC_MSGSEND = YES;
				ENABLE_TESTABILITY = YES;
				GCC_C_LANGUAGE_STANDARD = gnu99;
				GCC_DYNAMIC_NO_PIC = NO;
				GCC_NO_COMMON_BLOCKS = YES;
				GCC_OPTIMIZATION_LEVEL = 0;
				GCC_PREPROCESSOR_DEFINITIONS = (
					"DEBUG=1",
					"$(inherited)",
				);
				GCC_WARN_64_TO_32_BIT_CONVERSION = YES;
				GCC_WARN_ABOUT_RETURN_TYPE = YES_ERROR;
				GCC_WARN_UNDECLARED_SELECTOR = YES;
				GCC_WARN_UNINITIALIZED_AUTOS = YES_AGGRESSIVE;
				GCC_WARN_UNUSED_FUNCTION = YES;
				GCC_WARN_UNUSED_VARIABLE = YES;
				IPHONEOS_DEPLOYMENT_TARGET = 10.0;
				MTL_ENABLE_DEBUG_INFO = YES;
				ONLY_ACTIVE_ARCH = YES;
				SDKROOT = iphoneos;
				SWIFT_ACTIVE_COMPILATION_CONDITIONS = DEBUG;
				SWIFT_OPTIMIZATION_LEVEL = "-Onone";
			};
			name = Debug;
		};
		B5B1AB4D1DACCC5100066910 /* Release */ = {
			isa = XCBuildConfiguration;
			buildSettings = {
				ALWAYS_SEARCH_USER_PATHS = NO;
				CLANG_ANALYZER_NONNULL = YES;
				CLANG_CXX_LANGUAGE_STANDARD = "gnu++0x";
				CLANG_CXX_LIBRARY = "libc++";
				CLANG_ENABLE_MODULES = YES;
				CLANG_ENABLE_OBJC_ARC = YES;
				CLANG_WARN_BOOL_CONVERSION = YES;
				CLANG_WARN_CONSTANT_CONVERSION = YES;
				CLANG_WARN_DIRECT_OBJC_ISA_USAGE = YES_ERROR;
				CLANG_WARN_DOCUMENTATION_COMMENTS = YES;
				CLANG_WARN_EMPTY_BODY = YES;
				CLANG_WARN_ENUM_CONVERSION = YES;
				CLANG_WARN_INFINITE_RECURSION = YES;
				CLANG_WARN_INT_CONVERSION = YES;
				CLANG_WARN_OBJC_ROOT_CLASS = YES_ERROR;
				CLANG_WARN_SUSPICIOUS_MOVES = YES;
				CLANG_WARN_UNREACHABLE_CODE = YES;
				CLANG_WARN__DUPLICATE_METHOD_MATCH = YES;
				"CODE_SIGN_IDENTITY[sdk=iphoneos*]" = "iPhone Developer";
				COPY_PHASE_STRIP = NO;
				DEBUG_INFORMATION_FORMAT = "dwarf-with-dsym";
				ENABLE_NS_ASSERTIONS = NO;
				ENABLE_STRICT_OBJC_MSGSEND = YES;
				GCC_C_LANGUAGE_STANDARD = gnu99;
				GCC_NO_COMMON_BLOCKS = YES;
				GCC_WARN_64_TO_32_BIT_CONVERSION = YES;
				GCC_WARN_ABOUT_RETURN_TYPE = YES_ERROR;
				GCC_WARN_UNDECLARED_SELECTOR = YES;
				GCC_WARN_UNINITIALIZED_AUTOS = YES_AGGRESSIVE;
				GCC_WARN_UNUSED_FUNCTION = YES;
				GCC_WARN_UNUSED_VARIABLE = YES;
				IPHONEOS_DEPLOYMENT_TARGET = 10.0;
				MTL_ENABLE_DEBUG_INFO = NO;
				SDKROOT = iphoneos;
				SWIFT_OPTIMIZATION_LEVEL = "-Owholemodule";
				VALIDATE_PRODUCT = YES;
			};
			name = Release;
		};
		B5B1AB4F1DACCC5100066910 /* Debug */ = {
			isa = XCBuildConfiguration;
			buildSettings = {
				ASSETCATALOG_COMPILER_APPICON_NAME = AppIcon;
				CODE_SIGN_IDENTITY = "iPhone Developer: Rafal Grodzinski (26CJHPNYQM)";
				"CODE_SIGN_IDENTITY[sdk=iphoneos*]" = "iPhone Developer";
				DEVELOPMENT_TEAM = X7G47FFC9G;
				INFOPLIST_FILE = "$(SRCROOT)/Bug Sprint/Supporting Files/Info.plist";
				LD_RUNPATH_SEARCH_PATHS = "$(inherited) @executable_path/Frameworks";
				PRODUCT_BUNDLE_IDENTIFIER = "com.unalignedbyte.Bug-Sprint";
				PRODUCT_NAME = "$(TARGET_NAME)";
				PROVISIONING_PROFILE = "7a4d0075-15db-4009-b18d-7a0667d337f5";
				PROVISIONING_PROFILE_SPECIFIER = "Any iOS App Development";
				SWIFT_VERSION = 3.0;
			};
			name = Debug;
		};
		B5B1AB501DACCC5100066910 /* Release */ = {
			isa = XCBuildConfiguration;
			buildSettings = {
				ASSETCATALOG_COMPILER_APPICON_NAME = AppIcon;
				CODE_SIGN_IDENTITY = "";
				"CODE_SIGN_IDENTITY[sdk=iphoneos*]" = "iPhone Developer";
				DEVELOPMENT_TEAM = "";
				INFOPLIST_FILE = "$(SRCROOT)/Bug Sprint/Supporting Files/Info.plist";
				LD_RUNPATH_SEARCH_PATHS = "$(inherited) @executable_path/Frameworks";
				PRODUCT_BUNDLE_IDENTIFIER = "com.unalignedbyte.Bug-Sprint";
				PRODUCT_NAME = "$(TARGET_NAME)";
				PROVISIONING_PROFILE = "";
				PROVISIONING_PROFILE_SPECIFIER = "";
				SWIFT_VERSION = 3.0;
			};
			name = Release;
		};
/* End XCBuildConfiguration section */

/* Begin XCConfigurationList section */
		B5B1AB371DACCC5100066910 /* Build configuration list for PBXProject "Bug Sprint" */ = {
			isa = XCConfigurationList;
			buildConfigurations = (
				B5B1AB4C1DACCC5100066910 /* Debug */,
				B5B1AB4D1DACCC5100066910 /* Release */,
			);
			defaultConfigurationIsVisible = 0;
			defaultConfigurationName = Release;
		};
		B5B1AB4E1DACCC5100066910 /* Build configuration list for PBXNativeTarget "Bug Sprint" */ = {
			isa = XCConfigurationList;
			buildConfigurations = (
				B5B1AB4F1DACCC5100066910 /* Debug */,
				B5B1AB501DACCC5100066910 /* Release */,
			);
			defaultConfigurationIsVisible = 0;
		};
/* End XCConfigurationList section */
	};
	rootObject = B5B1AB341DACCC5100066910 /* Project object */;
}
